<?xml version="1.0" encoding="utf-8"?>
<Project ToolsVersion="4.0" xmlns="http://schemas.microsoft.com/developer/msbuild/2003">
  <ItemGroup>
    <Filter Include="Source Files">
      <UniqueIdentifier>{334fb1aa-9e29-478c-8eee-56c9a1ec77b7}</UniqueIdentifier>
      <Extensions>cpp;c;cxx;rc;def;r;odl;hpj;bat;for;f90</Extensions>
    </Filter>
    <Filter Include="Header Files">
      <UniqueIdentifier>{c03f50b3-df36-4e90-a1dc-b7e5efcf7202}</UniqueIdentifier>
      <Extensions>h;hpp;hxx;hm;inl;fi;fd</Extensions>
    </Filter>
  </ItemGroup>
  <ItemGroup>
    <ClCompile Include="mfcs_point.cpp">
      <Filter>Source Files</Filter>
    </ClCompile>
    <ClCompile Include="mfcs_rect.cpp">
      <Filter>Source Files</Filter>
    </ClCompile>
    <ClCompile Include="mfcs_string.cpp">
      <Filter>Source Files</Filter>
    </ClCompile>
  </ItemGroup>
  <ItemGroup>
    <ClInclude Include="mfcs_misc.h">
      <Filter>Header Files</Filter>
    </ClInclude>
    <ClInclude Include="mfcs_point.h">
      <Filter>Header Files</Filter>
    </ClInclude>
    <ClInclude Include="mfcs_rect.h">
      <Filter>Header Files</Filter>
    </ClInclude>
    <ClInclude Include="mfcs_string.h">
      <Filter>Header Files</Filter>
    </ClInclude>
    <ClInclude Include="mfcs_types.h">
      <Filter>Header Files</Filter>
    </ClInclude>
    <ClInclude Include="mfcstub.h">
      <Filter>Header Files</Filter>
    </ClInclude>
    <ClInclude Include="Stdafx.h">
      <Filter>Header Files</Filter>
    </ClInclude>
  </ItemGroup>
</Project>