<?xml version="1.0" encoding="utf-8"?>
<Project ToolsVersion="4.0" xmlns="http://schemas.microsoft.com/developer/msbuild/2003">
  <ItemGroup>
    <Filter Include="Source Files">
      <UniqueIdentifier>{d9acce2f-c378-4860-914f-07ac24d01bfc}</UniqueIdentifier>
      <Extensions>cpp;c;cxx;rc;def;r;odl;idl;hpj;bat</Extensions>
    </Filter>
    <Filter Include="Header Files">
      <UniqueIdentifier>{a273e4ee-ad82-42e5-80ab-b6da79766661}</UniqueIdentifier>
      <Extensions>h;hpp;hxx;hm;inl</Extensions>
    </Filter>
  </ItemGroup>
  <ItemGroup>
    <ClCompile Include="cuibase.cpp">
      <Filter>Source Files</Filter>
    </ClCompile>
    <ClCompile Include="cuibase_impl.cpp">
      <Filter>Source Files</Filter>
    </ClCompile>
    <ClCompile Include="cuibitmapfont.cpp">
      <Filter>Source Files</Filter>
    </ClCompile>
    <ClCompile Include="cuibutton.cpp">
      <Filter>Source Files</Filter>
    </ClCompile>
    <ClCompile Include="cuibutton_impl.cpp">
      <Filter>Source Files</Filter>
    </ClCompile>
    <ClCompile Include="cuicheck.cpp">
      <Filter>Source Files</Filter>
    </ClCompile>
    <ClCompile Include="cuicheck_impl.cpp">
      <Filter>Source Files</Filter>
    </ClCompile>
    <ClCompile Include="sys\d3d\cuidebug.cpp">
      <Filter>Source Files</Filter>
    </ClCompile>
    <ClCompile Include="cuidropdownlist.cpp">
      <Filter>Source Files</Filter>
    </ClCompile>
    <ClCompile Include="cuidropdownlist_impl.cpp">
      <Filter>Source Files</Filter>
    </ClCompile>
    <ClCompile Include="cuifont_impl.cpp">
      <Filter>Source Files</Filter>
    </ClCompile>
    <ClCompile Include="cuifontmanager.cpp">
      <Filter>Source Files</Filter>
    </ClCompile>
    <ClCompile Include="cuiformattedpolystring.cpp">
      <Filter>Source Files</Filter>
    </ClCompile>
    <ClCompile Include="cuiformattedpolystring_impl.cpp">
      <Filter>Source Files</Filter>
    </ClCompile>
    <ClCompile Include="cuiinterval.cpp">
      <Filter>Source Files</Filter>
    </ClCompile>
    <ClCompile Include="cuiinterval_impl.cpp">
      <Filter>Source Files</Filter>
    </ClCompile>
    <ClCompile Include="cuilinklist.cpp">
      <Filter>Source Files</Filter>
    </ClCompile>
    <ClCompile Include="cuilist.cpp">
      <Filter>Source Files</Filter>
    </ClCompile>
    <ClCompile Include="cuilist_impl.cpp">
      <Filter>Source Files</Filter>
    </ClCompile>
    <ClCompile Include="cuimessagequeue.cpp">
      <Filter>Source Files</Filter>
    </ClCompile>
    <ClCompile Include="cuioption.cpp">
      <Filter>Source Files</Filter>
    </ClCompile>
    <ClCompile Include="cuioption_impl.cpp">
      <Filter>Source Files</Filter>
    </ClCompile>
    <ClCompile Include="cuipolystring.cpp">
      <Filter>Source Files</Filter>
    </ClCompile>
    <ClCompile Include="cuipolystring_impl.cpp">
      <Filter>Source Files</Filter>
    </ClCompile>
    <ClCompile Include="cuipolytex.cpp">
      <Filter>Source Files</Filter>
    </ClCompile>
    <ClCompile Include="cuiprogress.cpp">
      <Filter>Source Files</Filter>
    </ClCompile>
    <ClCompile Include="cuiprogress_impl.cpp">
      <Filter>Source Files</Filter>
    </ClCompile>
    <ClCompile Include="cuiredblack.cpp">
      <Filter>Source Files</Filter>
    </ClCompile>
    <ClCompile Include="cuirenderstate.cpp">
      <Filter>Source Files</Filter>
    </ClCompile>
    <ClCompile Include="cuislider.cpp">
      <Filter>Source Files</Filter>
    </ClCompile>
    <ClCompile Include="cuislider_impl.cpp">
      <Filter>Source Files</Filter>
    </ClCompile>
    <ClCompile Include="cuistaticimage.cpp">
      <Filter>Source Files</Filter>
    </ClCompile>
    <ClCompile Include="cuistaticimage_impl.cpp">
      <Filter>Source Files</Filter>
    </ClCompile>
    <ClCompile Include="cuistatictext.cpp">
      <Filter>Source Files</Filter>
    </ClCompile>
    <ClCompile Include="cuistatictext_impl.cpp">
      <Filter>Source Files</Filter>
    </ClCompile>
    <ClCompile Include="cuivectorfont.cpp">
      <Filter>Source Files</Filter>
    </ClCompile>
    <ClCompile Include="cuiwidget.cpp">
      <Filter>Source Files</Filter>
    </ClCompile>
    <ClCompile Include="cuiwidget_impl.cpp">
      <Filter>Source Files</Filter>
    </ClCompile>
    <ClCompile Include="cuiwidgetmanager.cpp">
      <Filter>Source Files</Filter>
    </ClCompile>
    <ClCompile Include="cuiwindow.cpp">
      <Filter>Source Files</Filter>
    </ClCompile>
    <ClCompile Include="cuiwindow_impl.cpp">
      <Filter>Source Files</Filter>
    </ClCompile>
  </ItemGroup>
  <ItemGroup>
    <ClInclude Include="..\..\..\sdk\inc\cui.h">
      <Filter>Header Files</Filter>
    </ClInclude>
    <ClInclude Include="..\..\..\sdk\inc\cuibase.h">
      <Filter>Header Files</Filter>
    </ClInclude>
    <ClInclude Include="cuibase_impl.h">
      <Filter>Header Files</Filter>
    </ClInclude>
    <ClInclude Include="cuibitmapfont.h">
      <Filter>Header Files</Filter>
    </ClInclude>
    <ClInclude Include="..\..\..\sdk\inc\cuibutton.h">
      <Filter>Header Files</Filter>
    </ClInclude>
    <ClInclude Include="cuibutton_impl.h">
      <Filter>Header Files</Filter>
    </ClInclude>
    <ClInclude Include="..\..\..\sdk\inc\cuicheck.h">
      <Filter>Header Files</Filter>
    </ClInclude>
    <ClInclude Include="cuicheck_impl.h">
      <Filter>Header Files</Filter>
    </ClInclude>
    <ClInclude Include="cuidebug.h">
      <Filter>Header Files</Filter>
    </ClInclude>
    <ClInclude Include="..\..\..\sdk\inc\cuidropdownlist.h">
      <Filter>Header Files</Filter>
    </ClInclude>
    <ClInclude Include="cuidropdownlist_impl.h">
      <Filter>Header Files</Filter>
    </ClInclude>
    <ClInclude Include="..\..\..\sdk\inc\cuifont.h">
      <Filter>Header Files</Filter>
    </ClInclude>
    <ClInclude Include="cuifont_impl.h">
      <Filter>Header Files</Filter>
    </ClInclude>
    <ClInclude Include="cuifontmanager.h">
      <Filter>Header Files</Filter>
    </ClInclude>
    <ClInclude Include="..\..\..\sdk\inc\cuiformattedpolystring.h">
      <Filter>Header Files</Filter>
    </ClInclude>
    <ClInclude Include="cuiformattedpolystring_impl.h">
      <Filter>Header Files</Filter>
    </ClInclude>
    <ClInclude Include="..\..\..\sdk\inc\cuiinterval.h">
      <Filter>Header Files</Filter>
    </ClInclude>
    <ClInclude Include="cuiinterval_impl.h">
      <Filter>Header Files</Filter>
    </ClInclude>
    <ClInclude Include="cuilinklist.h">
      <Filter>Header Files</Filter>
    </ClInclude>
    <ClInclude Include="..\..\..\sdk\inc\cuilist.h">
      <Filter>Header Files</Filter>
    </ClInclude>
    <ClInclude Include="cuilist_impl.h">
      <Filter>Header Files</Filter>
    </ClInclude>
    <ClInclude Include="..\..\..\sdk\inc\cuimessage.h">
      <Filter>Header Files</Filter>
    </ClInclude>
    <ClInclude Include="cuimessagequeue.h">
      <Filter>Header Files</Filter>
    </ClInclude>
    <ClInclude Include="..\..\..\sdk\inc\cuioption.h">
      <Filter>Header Files</Filter>
    </ClInclude>
    <ClInclude Include="cuioption_impl.h">
      <Filter>Header Files</Filter>
    </ClInclude>
    <ClInclude Include="..\..\..\sdk\inc\cuipolystring.h">
      <Filter>Header Files</Filter>
    </ClInclude>
    <ClInclude Include="cuipolystring_impl.h">
      <Filter>Header Files</Filter>
    </ClInclude>
    <ClInclude Include="cuipolytex.h">
      <Filter>Header Files</Filter>
    </ClInclude>
    <ClInclude Include="..\..\..\sdk\inc\cuiprogress.h">
      <Filter>Header Files</Filter>
    </ClInclude>
    <ClInclude Include="cuiprogress_impl.h">
      <Filter>Header Files</Filter>
    </ClInclude>
    <ClInclude Include="cuiredblack.h">
      <Filter>Header Files</Filter>
    </ClInclude>
    <ClInclude Include="cuirenderstate.h">
      <Filter>Header Files</Filter>
    </ClInclude>
    <ClInclude Include="..\..\..\sdk\inc\cuislider.h">
      <Filter>Header Files</Filter>
    </ClInclude>
    <ClInclude Include="cuislider_impl.h">
      <Filter>Header Files</Filter>
    </ClInclude>
    <ClInclude Include="..\..\..\sdk\inc\cuistaticimage.h">
      <Filter>Header Files</Filter>
    </ClInclude>
    <ClInclude Include="cuistaticimage_impl.h">
      <Filter>Header Files</Filter>
    </ClInclude>
    <ClInclude Include="..\..\..\sdk\inc\cuistatictext.h">
      <Filter>Header Files</Filter>
    </ClInclude>
    <ClInclude Include="cuistatictext_impl.h">
      <Filter>Header Files</Filter>
    </ClInclude>
    <ClInclude Include="..\..\..\sdk\inc\cuitypes.h">
      <Filter>Header Files</Filter>
    </ClInclude>
    <ClInclude Include="cuivectorfont.h">
      <Filter>Header Files</Filter>
    </ClInclude>
    <ClInclude Include="..\..\..\sdk\inc\cuiwidget.h">
      <Filter>Header Files</Filter>
    </ClInclude>
    <ClInclude Include="cuiwidget_impl.h">
      <Filter>Header Files</Filter>
    </ClInclude>
    <ClInclude Include="cuiwidgetmanager.h">
      <Filter>Header Files</Filter>
    </ClInclude>
    <ClInclude Include="..\..\..\sdk\inc\cuiwindow.h">
      <Filter>Header Files</Filter>
    </ClInclude>
    <ClInclude Include="cuiwindow_impl.h">
      <Filter>Header Files</Filter>
    </ClInclude>
    <ClInclude Include="..\..\..\sdk\inc\iltfontmanager.h">
      <Filter>Header Files</Filter>
    </ClInclude>
    <ClInclude Include="..\..\..\sdk\inc\iltwidgetmanager.h">
      <Filter>Header Files</Filter>
    </ClInclude>
  </ItemGroup>
</Project>