Microsoft Visual Studio Solution File, Format Version 8.00
Project("{8BC9CEB8-8B4A-11D0-8D11-00A0C91BC942}") = "AutoRun", "Autorun\AutoRun.vcproj", "{82B0DCC4-662E-49A3-84F7-B614634B38B6}"
	ProjectSection(ProjectDependencies) = postProject
		{03CB6BF6-A11E-4EB4-A657-A6F49DFF77E8} = {03CB6BF6-A11E-4EB4-A657-A6F49DFF77E8}
	EndProjectSection
EndProject
Project("{8BC9CEB8-8B4A-11D0-8D11-00A0C91BC942}") = "AutoRun2", "AutoRun2\AutoRun2.vcproj", "{20F3A8A3-3ED1-43D5-8A50-D76F232FD474}"
	ProjectSection(ProjectDependencies) = postProject
	EndProjectSection
EndProject
Project("{8BC9CEB8-8B4A-11D0-8D11-00A0C91BC942}") = "MfcDlls", "..\Libs\MfcDlls.vcproj", "{A0BA00E5-D661-49B6-B1F0-C595185CF954}"
	ProjectSection(ProjectDependencies) = postProject
	EndProjectSection
EndProject
Project("{8BC9CEB8-8B4A-11D0-8D11-00A0C91BC942}") = "ClientFxDLL", "ClientFxDLL\ClientFxDLL.vcproj", "{58404A2B-3056-4284-B13A-0A4ED338B622}"
	ProjectSection(ProjectDependencies) = postProject
		{CDF189C8-F63C-4B4B-9050-634535DA1A7D} = {CDF189C8-F63C-4B4B-9050-634535DA1A7D}
		{4D71855A-6759-4D91-A3E5-C7B71A816477} = {4D71855A-6759-4D91-A3E5-C7B71A816477}
		{6A124F5D-D9D0-49E2-B771-6CB6B8B1D1A3} = {6A124F5D-D9D0-49E2-B771-6CB6B8B1D1A3}
		{746AA05C-85DF-4D10-9BED-7E028ACBB50D} = {746AA05C-85DF-4D10-9BED-7E028ACBB50D}
		{5B3B6D90-EC56-41A8-B84F-9765DD16016B} = {5B3B6D90-EC56-41A8-B84F-9765DD16016B}
		{1B1401D4-CC33-4113-B220-73146A036DB7} = {1B1401D4-CC33-4113-B220-73146A036DB7}
		{718F7FCE-F855-4BE4-8E85-D4DAF492A15D} = {718F7FCE-F855-4BE4-8E85-D4DAF492A15D}
	EndProjectSection
EndProject
Project("{8BC9CEB8-8B4A-11D0-8D11-00A0C91BC942}") = "ClientRes", "ClientRes\TO2\ClientRes.vcproj", "{4EF70D22-6ECD-4DFD-90CB-B35B24D1C173}"
	ProjectSection(ProjectDependencies) = postProject
	EndProjectSection
EndProject
Project("{8BC9CEB8-8B4A-11D0-8D11-00A0C91BC942}") = "ClientShellDLL", "ClientShellDLL\TO2\ClientShellDLL.vcproj", "{56D787FC-3297-4251-B2AD-4FBC461D54B9}"
	ProjectSection(ProjectDependencies) = postProject
		{17B7A114-BBCE-4B72-AF47-7DADB7FDDCD7} = {17B7A114-BBCE-4B72-AF47-7DADB7FDDCD7}
		{018E8B44-4293-40EE-9B3F-7F8C57688251} = {018E8B44-4293-40EE-9B3F-7F8C57688251}
		{718F7FCE-F855-4BE4-8E85-D4DAF492A15D} = {718F7FCE-F855-4BE4-8E85-D4DAF492A15D}
		{746AA05C-85DF-4D10-9BED-7E028ACBB50D} = {746AA05C-85DF-4D10-9BED-7E028ACBB50D}
		{5B3B6D90-EC56-41A8-B84F-9765DD16016B} = {5B3B6D90-EC56-41A8-B84F-9765DD16016B}
		{1B1401D4-CC33-4113-B220-73146A036DB7} = {1B1401D4-CC33-4113-B220-73146A036DB7}
		{6A124F5D-D9D0-49E2-B771-6CB6B8B1D1A3} = {6A124F5D-D9D0-49E2-B771-6CB6B8B1D1A3}
		{4D71855A-6759-4D91-A3E5-C7B71A816477} = {4D71855A-6759-4D91-A3E5-C7B71A816477}
		{13D64118-FF65-4313-9A87-E8E723B5ECC9} = {13D64118-FF65-4313-9A87-E8E723B5ECC9}
		{4EF70D22-6ECD-4DFD-90CB-B35B24D1C173} = {4EF70D22-6ECD-4DFD-90CB-B35B24D1C173}
		{CDF189C8-F63C-4B4B-9050-634535DA1A7D} = {CDF189C8-F63C-4B4B-9050-634535DA1A7D}
	EndProjectSection
EndProject
Project("{8BC9CEB8-8B4A-11D0-8D11-00A0C91BC942}") = "ClientShellShared", "ClientShellDLL\ClientShellShared\ClientShellShared.vcproj", "{13D64118-FF65-4313-9A87-E8E723B5ECC9}"
	ProjectSection(ProjectDependencies) = postProject
	EndProjectSection
EndProject
Project("{8BC9CEB8-8B4A-11D0-8D11-00A0C91BC942}") = "LTGUIMgr", "Libs\LTGUIMgr\ltguimgr60.vcproj", "{5B3B6D90-EC56-41A8-B84F-9765DD16016B}"
	ProjectSection(ProjectDependencies) = postProject
	EndProjectSection
EndProject
Project("{8BC9CEB8-8B4A-11D0-8D11-00A0C91BC942}") = "Launcher", "Launcher\TO2\Launcher.vcproj", "{2526DDDA-935D-493C-9EA6-06F3909610D6}"
	ProjectSection(ProjectDependencies) = postProject
		{03CB6BF6-A11E-4EB4-A657-A6F49DFF77E8} = {03CB6BF6-A11E-4EB4-A657-A6F49DFF77E8}
	EndProjectSection
EndProject
Project("{8BC9CEB8-8B4A-11D0-8D11-00A0C91BC942}") = "Lib_Lith", "..\Libs\lith\Lib_Lith.vcproj", "{6A124F5D-D9D0-49E2-B771-6CB6B8B1D1A3}"
	ProjectSection(ProjectDependencies) = postProject
	EndProjectSection
EndProject
Project("{8BC9CEB8-8B4A-11D0-8D11-00A0C91BC942}") = "MFCStub", "..\Libs\MFCStub\MFCStub60.vcproj", "{718F7FCE-F855-4BE4-8E85-D4DAF492A15D}"
	ProjectSection(ProjectDependencies) = postProject
	EndProjectSection
EndProject
Project("{8BC9CEB8-8B4A-11D0-8D11-00A0C91BC942}") = "Object", "ObjectDLL\TO2\Object.vcproj", "{E588F8AE-7D32-4112-9DA8-78A263A39308}"
	ProjectSection(ProjectDependencies) = postProject
		{CDF189C8-F63C-4B4B-9050-634535DA1A7D} = {CDF189C8-F63C-4B4B-9050-634535DA1A7D}
		{4D71855A-6759-4D91-A3E5-C7B71A816477} = {4D71855A-6759-4D91-A3E5-C7B71A816477}
		{6A124F5D-D9D0-49E2-B771-6CB6B8B1D1A3} = {6A124F5D-D9D0-49E2-B771-6CB6B8B1D1A3}
		{1B1401D4-CC33-4113-B220-73146A036DB7} = {1B1401D4-CC33-4113-B220-73146A036DB7}
		{746AA05C-85DF-4D10-9BED-7E028ACBB50D} = {746AA05C-85DF-4D10-9BED-7E028ACBB50D}
		{718F7FCE-F855-4BE4-8E85-D4DAF492A15D} = {718F7FCE-F855-4BE4-8E85-D4DAF492A15D}
		{9461E3D5-6E24-4CE7-BC9B-BAE1EF62289F} = {9461E3D5-6E24-4CE7-BC9B-BAE1EF62289F}
		{018E8B44-4293-40EE-9B3F-7F8C57688251} = {018E8B44-4293-40EE-9B3F-7F8C57688251}
		{17B7A114-BBCE-4B72-AF47-7DADB7FDDCD7} = {17B7A114-BBCE-4B72-AF47-7DADB7FDDCD7}
	EndProjectSection
EndProject
Project("{8BC9CEB8-8B4A-11D0-8D11-00A0C91BC942}") = "ObjectShared", "ObjectDLL\ObjectShared\ObjectShared.vcproj", "{9461E3D5-6E24-4CE7-BC9B-BAE1EF62289F}"
	ProjectSection(ProjectDependencies) = postProject
	EndProjectSection
EndProject
Project("{8BC9CEB8-8B4A-11D0-8D11-00A0C91BC942}") = "RegMgr", "..\Libs\RegMgr\regmgr60.vcproj", "{018E8B44-4293-40EE-9B3F-7F8C57688251}"
	ProjectSection(ProjectDependencies) = postProject
	EndProjectSection
EndProject
Project("{8BC9CEB8-8B4A-11D0-8D11-00A0C91BC942}") = "ServerApp", "ServerApp\ServerApp.vcproj", "{14F63152-D541-4024-8FD1-3FCB477293D8}"
	ProjectSection(ProjectDependencies) = postProject
		{6A124F5D-D9D0-49E2-B771-6CB6B8B1D1A3} = {6A124F5D-D9D0-49E2-B771-6CB6B8B1D1A3}
		{1B1401D4-CC33-4113-B220-73146A036DB7} = {1B1401D4-CC33-4113-B220-73146A036DB7}
		{A0BA00E5-D661-49B6-B1F0-C595185CF954} = {A0BA00E5-D661-49B6-B1F0-C595185CF954}
		{018E8B44-4293-40EE-9B3F-7F8C57688251} = {018E8B44-4293-40EE-9B3F-7F8C57688251}
		{03CB6BF6-A11E-4EB4-A657-A6F49DFF77E8} = {03CB6BF6-A11E-4EB4-A657-A6F49DFF77E8}
	EndProjectSection
EndProject
Project("{8BC9CEB8-8B4A-11D0-8D11-00A0C91BC942}") = "ServerDir", "Libs\ServerDir\ServerDir.vcproj", "{17B7A114-BBCE-4B72-AF47-7DADB7FDDCD7}"
	ProjectSection(ProjectDependencies) = postProject
		{C29091C9-8D5B-41D9-9302-D6BE8D771902} = {C29091C9-8D5B-41D9-9302-D6BE8D771902}
		{4EF70D22-6ECD-4DFD-90CB-B35B24D1C173} = {4EF70D22-6ECD-4DFD-90CB-B35B24D1C173}
	EndProjectSection
EndProject
Project("{8BC9CEB8-8B4A-11D0-8D11-00A0C91BC942}") = "ServerRes", "ServerRes\TO2\ServerRes.vcproj", "{CABCFD60-235C-4A01-8132-284F7D7E2714}"
	ProjectSection(ProjectDependencies) = postProject
	EndProjectSection
EndProject
Project("{8BC9CEB8-8B4A-11D0-8D11-00A0C91BC942}") = "WONAPI", "Libs\WONAPI\WONAPI.vcproj", "{C29091C9-8D5B-41D9-9302-D6BE8D771902}"
	ProjectSection(ProjectDependencies) = postProject
	EndProjectSection
EndProject
Project("{8BC9CEB8-8B4A-11D0-8D11-00A0C91BC942}") = "ltmem", "..\Engine\libs\ltmem\ltmem.vcproj", "{746AA05C-85DF-4D10-9BED-7E028ACBB50D}"
	ProjectSection(ProjectDependencies) = postProject
	EndProjectSection
EndProject
Project("{8BC9CEB8-8B4A-11D0-8D11-00A0C91BC942}") = "regmgr32", "..\Libs\RegMgr32\regmgr32.vcproj", "{03CB6BF6-A11E-4EB4-A657-A6F49DFF77E8}"
	ProjectSection(ProjectDependencies) = postProject
	EndProjectSection
EndProject
Project("{8BC9CEB8-8B4A-11D0-8D11-00A0C91BC942}") = "ButeMgr", "..\Libs\ButeMgr\ButeMgr.vcproj", "{CDF189C8-F63C-4B4B-9050-634535DA1A7D}"
	ProjectSection(ProjectDependencies) = postProject
	EndProjectSection
EndProject
Project("{8BC9CEB8-8B4A-11D0-8D11-00A0C91BC942}") = "CryptMgr", "..\Libs\CryptMgr\cryptmgr.vcproj", "{4D71855A-6759-4D91-A3E5-C7B71A816477}"
	ProjectSection(ProjectDependencies) = postProject
	EndProjectSection
EndProject
Project("{8BC9CEB8-8B4A-11D0-8D11-00A0C91BC942}") = "Lib_StdLith", "..\Libs\stdlith\Lib_StdLith.vcproj", "{1B1401D4-CC33-4113-B220-73146A036DB7}"
	ProjectSection(ProjectDependencies) = postProject
	EndProjectSection
EndProject
Global
	GlobalSection(SolutionConfiguration) = preSolution
		Debug = Debug
		Debug MFC DLL = Debug MFC DLL
		Final = Final
		Final DE = Final DE
		Final ES = Final ES
		Final FR = Final FR
		Final IT = Final IT
		Final MFC DLL = Final MFC DLL
		Release = Release
		Release MFC DLL = Release MFC DLL
	EndGlobalSection
	GlobalSection(ProjectConfiguration) = postSolution
		{82B0DCC4-662E-49A3-84F7-B614634B38B6}.Debug.ActiveCfg = Debug|Win32
		{82B0DCC4-662E-49A3-84F7-B614634B38B6}.Debug.Build.0 = Debug|Win32
		{82B0DCC4-662E-49A3-84F7-B614634B38B6}.Debug MFC DLL.ActiveCfg = Debug|Win32
		{82B0DCC4-662E-49A3-84F7-B614634B38B6}.Debug MFC DLL.Build.0 = Debug|Win32
		{82B0DCC4-662E-49A3-84F7-B614634B38B6}.Final.ActiveCfg = Final|Win32
		{82B0DCC4-662E-49A3-84F7-B614634B38B6}.Final.Build.0 = Final|Win32
		{82B0DCC4-662E-49A3-84F7-B614634B38B6}.Final DE.ActiveCfg = Final|Win32
		{82B0DCC4-662E-49A3-84F7-B614634B38B6}.Final DE.Build.0 = Final|Win32
		{82B0DCC4-662E-49A3-84F7-B614634B38B6}.Final ES.ActiveCfg = Final|Win32
		{82B0DCC4-662E-49A3-84F7-B614634B38B6}.Final ES.Build.0 = Final|Win32
		{82B0DCC4-662E-49A3-84F7-B614634B38B6}.Final FR.ActiveCfg = Final|Win32
		{82B0DCC4-662E-49A3-84F7-B614634B38B6}.Final FR.Build.0 = Final|Win32
		{82B0DCC4-662E-49A3-84F7-B614634B38B6}.Final IT.ActiveCfg = Final|Win32
		{82B0DCC4-662E-49A3-84F7-B614634B38B6}.Final IT.Build.0 = Final|Win32
		{82B0DCC4-662E-49A3-84F7-B614634B38B6}.Final MFC DLL.ActiveCfg = Final|Win32
		{82B0DCC4-662E-49A3-84F7-B614634B38B6}.Final MFC DLL.Build.0 = Final|Win32
		{82B0DCC4-662E-49A3-84F7-B614634B38B6}.Release.ActiveCfg = Release|Win32
		{82B0DCC4-662E-49A3-84F7-B614634B38B6}.Release.Build.0 = Release|Win32
		{82B0DCC4-662E-49A3-84F7-B614634B38B6}.Release MFC DLL.ActiveCfg = Release|Win32
		{82B0DCC4-662E-49A3-84F7-B614634B38B6}.Release MFC DLL.Build.0 = Release|Win32
		{20F3A8A3-3ED1-43D5-8A50-D76F232FD474}.Debug.ActiveCfg = Debug|Win32
		{20F3A8A3-3ED1-43D5-8A50-D76F232FD474}.Debug.Build.0 = Debug|Win32
		{20F3A8A3-3ED1-43D5-8A50-D76F232FD474}.Debug MFC DLL.ActiveCfg = Debug|Win32
		{20F3A8A3-3ED1-43D5-8A50-D76F232FD474}.Debug MFC DLL.Build.0 = Debug|Win32
		{20F3A8A3-3ED1-43D5-8A50-D76F232FD474}.Final.ActiveCfg = Final|Win32
		{20F3A8A3-3ED1-43D5-8A50-D76F232FD474}.Final.Build.0 = Final|Win32
		{20F3A8A3-3ED1-43D5-8A50-D76F232FD474}.Final DE.ActiveCfg = Final|Win32
		{20F3A8A3-3ED1-43D5-8A50-D76F232FD474}.Final DE.Build.0 = Final|Win32
		{20F3A8A3-3ED1-43D5-8A50-D76F232FD474}.Final ES.ActiveCfg = Final|Win32
		{20F3A8A3-3ED1-43D5-8A50-D76F232FD474}.Final ES.Build.0 = Final|Win32
		{20F3A8A3-3ED1-43D5-8A50-D76F232FD474}.Final FR.ActiveCfg = Final|Win32
		{20F3A8A3-3ED1-43D5-8A50-D76F232FD474}.Final FR.Build.0 = Final|Win32
		{20F3A8A3-3ED1-43D5-8A50-D76F232FD474}.Final IT.ActiveCfg = Final|Win32
		{20F3A8A3-3ED1-43D5-8A50-D76F232FD474}.Final IT.Build.0 = Final|Win32
		{20F3A8A3-3ED1-43D5-8A50-D76F232FD474}.Final MFC DLL.ActiveCfg = Final|Win32
		{20F3A8A3-3ED1-43D5-8A50-D76F232FD474}.Final MFC DLL.Build.0 = Final|Win32
		{20F3A8A3-3ED1-43D5-8A50-D76F232FD474}.Release.ActiveCfg = Release|Win32
		{20F3A8A3-3ED1-43D5-8A50-D76F232FD474}.Release.Build.0 = Release|Win32
		{20F3A8A3-3ED1-43D5-8A50-D76F232FD474}.Release MFC DLL.ActiveCfg = Release|Win32
		{20F3A8A3-3ED1-43D5-8A50-D76F232FD474}.Release MFC DLL.Build.0 = Release|Win32
		{A0BA00E5-D661-49B6-B1F0-C595185CF954}.Debug.ActiveCfg = Debug|Win32
		{A0BA00E5-D661-49B6-B1F0-C595185CF954}.Debug.Build.0 = Debug|Win32
		{A0BA00E5-D661-49B6-B1F0-C595185CF954}.Debug MFC DLL.ActiveCfg = Debug|Win32
		{A0BA00E5-D661-49B6-B1F0-C595185CF954}.Debug MFC DLL.Build.0 = Debug|Win32
		{A0BA00E5-D661-49B6-B1F0-C595185CF954}.Final.ActiveCfg = Final|Win32
		{A0BA00E5-D661-49B6-B1F0-C595185CF954}.Final.Build.0 = Final|Win32
		{A0BA00E5-D661-49B6-B1F0-C595185CF954}.Final DE.ActiveCfg = Final|Win32
		{A0BA00E5-D661-49B6-B1F0-C595185CF954}.Final DE.Build.0 = Final|Win32
		{A0BA00E5-D661-49B6-B1F0-C595185CF954}.Final ES.ActiveCfg = Final|Win32
		{A0BA00E5-D661-49B6-B1F0-C595185CF954}.Final ES.Build.0 = Final|Win32
		{A0BA00E5-D661-49B6-B1F0-C595185CF954}.Final FR.ActiveCfg = Final|Win32
		{A0BA00E5-D661-49B6-B1F0-C595185CF954}.Final FR.Build.0 = Final|Win32
		{A0BA00E5-D661-49B6-B1F0-C595185CF954}.Final IT.ActiveCfg = Final|Win32
		{A0BA00E5-D661-49B6-B1F0-C595185CF954}.Final IT.Build.0 = Final|Win32
		{A0BA00E5-D661-49B6-B1F0-C595185CF954}.Final MFC DLL.ActiveCfg = Final|Win32
		{A0BA00E5-D661-49B6-B1F0-C595185CF954}.Final MFC DLL.Build.0 = Final|Win32
		{A0BA00E5-D661-49B6-B1F0-C595185CF954}.Release.ActiveCfg = Release|Win32
		{A0BA00E5-D661-49B6-B1F0-C595185CF954}.Release.Build.0 = Release|Win32
		{A0BA00E5-D661-49B6-B1F0-C595185CF954}.Release MFC DLL.ActiveCfg = Release|Win32
		{A0BA00E5-D661-49B6-B1F0-C595185CF954}.Release MFC DLL.Build.0 = Release|Win32
		{58404A2B-3056-4284-B13A-0A4ED338B622}.Debug.ActiveCfg = Debug|Win32
		{58404A2B-3056-4284-B13A-0A4ED338B622}.Debug.Build.0 = Debug|Win32
		{58404A2B-3056-4284-B13A-0A4ED338B622}.Debug MFC DLL.ActiveCfg = Debug|Win32
		{58404A2B-3056-4284-B13A-0A4ED338B622}.Debug MFC DLL.Build.0 = Debug|Win32
		{58404A2B-3056-4284-B13A-0A4ED338B622}.Final.ActiveCfg = Final|Win32
		{58404A2B-3056-4284-B13A-0A4ED338B622}.Final.Build.0 = Final|Win32
		{58404A2B-3056-4284-B13A-0A4ED338B622}.Final DE.ActiveCfg = Final|Win32
		{58404A2B-3056-4284-B13A-0A4ED338B622}.Final DE.Build.0 = Final|Win32
		{58404A2B-3056-4284-B13A-0A4ED338B622}.Final ES.ActiveCfg = Final|Win32
		{58404A2B-3056-4284-B13A-0A4ED338B622}.Final ES.Build.0 = Final|Win32
		{58404A2B-3056-4284-B13A-0A4ED338B622}.Final FR.ActiveCfg = Final|Win32
		{58404A2B-3056-4284-B13A-0A4ED338B622}.Final FR.Build.0 = Final|Win32
		{58404A2B-3056-4284-B13A-0A4ED338B622}.Final IT.ActiveCfg = Final|Win32
		{58404A2B-3056-4284-B13A-0A4ED338B622}.Final IT.Build.0 = Final|Win32
		{58404A2B-3056-4284-B13A-0A4ED338B622}.Final MFC DLL.ActiveCfg = Final|Win32
		{58404A2B-3056-4284-B13A-0A4ED338B622}.Final MFC DLL.Build.0 = Final|Win32
		{58404A2B-3056-4284-B13A-0A4ED338B622}.Release.ActiveCfg = Release|Win32
		{58404A2B-3056-4284-B13A-0A4ED338B622}.Release.Build.0 = Release|Win32
		{58404A2B-3056-4284-B13A-0A4ED338B622}.Release MFC DLL.ActiveCfg = Release|Win32
		{58404A2B-3056-4284-B13A-0A4ED338B622}.Release MFC DLL.Build.0 = Release|Win32
		{4EF70D22-6ECD-4DFD-90CB-B35B24D1C173}.Debug.ActiveCfg = Debug|Win32
		{4EF70D22-6ECD-4DFD-90CB-B35B24D1C173}.Debug.Build.0 = Debug|Win32
		{4EF70D22-6ECD-4DFD-90CB-B35B24D1C173}.Debug MFC DLL.ActiveCfg = Debug|Win32
		{4EF70D22-6ECD-4DFD-90CB-B35B24D1C173}.Debug MFC DLL.Build.0 = Debug|Win32
		{4EF70D22-6ECD-4DFD-90CB-B35B24D1C173}.Final.ActiveCfg = Final|Win32
		{4EF70D22-6ECD-4DFD-90CB-B35B24D1C173}.Final.Build.0 = Final|Win32
		{4EF70D22-6ECD-4DFD-90CB-B35B24D1C173}.Final DE.ActiveCfg = Final DE|Win32
		{4EF70D22-6ECD-4DFD-90CB-B35B24D1C173}.Final DE.Build.0 = Final DE|Win32
		{4EF70D22-6ECD-4DFD-90CB-B35B24D1C173}.Final ES.ActiveCfg = Final ES|Win32
		{4EF70D22-6ECD-4DFD-90CB-B35B24D1C173}.Final ES.Build.0 = Final ES|Win32
		{4EF70D22-6ECD-4DFD-90CB-B35B24D1C173}.Final FR.ActiveCfg = Final FR|Win32
		{4EF70D22-6ECD-4DFD-90CB-B35B24D1C173}.Final FR.Build.0 = Final FR|Win32
		{4EF70D22-6ECD-4DFD-90CB-B35B24D1C173}.Final IT.ActiveCfg = Final IT|Win32
		{4EF70D22-6ECD-4DFD-90CB-B35B24D1C173}.Final IT.Build.0 = Final IT|Win32
		{4EF70D22-6ECD-4DFD-90CB-B35B24D1C173}.Final MFC DLL.ActiveCfg = Final|Win32
		{4EF70D22-6ECD-4DFD-90CB-B35B24D1C173}.Final MFC DLL.Build.0 = Final|Win32
		{4EF70D22-6ECD-4DFD-90CB-B35B24D1C173}.Release.ActiveCfg = Release|Win32
		{4EF70D22-6ECD-4DFD-90CB-B35B24D1C173}.Release.Build.0 = Release|Win32
		{4EF70D22-6ECD-4DFD-90CB-B35B24D1C173}.Release MFC DLL.ActiveCfg = Release|Win32
		{4EF70D22-6ECD-4DFD-90CB-B35B24D1C173}.Release MFC DLL.Build.0 = Release|Win32
		{56D787FC-3297-4251-B2AD-4FBC461D54B9}.Debug.ActiveCfg = Debug|Win32
		{56D787FC-3297-4251-B2AD-4FBC461D54B9}.Debug.Build.0 = Debug|Win32
		{56D787FC-3297-4251-B2AD-4FBC461D54B9}.Debug MFC DLL.ActiveCfg = Debug|Win32
		{56D787FC-3297-4251-B2AD-4FBC461D54B9}.Debug MFC DLL.Build.0 = Debug|Win32
		{56D787FC-3297-4251-B2AD-4FBC461D54B9}.Final.ActiveCfg = Final|Win32
		{56D787FC-3297-4251-B2AD-4FBC461D54B9}.Final.Build.0 = Final|Win32
		{56D787FC-3297-4251-B2AD-4FBC461D54B9}.Final DE.ActiveCfg = Final|Win32
		{56D787FC-3297-4251-B2AD-4FBC461D54B9}.Final DE.Build.0 = Final|Win32
		{56D787FC-3297-4251-B2AD-4FBC461D54B9}.Final ES.ActiveCfg = Final|Win32
		{56D787FC-3297-4251-B2AD-4FBC461D54B9}.Final ES.Build.0 = Final|Win32
		{56D787FC-3297-4251-B2AD-4FBC461D54B9}.Final FR.ActiveCfg = Final|Win32
		{56D787FC-3297-4251-B2AD-4FBC461D54B9}.Final FR.Build.0 = Final|Win32
		{56D787FC-3297-4251-B2AD-4FBC461D54B9}.Final IT.ActiveCfg = Final|Win32
		{56D787FC-3297-4251-B2AD-4FBC461D54B9}.Final IT.Build.0 = Final|Win32
		{56D787FC-3297-4251-B2AD-4FBC461D54B9}.Final MFC DLL.ActiveCfg = Final|Win32
		{56D787FC-3297-4251-B2AD-4FBC461D54B9}.Final MFC DLL.Build.0 = Final|Win32
		{56D787FC-3297-4251-B2AD-4FBC461D54B9}.Release.ActiveCfg = Release|Win32
		{56D787FC-3297-4251-B2AD-4FBC461D54B9}.Release.Build.0 = Release|Win32
		{56D787FC-3297-4251-B2AD-4FBC461D54B9}.Release MFC DLL.ActiveCfg = Release|Win32
		{56D787FC-3297-4251-B2AD-4FBC461D54B9}.Release MFC DLL.Build.0 = Release|Win32
		{13D64118-FF65-4313-9A87-E8E723B5ECC9}.Debug.ActiveCfg = Debug|Win32
		{13D64118-FF65-4313-9A87-E8E723B5ECC9}.Debug.Build.0 = Debug|Win32
		{13D64118-FF65-4313-9A87-E8E723B5ECC9}.Debug MFC DLL.ActiveCfg = Debug|Win32
		{13D64118-FF65-4313-9A87-E8E723B5ECC9}.Debug MFC DLL.Build.0 = Debug|Win32
		{13D64118-FF65-4313-9A87-E8E723B5ECC9}.Final.ActiveCfg = Final|Win32
		{13D64118-FF65-4313-9A87-E8E723B5ECC9}.Final.Build.0 = Final|Win32
		{13D64118-FF65-4313-9A87-E8E723B5ECC9}.Final DE.ActiveCfg = Final|Win32
		{13D64118-FF65-4313-9A87-E8E723B5ECC9}.Final DE.Build.0 = Final|Win32
		{13D64118-FF65-4313-9A87-E8E723B5ECC9}.Final ES.ActiveCfg = Final|Win32
		{13D64118-FF65-4313-9A87-E8E723B5ECC9}.Final ES.Build.0 = Final|Win32
		{13D64118-FF65-4313-9A87-E8E723B5ECC9}.Final FR.ActiveCfg = Final|Win32
		{13D64118-FF65-4313-9A87-E8E723B5ECC9}.Final FR.Build.0 = Final|Win32
		{13D64118-FF65-4313-9A87-E8E723B5ECC9}.Final IT.ActiveCfg = Final|Win32
		{13D64118-FF65-4313-9A87-E8E723B5ECC9}.Final IT.Build.0 = Final|Win32
		{13D64118-FF65-4313-9A87-E8E723B5ECC9}.Final MFC DLL.ActiveCfg = Final|Win32
		{13D64118-FF65-4313-9A87-E8E723B5ECC9}.Final MFC DLL.Build.0 = Final|Win32
		{13D64118-FF65-4313-9A87-E8E723B5ECC9}.Release.ActiveCfg = Release|Win32
		{13D64118-FF65-4313-9A87-E8E723B5ECC9}.Release.Build.0 = Release|Win32
		{13D64118-FF65-4313-9A87-E8E723B5ECC9}.Release MFC DLL.ActiveCfg = Release|Win32
		{13D64118-FF65-4313-9A87-E8E723B5ECC9}.Release MFC DLL.Build.0 = Release|Win32
		{5B3B6D90-EC56-41A8-B84F-9765DD16016B}.Debug.ActiveCfg = Debug|Win32
		{5B3B6D90-EC56-41A8-B84F-9765DD16016B}.Debug.Build.0 = Debug|Win32
		{5B3B6D90-EC56-41A8-B84F-9765DD16016B}.Debug MFC DLL.ActiveCfg = Debug|Win32
		{5B3B6D90-EC56-41A8-B84F-9765DD16016B}.Debug MFC DLL.Build.0 = Debug|Win32
		{5B3B6D90-EC56-41A8-B84F-9765DD16016B}.Final.ActiveCfg = Final|Win32
		{5B3B6D90-EC56-41A8-B84F-9765DD16016B}.Final.Build.0 = Final|Win32
		{5B3B6D90-EC56-41A8-B84F-9765DD16016B}.Final DE.ActiveCfg = Final|Win32
		{5B3B6D90-EC56-41A8-B84F-9765DD16016B}.Final DE.Build.0 = Final|Win32
		{5B3B6D90-EC56-41A8-B84F-9765DD16016B}.Final ES.ActiveCfg = Final|Win32
		{5B3B6D90-EC56-41A8-B84F-9765DD16016B}.Final ES.Build.0 = Final|Win32
		{5B3B6D90-EC56-41A8-B84F-9765DD16016B}.Final FR.ActiveCfg = Final|Win32
		{5B3B6D90-EC56-41A8-B84F-9765DD16016B}.Final FR.Build.0 = Final|Win32
		{5B3B6D90-EC56-41A8-B84F-9765DD16016B}.Final IT.ActiveCfg = Final|Win32
		{5B3B6D90-EC56-41A8-B84F-9765DD16016B}.Final IT.Build.0 = Final|Win32
		{5B3B6D90-EC56-41A8-B84F-9765DD16016B}.Final MFC DLL.ActiveCfg = Final|Win32
		{5B3B6D90-EC56-41A8-B84F-9765DD16016B}.Final MFC DLL.Build.0 = Final|Win32
		{5B3B6D90-EC56-41A8-B84F-9765DD16016B}.Release.ActiveCfg = Release|Win32
		{5B3B6D90-EC56-41A8-B84F-9765DD16016B}.Release.Build.0 = Release|Win32
		{5B3B6D90-EC56-41A8-B84F-9765DD16016B}.Release MFC DLL.ActiveCfg = Release|Win32
		{5B3B6D90-EC56-41A8-B84F-9765DD16016B}.Release MFC DLL.Build.0 = Release|Win32
		{2526DDDA-935D-493C-9EA6-06F3909610D6}.Debug.ActiveCfg = Debug|Win32
		{2526DDDA-935D-493C-9EA6-06F3909610D6}.Debug.Build.0 = Debug|Win32
		{2526DDDA-935D-493C-9EA6-06F3909610D6}.Debug MFC DLL.ActiveCfg = Debug|Win32
		{2526DDDA-935D-493C-9EA6-06F3909610D6}.Debug MFC DLL.Build.0 = Debug|Win32
		{2526DDDA-935D-493C-9EA6-06F3909610D6}.Final.ActiveCfg = Final|Win32
		{2526DDDA-935D-493C-9EA6-06F3909610D6}.Final.Build.0 = Final|Win32
		{2526DDDA-935D-493C-9EA6-06F3909610D6}.Final DE.ActiveCfg = Final DE|Win32
		{2526DDDA-935D-493C-9EA6-06F3909610D6}.Final DE.Build.0 = Final DE|Win32
		{2526DDDA-935D-493C-9EA6-06F3909610D6}.Final ES.ActiveCfg = Final ES|Win32
		{2526DDDA-935D-493C-9EA6-06F3909610D6}.Final ES.Build.0 = Final ES|Win32
		{2526DDDA-935D-493C-9EA6-06F3909610D6}.Final FR.ActiveCfg = Final FR|Win32
		{2526DDDA-935D-493C-9EA6-06F3909610D6}.Final FR.Build.0 = Final FR|Win32
		{2526DDDA-935D-493C-9EA6-06F3909610D6}.Final IT.ActiveCfg = Final IT|Win32
		{2526DDDA-935D-493C-9EA6-06F3909610D6}.Final IT.Build.0 = Final IT|Win32
		{2526DDDA-935D-493C-9EA6-06F3909610D6}.Final MFC DLL.ActiveCfg = Final ES|Win32
		{2526DDDA-935D-493C-9EA6-06F3909610D6}.Final MFC DLL.Build.0 = Final ES|Win32
		{2526DDDA-935D-493C-9EA6-06F3909610D6}.Release.ActiveCfg = Release|Win32
		{2526DDDA-935D-493C-9EA6-06F3909610D6}.Release.Build.0 = Release|Win32
		{2526DDDA-935D-493C-9EA6-06F3909610D6}.Release MFC DLL.ActiveCfg = Release|Win32
		{2526DDDA-935D-493C-9EA6-06F3909610D6}.Release MFC DLL.Build.0 = Release|Win32
		{6A124F5D-D9D0-49E2-B771-6CB6B8B1D1A3}.Debug.ActiveCfg = Debug|Win32
		{6A124F5D-D9D0-49E2-B771-6CB6B8B1D1A3}.Debug.Build.0 = Debug|Win32
		{6A124F5D-D9D0-49E2-B771-6CB6B8B1D1A3}.Debug MFC DLL.ActiveCfg = Debug|Win32
		{6A124F5D-D9D0-49E2-B771-6CB6B8B1D1A3}.Debug MFC DLL.Build.0 = Debug|Win32
		{6A124F5D-D9D0-49E2-B771-6CB6B8B1D1A3}.Final.ActiveCfg = Final|Win32
		{6A124F5D-D9D0-49E2-B771-6CB6B8B1D1A3}.Final.Build.0 = Final|Win32
		{6A124F5D-D9D0-49E2-B771-6CB6B8B1D1A3}.Final DE.ActiveCfg = Final|Win32
		{6A124F5D-D9D0-49E2-B771-6CB6B8B1D1A3}.Final DE.Build.0 = Final|Win32
		{6A124F5D-D9D0-49E2-B771-6CB6B8B1D1A3}.Final ES.ActiveCfg = Final|Win32
		{6A124F5D-D9D0-49E2-B771-6CB6B8B1D1A3}.Final ES.Build.0 = Final|Win32
		{6A124F5D-D9D0-49E2-B771-6CB6B8B1D1A3}.Final FR.ActiveCfg = Final|Win32
		{6A124F5D-D9D0-49E2-B771-6CB6B8B1D1A3}.Final FR.Build.0 = Final|Win32
		{6A124F5D-D9D0-49E2-B771-6CB6B8B1D1A3}.Final IT.ActiveCfg = Final|Win32
		{6A124F5D-D9D0-49E2-B771-6CB6B8B1D1A3}.Final IT.Build.0 = Final|Win32
		{6A124F5D-D9D0-49E2-B771-6CB6B8B1D1A3}.Final MFC DLL.ActiveCfg = Final|Win32
		{6A124F5D-D9D0-49E2-B771-6CB6B8B1D1A3}.Final MFC DLL.Build.0 = Final|Win32
		{6A124F5D-D9D0-49E2-B771-6CB6B8B1D1A3}.Release.ActiveCfg = Release|Win32
		{6A124F5D-D9D0-49E2-B771-6CB6B8B1D1A3}.Release.Build.0 = Release|Win32
		{6A124F5D-D9D0-49E2-B771-6CB6B8B1D1A3}.Release MFC DLL.ActiveCfg = Release|Win32
		{6A124F5D-D9D0-49E2-B771-6CB6B8B1D1A3}.Release MFC DLL.Build.0 = Release|Win32
		{718F7FCE-F855-4BE4-8E85-D4DAF492A15D}.Debug.ActiveCfg = Debug|Win32
		{718F7FCE-F855-4BE4-8E85-D4DAF492A15D}.Debug.Build.0 = Debug|Win32
		{718F7FCE-F855-4BE4-8E85-D4DAF492A15D}.Debug MFC DLL.ActiveCfg = Debug|Win32
		{718F7FCE-F855-4BE4-8E85-D4DAF492A15D}.Debug MFC DLL.Build.0 = Debug|Win32
		{718F7FCE-F855-4BE4-8E85-D4DAF492A15D}.Final.ActiveCfg = Final|Win32
		{718F7FCE-F855-4BE4-8E85-D4DAF492A15D}.Final.Build.0 = Final|Win32
		{718F7FCE-F855-4BE4-8E85-D4DAF492A15D}.Final DE.ActiveCfg = Final|Win32
		{718F7FCE-F855-4BE4-8E85-D4DAF492A15D}.Final DE.Build.0 = Final|Win32
		{718F7FCE-F855-4BE4-8E85-D4DAF492A15D}.Final ES.ActiveCfg = Final|Win32
		{718F7FCE-F855-4BE4-8E85-D4DAF492A15D}.Final ES.Build.0 = Final|Win32
		{718F7FCE-F855-4BE4-8E85-D4DAF492A15D}.Final FR.ActiveCfg = Final|Win32
		{718F7FCE-F855-4BE4-8E85-D4DAF492A15D}.Final FR.Build.0 = Final|Win32
		{718F7FCE-F855-4BE4-8E85-D4DAF492A15D}.Final IT.ActiveCfg = Final|Win32
		{718F7FCE-F855-4BE4-8E85-D4DAF492A15D}.Final IT.Build.0 = Final|Win32
		{718F7FCE-F855-4BE4-8E85-D4DAF492A15D}.Final MFC DLL.ActiveCfg = Final|Win32
		{718F7FCE-F855-4BE4-8E85-D4DAF492A15D}.Final MFC DLL.Build.0 = Final|Win32
		{718F7FCE-F855-4BE4-8E85-D4DAF492A15D}.Release.ActiveCfg = Release|Win32
		{718F7FCE-F855-4BE4-8E85-D4DAF492A15D}.Release.Build.0 = Release|Win32
		{718F7FCE-F855-4BE4-8E85-D4DAF492A15D}.Release MFC DLL.ActiveCfg = Release|Win32
		{718F7FCE-F855-4BE4-8E85-D4DAF492A15D}.Release MFC DLL.Build.0 = Release|Win32
		{E588F8AE-7D32-4112-9DA8-78A263A39308}.Debug.ActiveCfg = Debug|Win32
		{E588F8AE-7D32-4112-9DA8-78A263A39308}.Debug.Build.0 = Debug|Win32
		{E588F8AE-7D32-4112-9DA8-78A263A39308}.Debug MFC DLL.ActiveCfg = Debug|Win32
		{E588F8AE-7D32-4112-9DA8-78A263A39308}.Debug MFC DLL.Build.0 = Debug|Win32
		{E588F8AE-7D32-4112-9DA8-78A263A39308}.Final.ActiveCfg = Final|Win32
		{E588F8AE-7D32-4112-9DA8-78A263A39308}.Final.Build.0 = Final|Win32
		{E588F8AE-7D32-4112-9DA8-78A263A39308}.Final DE.ActiveCfg = Final|Win32
		{E588F8AE-7D32-4112-9DA8-78A263A39308}.Final DE.Build.0 = Final|Win32
		{E588F8AE-7D32-4112-9DA8-78A263A39308}.Final ES.ActiveCfg = Final|Win32
		{E588F8AE-7D32-4112-9DA8-78A263A39308}.Final ES.Build.0 = Final|Win32
		{E588F8AE-7D32-4112-9DA8-78A263A39308}.Final FR.ActiveCfg = Final|Win32
		{E588F8AE-7D32-4112-9DA8-78A263A39308}.Final FR.Build.0 = Final|Win32
		{E588F8AE-7D32-4112-9DA8-78A263A39308}.Final IT.ActiveCfg = Final|Win32
		{E588F8AE-7D32-4112-9DA8-78A263A39308}.Final IT.Build.0 = Final|Win32
		{E588F8AE-7D32-4112-9DA8-78A263A39308}.Final MFC DLL.ActiveCfg = Final|Win32
		{E588F8AE-7D32-4112-9DA8-78A263A39308}.Final MFC DLL.Build.0 = Final|Win32
		{E588F8AE-7D32-4112-9DA8-78A263A39308}.Release.ActiveCfg = Release|Win32
		{E588F8AE-7D32-4112-9DA8-78A263A39308}.Release.Build.0 = Release|Win32
		{E588F8AE-7D32-4112-9DA8-78A263A39308}.Release MFC DLL.ActiveCfg = Release|Win32
		{E588F8AE-7D32-4112-9DA8-78A263A39308}.Release MFC DLL.Build.0 = Release|Win32
		{9461E3D5-6E24-4CE7-BC9B-BAE1EF62289F}.Debug.ActiveCfg = Debug|Win32
		{9461E3D5-6E24-4CE7-BC9B-BAE1EF62289F}.Debug.Build.0 = Debug|Win32
		{9461E3D5-6E24-4CE7-BC9B-BAE1EF62289F}.Debug MFC DLL.ActiveCfg = Debug|Win32
		{9461E3D5-6E24-4CE7-BC9B-BAE1EF62289F}.Debug MFC DLL.Build.0 = Debug|Win32
		{9461E3D5-6E24-4CE7-BC9B-BAE1EF62289F}.Final.ActiveCfg = Final|Win32
		{9461E3D5-6E24-4CE7-BC9B-BAE1EF62289F}.Final.Build.0 = Final|Win32
		{9461E3D5-6E24-4CE7-BC9B-BAE1EF62289F}.Final DE.ActiveCfg = Final|Win32
		{9461E3D5-6E24-4CE7-BC9B-BAE1EF62289F}.Final DE.Build.0 = Final|Win32
		{9461E3D5-6E24-4CE7-BC9B-BAE1EF62289F}.Final ES.ActiveCfg = Final|Win32
		{9461E3D5-6E24-4CE7-BC9B-BAE1EF62289F}.Final ES.Build.0 = Final|Win32
		{9461E3D5-6E24-4CE7-BC9B-BAE1EF62289F}.Final FR.ActiveCfg = Final|Win32
		{9461E3D5-6E24-4CE7-BC9B-BAE1EF62289F}.Final FR.Build.0 = Final|Win32
		{9461E3D5-6E24-4CE7-BC9B-BAE1EF62289F}.Final IT.ActiveCfg = Final|Win32
		{9461E3D5-6E24-4CE7-BC9B-BAE1EF62289F}.Final IT.Build.0 = Final|Win32
		{9461E3D5-6E24-4CE7-BC9B-BAE1EF62289F}.Final MFC DLL.ActiveCfg = Final|Win32
		{9461E3D5-6E24-4CE7-BC9B-BAE1EF62289F}.Final MFC DLL.Build.0 = Final|Win32
		{9461E3D5-6E24-4CE7-BC9B-BAE1EF62289F}.Release.ActiveCfg = Release|Win32
		{9461E3D5-6E24-4CE7-BC9B-BAE1EF62289F}.Release.Build.0 = Release|Win32
		{9461E3D5-6E24-4CE7-BC9B-BAE1EF62289F}.Release MFC DLL.ActiveCfg = Release|Win32
		{9461E3D5-6E24-4CE7-BC9B-BAE1EF62289F}.Release MFC DLL.Build.0 = Release|Win32
		{018E8B44-4293-40EE-9B3F-7F8C57688251}.Debug.ActiveCfg = Debug|Win32
		{018E8B44-4293-40EE-9B3F-7F8C57688251}.Debug.Build.0 = Debug|Win32
		{018E8B44-4293-40EE-9B3F-7F8C57688251}.Debug MFC DLL.ActiveCfg = Debug|Win32
		{018E8B44-4293-40EE-9B3F-7F8C57688251}.Debug MFC DLL.Build.0 = Debug|Win32
		{018E8B44-4293-40EE-9B3F-7F8C57688251}.Final.ActiveCfg = Final|Win32
		{018E8B44-4293-40EE-9B3F-7F8C57688251}.Final.Build.0 = Final|Win32
		{018E8B44-4293-40EE-9B3F-7F8C57688251}.Final DE.ActiveCfg = Final|Win32
		{018E8B44-4293-40EE-9B3F-7F8C57688251}.Final DE.Build.0 = Final|Win32
		{018E8B44-4293-40EE-9B3F-7F8C57688251}.Final ES.ActiveCfg = Final|Win32
		{018E8B44-4293-40EE-9B3F-7F8C57688251}.Final ES.Build.0 = Final|Win32
		{018E8B44-4293-40EE-9B3F-7F8C57688251}.Final FR.ActiveCfg = Final|Win32
		{018E8B44-4293-40EE-9B3F-7F8C57688251}.Final FR.Build.0 = Final|Win32
		{018E8B44-4293-40EE-9B3F-7F8C57688251}.Final IT.ActiveCfg = Final|Win32
		{018E8B44-4293-40EE-9B3F-7F8C57688251}.Final IT.Build.0 = Final|Win32
		{018E8B44-4293-40EE-9B3F-7F8C57688251}.Final MFC DLL.ActiveCfg = Final|Win32
		{018E8B44-4293-40EE-9B3F-7F8C57688251}.Final MFC DLL.Build.0 = Final|Win32
		{018E8B44-4293-40EE-9B3F-7F8C57688251}.Release.ActiveCfg = Release|Win32
		{018E8B44-4293-40EE-9B3F-7F8C57688251}.Release.Build.0 = Release|Win32
		{018E8B44-4293-40EE-9B3F-7F8C57688251}.Release MFC DLL.ActiveCfg = Release|Win32
		{018E8B44-4293-40EE-9B3F-7F8C57688251}.Release MFC DLL.Build.0 = Release|Win32
		{14F63152-D541-4024-8FD1-3FCB477293D8}.Debug.ActiveCfg = Debug|Win32
		{14F63152-D541-4024-8FD1-3FCB477293D8}.Debug.Build.0 = Debug|Win32
		{14F63152-D541-4024-8FD1-3FCB477293D8}.Debug MFC DLL.ActiveCfg = Debug|Win32
		{14F63152-D541-4024-8FD1-3FCB477293D8}.Debug MFC DLL.Build.0 = Debug|Win32
		{14F63152-D541-4024-8FD1-3FCB477293D8}.Final.ActiveCfg = Final|Win32
		{14F63152-D541-4024-8FD1-3FCB477293D8}.Final.Build.0 = Final|Win32
		{14F63152-D541-4024-8FD1-3FCB477293D8}.Final DE.ActiveCfg = Final DE|Win32
		{14F63152-D541-4024-8FD1-3FCB477293D8}.Final DE.Build.0 = Final DE|Win32
		{14F63152-D541-4024-8FD1-3FCB477293D8}.Final ES.ActiveCfg = Final ES|Win32
		{14F63152-D541-4024-8FD1-3FCB477293D8}.Final ES.Build.0 = Final ES|Win32
		{14F63152-D541-4024-8FD1-3FCB477293D8}.Final FR.ActiveCfg = Final FR|Win32
		{14F63152-D541-4024-8FD1-3FCB477293D8}.Final FR.Build.0 = Final FR|Win32
		{14F63152-D541-4024-8FD1-3FCB477293D8}.Final IT.ActiveCfg = Final IT|Win32
		{14F63152-D541-4024-8FD1-3FCB477293D8}.Final IT.Build.0 = Final IT|Win32
		{14F63152-D541-4024-8FD1-3FCB477293D8}.Final MFC DLL.ActiveCfg = Final|Win32
		{14F63152-D541-4024-8FD1-3FCB477293D8}.Final MFC DLL.Build.0 = Final|Win32
		{14F63152-D541-4024-8FD1-3FCB477293D8}.Release.ActiveCfg = Release|Win32
		{14F63152-D541-4024-8FD1-3FCB477293D8}.Release.Build.0 = Release|Win32
		{14F63152-D541-4024-8FD1-3FCB477293D8}.Release MFC DLL.ActiveCfg = Release|Win32
		{14F63152-D541-4024-8FD1-3FCB477293D8}.Release MFC DLL.Build.0 = Release|Win32
		{17B7A114-BBCE-4B72-AF47-7DADB7FDDCD7}.Debug.ActiveCfg = Debug|Win32
		{17B7A114-BBCE-4B72-AF47-7DADB7FDDCD7}.Debug.Build.0 = Debug|Win32
		{17B7A114-BBCE-4B72-AF47-7DADB7FDDCD7}.Debug MFC DLL.ActiveCfg = Debug|Win32
		{17B7A114-BBCE-4B72-AF47-7DADB7FDDCD7}.Debug MFC DLL.Build.0 = Debug|Win32
		{17B7A114-BBCE-4B72-AF47-7DADB7FDDCD7}.Final.ActiveCfg = Final|Win32
		{17B7A114-BBCE-4B72-AF47-7DADB7FDDCD7}.Final.Build.0 = Final|Win32
		{17B7A114-BBCE-4B72-AF47-7DADB7FDDCD7}.Final DE.ActiveCfg = Final|Win32
		{17B7A114-BBCE-4B72-AF47-7DADB7FDDCD7}.Final DE.Build.0 = Final|Win32
		{17B7A114-BBCE-4B72-AF47-7DADB7FDDCD7}.Final ES.ActiveCfg = Final|Win32
		{17B7A114-BBCE-4B72-AF47-7DADB7FDDCD7}.Final ES.Build.0 = Final|Win32
		{17B7A114-BBCE-4B72-AF47-7DADB7FDDCD7}.Final FR.ActiveCfg = Final|Win32
		{17B7A114-BBCE-4B72-AF47-7DADB7FDDCD7}.Final FR.Build.0 = Final|Win32
		{17B7A114-BBCE-4B72-AF47-7DADB7FDDCD7}.Final IT.ActiveCfg = Final|Win32
		{17B7A114-BBCE-4B72-AF47-7DADB7FDDCD7}.Final IT.Build.0 = Final|Win32
		{17B7A114-BBCE-4B72-AF47-7DADB7FDDCD7}.Final MFC DLL.ActiveCfg = Final|Win32
		{17B7A114-BBCE-4B72-AF47-7DADB7FDDCD7}.Final MFC DLL.Build.0 = Final|Win32
		{17B7A114-BBCE-4B72-AF47-7DADB7FDDCD7}.Release.ActiveCfg = Release|Win32
		{17B7A114-BBCE-4B72-AF47-7DADB7FDDCD7}.Release.Build.0 = Release|Win32
		{17B7A114-BBCE-4B72-AF47-7DADB7FDDCD7}.Release MFC DLL.ActiveCfg = Release|Win32
		{17B7A114-BBCE-4B72-AF47-7DADB7FDDCD7}.Release MFC DLL.Build.0 = Release|Win32
		{CABCFD60-235C-4A01-8132-284F7D7E2714}.Debug.ActiveCfg = Debug|Win32
		{CABCFD60-235C-4A01-8132-284F7D7E2714}.Debug.Build.0 = Debug|Win32
		{CABCFD60-235C-4A01-8132-284F7D7E2714}.Debug MFC DLL.ActiveCfg = Debug|Win32
		{CABCFD60-235C-4A01-8132-284F7D7E2714}.Debug MFC DLL.Build.0 = Debug|Win32
		{CABCFD60-235C-4A01-8132-284F7D7E2714}.Final.ActiveCfg = Final|Win32
		{CABCFD60-235C-4A01-8132-284F7D7E2714}.Final.Build.0 = Final|Win32
		{CABCFD60-235C-4A01-8132-284F7D7E2714}.Final DE.ActiveCfg = Final|Win32
		{CABCFD60-235C-4A01-8132-284F7D7E2714}.Final DE.Build.0 = Final|Win32
		{CABCFD60-235C-4A01-8132-284F7D7E2714}.Final ES.ActiveCfg = Final|Win32
		{CABCFD60-235C-4A01-8132-284F7D7E2714}.Final ES.Build.0 = Final|Win32
		{CABCFD60-235C-4A01-8132-284F7D7E2714}.Final FR.ActiveCfg = Final|Win32
		{CABCFD60-235C-4A01-8132-284F7D7E2714}.Final FR.Build.0 = Final|Win32
		{CABCFD60-235C-4A01-8132-284F7D7E2714}.Final IT.ActiveCfg = Final|Win32
		{CABCFD60-235C-4A01-8132-284F7D7E2714}.Final IT.Build.0 = Final|Win32
		{CABCFD60-235C-4A01-8132-284F7D7E2714}.Final MFC DLL.ActiveCfg = Final|Win32
		{CABCFD60-235C-4A01-8132-284F7D7E2714}.Final MFC DLL.Build.0 = Final|Win32
		{CABCFD60-235C-4A01-8132-284F7D7E2714}.Release.ActiveCfg = Release|Win32
		{CABCFD60-235C-4A01-8132-284F7D7E2714}.Release.Build.0 = Release|Win32
		{CABCFD60-235C-4A01-8132-284F7D7E2714}.Release MFC DLL.ActiveCfg = Release|Win32
		{CABCFD60-235C-4A01-8132-284F7D7E2714}.Release MFC DLL.Build.0 = Release|Win32
		{C29091C9-8D5B-41D9-9302-D6BE8D771902}.Debug.ActiveCfg = Debug|Win32
		{C29091C9-8D5B-41D9-9302-D6BE8D771902}.Debug.Build.0 = Debug|Win32
		{C29091C9-8D5B-41D9-9302-D6BE8D771902}.Debug MFC DLL.ActiveCfg = Debug|Win32
		{C29091C9-8D5B-41D9-9302-D6BE8D771902}.Debug MFC DLL.Build.0 = Debug|Win32
		{C29091C9-8D5B-41D9-9302-D6BE8D771902}.Final.ActiveCfg = Final|Win32
		{C29091C9-8D5B-41D9-9302-D6BE8D771902}.Final.Build.0 = Final|Win32
		{C29091C9-8D5B-41D9-9302-D6BE8D771902}.Final DE.ActiveCfg = Final|Win32
		{C29091C9-8D5B-41D9-9302-D6BE8D771902}.Final DE.Build.0 = Final|Win32
		{C29091C9-8D5B-41D9-9302-D6BE8D771902}.Final ES.ActiveCfg = Final|Win32
		{C29091C9-8D5B-41D9-9302-D6BE8D771902}.Final ES.Build.0 = Final|Win32
		{C29091C9-8D5B-41D9-9302-D6BE8D771902}.Final FR.ActiveCfg = Final|Win32
		{C29091C9-8D5B-41D9-9302-D6BE8D771902}.Final FR.Build.0 = Final|Win32
		{C29091C9-8D5B-41D9-9302-D6BE8D771902}.Final IT.ActiveCfg = Final|Win32
		{C29091C9-8D5B-41D9-9302-D6BE8D771902}.Final IT.Build.0 = Final|Win32
		{C29091C9-8D5B-41D9-9302-D6BE8D771902}.Final MFC DLL.ActiveCfg = Final|Win32
		{C29091C9-8D5B-41D9-9302-D6BE8D771902}.Final MFC DLL.Build.0 = Final|Win32
		{C29091C9-8D5B-41D9-9302-D6BE8D771902}.Release.ActiveCfg = Release|Win32
		{C29091C9-8D5B-41D9-9302-D6BE8D771902}.Release.Build.0 = Release|Win32
		{C29091C9-8D5B-41D9-9302-D6BE8D771902}.Release MFC DLL.ActiveCfg = Release|Win32
		{C29091C9-8D5B-41D9-9302-D6BE8D771902}.Release MFC DLL.Build.0 = Release|Win32
		{746AA05C-85DF-4D10-9BED-7E028ACBB50D}.Debug.ActiveCfg = Debug|Win32
		{746AA05C-85DF-4D10-9BED-7E028ACBB50D}.Debug.Build.0 = Debug|Win32
		{746AA05C-85DF-4D10-9BED-7E028ACBB50D}.Debug MFC DLL.ActiveCfg = Debug|Win32
		{746AA05C-85DF-4D10-9BED-7E028ACBB50D}.Debug MFC DLL.Build.0 = Debug|Win32
		{746AA05C-85DF-4D10-9BED-7E028ACBB50D}.Final.ActiveCfg = Final|Win32
		{746AA05C-85DF-4D10-9BED-7E028ACBB50D}.Final.Build.0 = Final|Win32
		{746AA05C-85DF-4D10-9BED-7E028ACBB50D}.Final DE.ActiveCfg = Final|Win32
		{746AA05C-85DF-4D10-9BED-7E028ACBB50D}.Final DE.Build.0 = Final|Win32
		{746AA05C-85DF-4D10-9BED-7E028ACBB50D}.Final ES.ActiveCfg = Final|Win32
		{746AA05C-85DF-4D10-9BED-7E028ACBB50D}.Final ES.Build.0 = Final|Win32
		{746AA05C-85DF-4D10-9BED-7E028ACBB50D}.Final FR.ActiveCfg = Final|Win32
		{746AA05C-85DF-4D10-9BED-7E028ACBB50D}.Final FR.Build.0 = Final|Win32
		{746AA05C-85DF-4D10-9BED-7E028ACBB50D}.Final IT.ActiveCfg = Final|Win32
		{746AA05C-85DF-4D10-9BED-7E028ACBB50D}.Final IT.Build.0 = Final|Win32
		{746AA05C-85DF-4D10-9BED-7E028ACBB50D}.Final MFC DLL.ActiveCfg = Final|Win32
		{746AA05C-85DF-4D10-9BED-7E028ACBB50D}.Final MFC DLL.Build.0 = Final|Win32
		{746AA05C-85DF-4D10-9BED-7E028ACBB50D}.Release.ActiveCfg = Release|Win32
		{746AA05C-85DF-4D10-9BED-7E028ACBB50D}.Release.Build.0 = Release|Win32
		{746AA05C-85DF-4D10-9BED-7E028ACBB50D}.Release MFC DLL.ActiveCfg = Release|Win32
		{746AA05C-85DF-4D10-9BED-7E028ACBB50D}.Release MFC DLL.Build.0 = Release|Win32
		{03CB6BF6-A11E-4EB4-A657-A6F49DFF77E8}.Debug.ActiveCfg = Debug|Win32
		{03CB6BF6-A11E-4EB4-A657-A6F49DFF77E8}.Debug.Build.0 = Debug|Win32
		{03CB6BF6-A11E-4EB4-A657-A6F49DFF77E8}.Debug MFC DLL.ActiveCfg = Debug|Win32
		{03CB6BF6-A11E-4EB4-A657-A6F49DFF77E8}.Debug MFC DLL.Build.0 = Debug|Win32
		{03CB6BF6-A11E-4EB4-A657-A6F49DFF77E8}.Final.ActiveCfg = Final|Win32
		{03CB6BF6-A11E-4EB4-A657-A6F49DFF77E8}.Final.Build.0 = Final|Win32
		{03CB6BF6-A11E-4EB4-A657-A6F49DFF77E8}.Final DE.ActiveCfg = Final|Win32
		{03CB6BF6-A11E-4EB4-A657-A6F49DFF77E8}.Final DE.Build.0 = Final|Win32
		{03CB6BF6-A11E-4EB4-A657-A6F49DFF77E8}.Final ES.ActiveCfg = Final|Win32
		{03CB6BF6-A11E-4EB4-A657-A6F49DFF77E8}.Final ES.Build.0 = Final|Win32
		{03CB6BF6-A11E-4EB4-A657-A6F49DFF77E8}.Final FR.ActiveCfg = Final|Win32
		{03CB6BF6-A11E-4EB4-A657-A6F49DFF77E8}.Final FR.Build.0 = Final|Win32
		{03CB6BF6-A11E-4EB4-A657-A6F49DFF77E8}.Final IT.ActiveCfg = Final|Win32
		{03CB6BF6-A11E-4EB4-A657-A6F49DFF77E8}.Final IT.Build.0 = Final|Win32
		{03CB6BF6-A11E-4EB4-A657-A6F49DFF77E8}.Final MFC DLL.ActiveCfg = Final|Win32
		{03CB6BF6-A11E-4EB4-A657-A6F49DFF77E8}.Final MFC DLL.Build.0 = Final|Win32
		{03CB6BF6-A11E-4EB4-A657-A6F49DFF77E8}.Release.ActiveCfg = Release|Win32
		{03CB6BF6-A11E-4EB4-A657-A6F49DFF77E8}.Release.Build.0 = Release|Win32
		{03CB6BF6-A11E-4EB4-A657-A6F49DFF77E8}.Release MFC DLL.ActiveCfg = Release|Win32
		{03CB6BF6-A11E-4EB4-A657-A6F49DFF77E8}.Release MFC DLL.Build.0 = Release|Win32
		{CDF189C8-F63C-4B4B-9050-634535DA1A7D}.Debug.ActiveCfg = Debug|Win32
		{CDF189C8-F63C-4B4B-9050-634535DA1A7D}.Debug.Build.0 = Debug|Win32
		{CDF189C8-F63C-4B4B-9050-634535DA1A7D}.Debug MFC DLL.ActiveCfg = Debug MFC DLL|Win32
		{CDF189C8-F63C-4B4B-9050-634535DA1A7D}.Debug MFC DLL.Build.0 = Debug MFC DLL|Win32
		{CDF189C8-F63C-4B4B-9050-634535DA1A7D}.Final.ActiveCfg = Final|Win32
		{CDF189C8-F63C-4B4B-9050-634535DA1A7D}.Final.Build.0 = Final|Win32
		{CDF189C8-F63C-4B4B-9050-634535DA1A7D}.Final DE.ActiveCfg = Final MFC DLL|Win32
		{CDF189C8-F63C-4B4B-9050-634535DA1A7D}.Final DE.Build.0 = Final MFC DLL|Win32
		{CDF189C8-F63C-4B4B-9050-634535DA1A7D}.Final ES.ActiveCfg = Final MFC DLL|Win32
		{CDF189C8-F63C-4B4B-9050-634535DA1A7D}.Final ES.Build.0 = Final MFC DLL|Win32
		{CDF189C8-F63C-4B4B-9050-634535DA1A7D}.Final FR.ActiveCfg = Final MFC DLL|Win32
		{CDF189C8-F63C-4B4B-9050-634535DA1A7D}.Final FR.Build.0 = Final MFC DLL|Win32
		{CDF189C8-F63C-4B4B-9050-634535DA1A7D}.Final IT.ActiveCfg = Final MFC DLL|Win32
		{CDF189C8-F63C-4B4B-9050-634535DA1A7D}.Final IT.Build.0 = Final MFC DLL|Win32
		{CDF189C8-F63C-4B4B-9050-634535DA1A7D}.Final MFC DLL.ActiveCfg = Final MFC DLL|Win32
		{CDF189C8-F63C-4B4B-9050-634535DA1A7D}.Final MFC DLL.Build.0 = Final MFC DLL|Win32
		{CDF189C8-F63C-4B4B-9050-634535DA1A7D}.Release.ActiveCfg = Release|Win32
		{CDF189C8-F63C-4B4B-9050-634535DA1A7D}.Release.Build.0 = Release|Win32
		{CDF189C8-F63C-4B4B-9050-634535DA1A7D}.Release MFC DLL.ActiveCfg = Release MFC DLL|Win32
		{CDF189C8-F63C-4B4B-9050-634535DA1A7D}.Release MFC DLL.Build.0 = Release MFC DLL|Win32
		{4D71855A-6759-4D91-A3E5-C7B71A816477}.Debug.ActiveCfg = Debug|Win32
		{4D71855A-6759-4D91-A3E5-C7B71A816477}.Debug.Build.0 = Debug|Win32
		{4D71855A-6759-4D91-A3E5-C7B71A816477}.Debug MFC DLL.ActiveCfg = Debug MFC DLL|Win32
		{4D71855A-6759-4D91-A3E5-C7B71A816477}.Debug MFC DLL.Build.0 = Debug MFC DLL|Win32
		{4D71855A-6759-4D91-A3E5-C7B71A816477}.Final.ActiveCfg = Final|Win32
		{4D71855A-6759-4D91-A3E5-C7B71A816477}.Final.Build.0 = Final|Win32
		{4D71855A-6759-4D91-A3E5-C7B71A816477}.Final DE.ActiveCfg = Final MFC DLL|Win32
		{4D71855A-6759-4D91-A3E5-C7B71A816477}.Final DE.Build.0 = Final MFC DLL|Win32
		{4D71855A-6759-4D91-A3E5-C7B71A816477}.Final ES.ActiveCfg = Final MFC DLL|Win32
		{4D71855A-6759-4D91-A3E5-C7B71A816477}.Final ES.Build.0 = Final MFC DLL|Win32
		{4D71855A-6759-4D91-A3E5-C7B71A816477}.Final FR.ActiveCfg = Final MFC DLL|Win32
		{4D71855A-6759-4D91-A3E5-C7B71A816477}.Final FR.Build.0 = Final MFC DLL|Win32
		{4D71855A-6759-4D91-A3E5-C7B71A816477}.Final IT.ActiveCfg = Final MFC DLL|Win32
		{4D71855A-6759-4D91-A3E5-C7B71A816477}.Final IT.Build.0 = Final MFC DLL|Win32
		{4D71855A-6759-4D91-A3E5-C7B71A816477}.Final MFC DLL.ActiveCfg = Final MFC DLL|Win32
		{4D71855A-6759-4D91-A3E5-C7B71A816477}.Final MFC DLL.Build.0 = Final MFC DLL|Win32
		{4D71855A-6759-4D91-A3E5-C7B71A816477}.Release.ActiveCfg = Release|Win32
		{4D71855A-6759-4D91-A3E5-C7B71A816477}.Release.Build.0 = Release|Win32
		{4D71855A-6759-4D91-A3E5-C7B71A816477}.Release MFC DLL.ActiveCfg = Release MFC DLL|Win32
		{4D71855A-6759-4D91-A3E5-C7B71A816477}.Release MFC DLL.Build.0 = Release MFC DLL|Win32
		{1B1401D4-CC33-4113-B220-73146A036DB7}.Debug.ActiveCfg = Debug|Win32
		{1B1401D4-CC33-4113-B220-73146A036DB7}.Debug.Build.0 = Debug|Win32
		{1B1401D4-CC33-4113-B220-73146A036DB7}.Debug MFC DLL.ActiveCfg = Debug|Win32
		{1B1401D4-CC33-4113-B220-73146A036DB7}.Debug MFC DLL.Build.0 = Debug|Win32
		{1B1401D4-CC33-4113-B220-73146A036DB7}.Final.ActiveCfg = Final|Win32
		{1B1401D4-CC33-4113-B220-73146A036DB7}.Final.Build.0 = Final|Win32
		{1B1401D4-CC33-4113-B220-73146A036DB7}.Final DE.ActiveCfg = Final|Win32
		{1B1401D4-CC33-4113-B220-73146A036DB7}.Final DE.Build.0 = Final|Win32
		{1B1401D4-CC33-4113-B220-73146A036DB7}.Final ES.ActiveCfg = Final|Win32
		{1B1401D4-CC33-4113-B220-73146A036DB7}.Final ES.Build.0 = Final|Win32
		{1B1401D4-CC33-4113-B220-73146A036DB7}.Final FR.ActiveCfg = Final|Win32
		{1B1401D4-CC33-4113-B220-73146A036DB7}.Final FR.Build.0 = Final|Win32
		{1B1401D4-CC33-4113-B220-73146A036DB7}.Final IT.ActiveCfg = Final|Win32
		{1B1401D4-CC33-4113-B220-73146A036DB7}.Final IT.Build.0 = Final|Win32
		{1B1401D4-CC33-4113-B220-73146A036DB7}.Final MFC DLL.ActiveCfg = Final|Win32
		{1B1401D4-CC33-4113-B220-73146A036DB7}.Final MFC DLL.Build.0 = Final|Win32
		{1B1401D4-CC33-4113-B220-73146A036DB7}.Release.ActiveCfg = Release|Win32
		{1B1401D4-CC33-4113-B220-73146A036DB7}.Release.Build.0 = Release|Win32
		{1B1401D4-CC33-4113-B220-73146A036DB7}.Release MFC DLL.ActiveCfg = Release|Win32
		{1B1401D4-CC33-4113-B220-73146A036DB7}.Release MFC DLL.Build.0 = Release|Win32
	EndGlobalSection
	GlobalSection(ExtensibilityGlobals) = postSolution
	EndGlobalSection
	GlobalSection(ExtensibilityAddIns) = postSolution
	EndGlobalSection
EndGlobal
