<?xml version="1.0" encoding="utf-8"?>
<Project ToolsVersion="4.0" xmlns="http://schemas.microsoft.com/developer/msbuild/2003">
  <ItemGroup>
    <Filter Include="Source Files">
      <UniqueIdentifier>{bcde897f-4282-417f-9861-43a099fb0315}</UniqueIdentifier>
      <Extensions>cpp;c;cxx;rc;def;r;odl;idl;hpj;bat</Extensions>
    </Filter>
    <Filter Include="Header Files">
      <UniqueIdentifier>{3594397b-4093-4499-8c47-e390626aa79a}</UniqueIdentifier>
      <Extensions>h;hpp;hxx;hm;inl</Extensions>
    </Filter>
  </ItemGroup>
  <ItemGroup>
    <ClCompile Include="ActivateObjectFX.cpp">
      <Filter>Source Files</Filter>
    </ClCompile>
    <ClCompile Include="..\..\Shared\ActivateTypeMgr.cpp">
      <Filter>Source Files</Filter>
    </ClCompile>
    <ClCompile Include="..\..\Shared\Animator.cpp">
      <Filter>Source Files</Filter>
    </ClCompile>
    <ClCompile Include="..\..\Shared\AssertMgr.cpp">
      <Filter>Source Files</Filter>
    </ClCompile>
    <ClCompile Include="..\..\Shared\AttachButeMgr.cpp">
      <Filter>Source Files</Filter>
    </ClCompile>
    <ClCompile Include="BaseLineSystemFX.cpp">
      <Filter>Source Files</Filter>
    </ClCompile>
    <ClCompile Include="BaseMenu.cpp">
      <Filter>Source Files</Filter>
    </ClCompile>
    <ClCompile Include="BaseParticleSystemFX.cpp">
      <Filter>Source Files</Filter>
    </ClCompile>
    <ClCompile Include="BasePolyDrawFX.cpp">
      <Filter>Source Files</Filter>
    </ClCompile>
    <ClCompile Include="BaseScaleFX.cpp">
      <Filter>Source Files</Filter>
    </ClCompile>
    <ClCompile Include="BaseScreen.cpp">
      <Filter>Source Files</Filter>
    </ClCompile>
    <ClCompile Include="BeamFX.cpp">
      <Filter>Source Files</Filter>
    </ClCompile>
    <ClCompile Include="BodyFX.cpp">
      <Filter>Source Files</Filter>
    </ClCompile>
    <ClCompile Include="BulletTrailFX.cpp">
      <Filter>Source Files</Filter>
    </ClCompile>
    <ClCompile Include="..\..\Shared\ButeListReader.cpp">
      <Filter>Source Files</Filter>
    </ClCompile>
    <ClCompile Include="CameraOffsetMgr.cpp">
      <Filter>Source Files</Filter>
    </ClCompile>
    <ClCompile Include="ChainedFX.cpp">
      <Filter>Source Files</Filter>
    </ClCompile>
    <ClCompile Include="CharacterFX.cpp">
      <Filter>Source Files</Filter>
    </ClCompile>
    <ClCompile Include="CheatMgr.cpp">
      <Filter>Source Files</Filter>
    </ClCompile>
    <ClCompile Include="client_physics.cpp">
      <Filter>Source Files</Filter>
    </ClCompile>
    <ClCompile Include="ClientButeMgr.cpp">
      <Filter>Source Files</Filter>
    </ClCompile>
    <ClCompile Include="ClientFXDB.cpp">
      <Filter>Source Files</Filter>
    </ClCompile>
    <ClCompile Include="ClientFXMgr.cpp">
      <Filter>Source Files</Filter>
    </ClCompile>
    <ClCompile Include="ClientInfoMgr.cpp">
      <Filter>Source Files</Filter>
    </ClCompile>
    <ClCompile Include="ClientMultiplayerMgr.cpp">
      <Filter>Source Files</Filter>
    </ClCompile>
    <ClCompile Include="ClientSaveLoadMgr.cpp">
      <Filter>Source Files</Filter>
    </ClCompile>
    <ClCompile Include="..\..\Shared\ClientServerShared.cpp">
      <Filter>Source Files</Filter>
    </ClCompile>
    <ClCompile Include="ClientSoundMgr.cpp">
      <Filter>Source Files</Filter>
    </ClCompile>
    <ClCompile Include="ClientTrackedNodeContext.cpp">
      <Filter>Source Files</Filter>
    </ClCompile>
    <ClCompile Include="ClientTrackedNodeMgr.cpp">
      <Filter>Source Files</Filter>
    </ClCompile>
    <ClCompile Include="ClientUtilities.cpp">
      <Filter>Source Files</Filter>
    </ClCompile>
    <ClCompile Include="ClientWeapon.cpp">
      <Filter>Source Files</Filter>
    </ClCompile>
    <ClCompile Include="ClientWeaponMgr.cpp">
      <Filter>Source Files</Filter>
    </ClCompile>
    <ClCompile Include="ClientWeaponUtils.cpp">
      <Filter>Source Files</Filter>
    </ClCompile>
    <ClCompile Include="CMoveMgr.cpp">
      <Filter>Source Files</Filter>
    </ClCompile>
    <ClCompile Include="..\..\Shared\CommonUtilities.cpp">
      <Filter>Source Files</Filter>
    </ClCompile>
    <ClCompile Include="..\..\Shared\CRC32.cpp">
      <Filter>Source Files</Filter>
    </ClCompile>
    <ClCompile Include="Credits.cpp">
      <Filter>Source Files</Filter>
    </ClCompile>
    <ClCompile Include="CursorMgr.cpp">
      <Filter>Source Files</Filter>
    </ClCompile>
    <ClCompile Include="DamageFXMgr.cpp">
      <Filter>Source Files</Filter>
    </ClCompile>
    <ClCompile Include="..\..\Shared\DamageTypes.cpp">
      <Filter>Source Files</Filter>
    </ClCompile>
    <ClCompile Include="DeathFX.cpp">
      <Filter>Source Files</Filter>
    </ClCompile>
    <ClCompile Include="DebrisFX.cpp">
      <Filter>Source Files</Filter>
    </ClCompile>
    <ClCompile Include="..\..\Shared\DebrisMgr.cpp">
      <Filter>Source Files</Filter>
    </ClCompile>
    <ClCompile Include="..\..\Shared\DebugLine.cpp">
      <Filter>Source Files</Filter>
    </ClCompile>
    <ClCompile Include="DebugLineFX.cpp">
      <Filter>Source Files</Filter>
    </ClCompile>
    <ClCompile Include="..\..\Shared\DebugNew.cpp">
      <Filter>Source Files</Filter>
    </ClCompile>
    <ClCompile Include="DoomsdayPieceFX.cpp">
      <Filter>Source Files</Filter>
    </ClCompile>
    <ClCompile Include="DynamicLightFX.cpp">
      <Filter>Source Files</Filter>
    </ClCompile>
    <ClCompile Include="DynamicOccluderVolumeFX.cpp">
      <Filter>Source Files</Filter>
    </ClCompile>
    <ClCompile Include="ExplosionFX.cpp">
      <Filter>Source Files</Filter>
    </ClCompile>
    <ClCompile Include="FireFX.cpp">
      <Filter>Source Files</Filter>
    </ClCompile>
    <ClCompile Include="FlashLight.cpp">
      <Filter>Source Files</Filter>
    </ClCompile>
    <ClCompile Include="FullScreenTint.cpp">
      <Filter>Source Files</Filter>
    </ClCompile>
    <ClCompile Include="..\..\Shared\FXButeMgr.cpp">
      <Filter>Source Files</Filter>
    </ClCompile>
    <ClCompile Include="..\..\Shared\FXStructs.cpp">
      <Filter>Source Files</Filter>
    </ClCompile>
    <ClCompile Include="GadgetDisabler.cpp">
      <Filter>Source Files</Filter>
    </ClCompile>
    <ClCompile Include="GadgetTargetFX.cpp">
      <Filter>Source Files</Filter>
    </ClCompile>
    <ClCompile Include="..\..\Shared\GameAlloc.cpp">
      <Filter>Source Files</Filter>
    </ClCompile>
    <ClCompile Include="..\..\Shared\GameButeMgr.cpp">
      <Filter>Source Files</Filter>
    </ClCompile>
    <ClCompile Include="GameClientShell.cpp">
      <Filter>Source Files</Filter>
    </ClCompile>
    <ClCompile Include="GameSettings.cpp">
      <Filter>Source Files</Filter>
    </ClCompile>
    <ClCompile Include="GibFX.cpp">
      <Filter>Source Files</Filter>
    </ClCompile>
    <ClCompile Include="GlobalClientMgr.cpp">
      <Filter>Source Files</Filter>
    </ClCompile>
    <ClCompile Include="..\..\Shared\GlobalMgr.cpp">
      <Filter>Source Files</Filter>
    </ClCompile>
    <ClCompile Include="HeadBobMgr.cpp">
      <Filter>Source Files</Filter>
    </ClCompile>
    <ClCompile Include="HitBox.cpp">
      <Filter>Source Files</Filter>
    </ClCompile>
    <ClCompile Include="HUDBar.cpp">
      <Filter>Source Files</Filter>
    </ClCompile>
    <ClCompile Include="HUDChatInput.cpp">
      <Filter>Source Files</Filter>
    </ClCompile>
    <ClCompile Include="HUDDamage.cpp">
      <Filter>Source Files</Filter>
    </ClCompile>
    <ClCompile Include="HUDDecision.cpp">
      <Filter>Source Files</Filter>
    </ClCompile>
    <ClCompile Include="HUDDisplayMeter.cpp">
      <Filter>Source Files</Filter>
    </ClCompile>
    <ClCompile Include="HUDDistance.cpp">
      <Filter>Source Files</Filter>
    </ClCompile>
    <ClCompile Include="..\TO2\HUDHealth.cpp">
      <Filter>Source Files</Filter>
    </ClCompile>
    <ClCompile Include="HUDMessage.cpp">
      <Filter>Source Files</Filter>
    </ClCompile>
    <ClCompile Include="HUDMessageQueue.cpp">
      <Filter>Source Files</Filter>
    </ClCompile>
    <ClCompile Include="HUDMeter.cpp">
      <Filter>Source Files</Filter>
    </ClCompile>
    <ClCompile Include="HUDMgr.cpp">
      <Filter>Source Files</Filter>
    </ClCompile>
    <ClCompile Include="HUDMissionText.cpp">
      <Filter>Source Files</Filter>
    </ClCompile>
    <ClCompile Include="HUDPaused.cpp">
      <Filter>Source Files</Filter>
    </ClCompile>
    <ClCompile Include="HUDPopup.cpp">
      <Filter>Source Files</Filter>
    </ClCompile>
    <ClCompile Include="HUDRadar.cpp">
      <Filter>Source Files</Filter>
    </ClCompile>
    <ClCompile Include="HUDScores.cpp">
      <Filter>Source Files</Filter>
    </ClCompile>
    <ClCompile Include="HUDSubtitles.cpp">
      <Filter>Source Files</Filter>
    </ClCompile>
    <ClCompile Include="HUDTransmission.cpp">
      <Filter>Source Files</Filter>
    </ClCompile>
    <ClCompile Include="..\..\..\Engine\sdk\inc\iltbaseclass.cpp">
      <Filter>Source Files</Filter>
    </ClCompile>
    <ClCompile Include="IntelItemList.cpp">
      <Filter>Source Files</Filter>
    </ClCompile>
    <ClCompile Include="InterfaceMgr.cpp">
      <Filter>Source Files</Filter>
    </ClCompile>
    <ClCompile Include="InterfaceResMgr.cpp">
      <Filter>Source Files</Filter>
    </ClCompile>
    <ClCompile Include="InterfaceSurfMgr.cpp">
      <Filter>Source Files</Filter>
    </ClCompile>
    <ClCompile Include="InterfaceTimer.cpp">
      <Filter>Source Files</Filter>
    </ClCompile>
    <ClCompile Include="IpMgr.cpp">
      <Filter>Source Files</Filter>
    </ClCompile>
    <ClCompile Include="JumpVolumeFX.cpp">
      <Filter>Source Files</Filter>
    </ClCompile>
    <ClCompile Include="..\..\Shared\KeyMgr.cpp">
      <Filter>Source Files</Filter>
    </ClCompile>
    <ClCompile Include="LaserBeam.cpp">
      <Filter>Source Files</Filter>
    </ClCompile>
    <ClCompile Include="LaserTriggerFX.cpp">
      <Filter>Source Files</Filter>
    </ClCompile>
    <ClCompile Include="LayoutMgr.cpp">
      <Filter>Source Files</Filter>
    </ClCompile>
    <ClCompile Include="LeanMgr.cpp">
      <Filter>Source Files</Filter>
    </ClCompile>
    <ClCompile Include="LensFlareFX.cpp">
      <Filter>Source Files</Filter>
    </ClCompile>
    <ClCompile Include="LightFX.cpp">
      <Filter>Source Files</Filter>
    </ClCompile>
    <ClCompile Include="LightGroupFX.cpp">
      <Filter>Source Files</Filter>
    </ClCompile>
    <ClCompile Include="LightningFX.cpp">
      <Filter>Source Files</Filter>
    </ClCompile>
    <ClCompile Include="LightScaleMgr.cpp">
      <Filter>Source Files</Filter>
    </ClCompile>
    <ClCompile Include="LineSystemFX.cpp">
      <Filter>Source Files</Filter>
    </ClCompile>
    <ClCompile Include="LoadingScreen.cpp">
      <Filter>Source Files</Filter>
    </ClCompile>
    <ClCompile Include="..\..\..\Engine\sdk\inc\LTEulerAngles.cpp">
      <Filter>Source Files</Filter>
    </ClCompile>
    <ClCompile Include="..\..\..\Engine\sdk\inc\ltmodule.cpp">
      <Filter>Source Files</Filter>
    </ClCompile>
    <ClCompile Include="..\..\..\Engine\sdk\inc\ltobjref.cpp">
      <Filter>Source Files</Filter>
    </ClCompile>
    <ClCompile Include="..\..\..\Engine\sdk\inc\ltquatbase.cpp">
      <Filter>Source Files</Filter>
    </ClCompile>
    <ClCompile Include="MarkSFX.cpp">
      <Filter>Source Files</Filter>
    </ClCompile>
    <ClCompile Include="MenuIntel.cpp">
      <Filter>Source Files</Filter>
    </ClCompile>
    <ClCompile Include="MenuInventory.cpp">
      <Filter>Source Files</Filter>
    </ClCompile>
    <ClCompile Include="MenuKeys.cpp">
      <Filter>Source Files</Filter>
    </ClCompile>
    <ClCompile Include="MenuMgr.cpp">
      <Filter>Source Files</Filter>
    </ClCompile>
    <ClCompile Include="MenuMission.cpp">
      <Filter>Source Files</Filter>
    </ClCompile>
    <ClCompile Include="MenuPlayer.cpp">
      <Filter>Source Files</Filter>
    </ClCompile>
    <ClCompile Include="MenuSystem.cpp">
      <Filter>Source Files</Filter>
    </ClCompile>
    <ClCompile Include="MessageBox.cpp">
      <Filter>Source Files</Filter>
    </ClCompile>
    <ClCompile Include="MineFX.cpp">
      <Filter>Source Files</Filter>
    </ClCompile>
    <ClCompile Include="..\..\Shared\MissionButeMgr.cpp">
      <Filter>Source Files</Filter>
    </ClCompile>
    <ClCompile Include="MissionMgr.cpp">
      <Filter>Source Files</Filter>
    </ClCompile>
    <ClCompile Include="..\..\Shared\ModelButeMgr.cpp">
      <Filter>Source Files</Filter>
    </ClCompile>
    <ClCompile Include="Music.cpp">
      <Filter>Source Files</Filter>
    </ClCompile>
    <ClCompile Include="MuzzleFlashFX.cpp">
      <Filter>Source Files</Filter>
    </ClCompile>
    <ClCompile Include="MuzzleFlashParticleFX.cpp">
      <Filter>Source Files</Filter>
    </ClCompile>
    <ClCompile Include="..\..\Shared\NetDefs.cpp">
      <Filter>Source Files</Filter>
    </ClCompile>
    <ClCompile Include="NodeController.cpp">
      <Filter>Source Files</Filter>
    </ClCompile>
    <ClCompile Include="NodeLinesFX.cpp">
      <Filter>Source Files</Filter>
    </ClCompile>
    <ClCompile Include="ObjectiveControl.cpp">
      <Filter>Source Files</Filter>
    </ClCompile>
    <ClCompile Include="ObjSpriteFX.cpp">
      <Filter>Source Files</Filter>
    </ClCompile>
    <ClCompile Include="..\..\Shared\ParsedMsg.cpp">
      <Filter>Source Files</Filter>
    </ClCompile>
    <ClCompile Include="ParticleExplosionFX.cpp">
      <Filter>Source Files</Filter>
    </ClCompile>
    <ClCompile Include="ParticleShowerFX.cpp">
      <Filter>Source Files</Filter>
    </ClCompile>
    <ClCompile Include="ParticleSystemFX.cpp">
      <Filter>Source Files</Filter>
    </ClCompile>
    <ClCompile Include="ParticleTrailFX.cpp">
      <Filter>Source Files</Filter>
    </ClCompile>
    <ClCompile Include="ParticleTrailSegmentFX.cpp">
      <Filter>Source Files</Filter>
    </ClCompile>
    <ClCompile Include="PerformanceMgr.cpp">
      <Filter>Source Files</Filter>
    </ClCompile>
    <ClCompile Include="PerformanceTest.cpp">
      <Filter>Source Files</Filter>
    </ClCompile>
    <ClCompile Include="PickupItemFX.cpp">
      <Filter>Source Files</Filter>
    </ClCompile>
    <ClCompile Include="PlayerCamera.cpp">
      <Filter>Source Files</Filter>
    </ClCompile>
    <ClCompile Include="PlayerLureFX.cpp">
      <Filter>Source Files</Filter>
    </ClCompile>
    <ClCompile Include="PlayerMgr.cpp">
      <Filter>Source Files</Filter>
    </ClCompile>
    <ClCompile Include="PlayerSoundFX.cpp">
      <Filter>Source Files</Filter>
    </ClCompile>
    <ClCompile Include="PlayerStats.cpp">
      <Filter>Source Files</Filter>
    </ClCompile>
    <ClCompile Include="PlayerVehicleFX.cpp">
      <Filter>Source Files</Filter>
    </ClCompile>
    <ClCompile Include="PlayerViewAttachmentMgr.cpp">
      <Filter>Source Files</Filter>
    </ClCompile>
    <ClCompile Include="PolyDebrisFX.cpp">
      <Filter>Source Files</Filter>
    </ClCompile>
    <ClCompile Include="PolyGridFX.cpp">
      <Filter>Source Files</Filter>
    </ClCompile>
    <ClCompile Include="PolyLineFX.cpp">
      <Filter>Source Files</Filter>
    </ClCompile>
    <ClCompile Include="PopupMgr.cpp">
      <Filter>Source Files</Filter>
    </ClCompile>
    <ClCompile Include="PopupText.cpp">
      <Filter>Source Files</Filter>
    </ClCompile>
    <ClCompile Include="ProfileMgr.cpp">
      <Filter>Source Files</Filter>
    </ClCompile>
    <ClCompile Include="..\..\Shared\ProfileUtils.cpp">
      <Filter>Source Files</Filter>
    </ClCompile>
    <ClCompile Include="ProjectileFX.cpp">
      <Filter>Source Files</Filter>
    </ClCompile>
    <ClCompile Include="PVFXMgr.cpp">
      <Filter>Source Files</Filter>
    </ClCompile>
    <ClCompile Include="RadarObjectFX.cpp">
      <Filter>Source Files</Filter>
    </ClCompile>
    <ClCompile Include="..\..\Shared\RadarTypeMgr.cpp">
      <Filter>Source Files</Filter>
    </ClCompile>
    <ClCompile Include="RagDoll.cpp">
      <Filter>Source Files</Filter>
    </ClCompile>
    <ClCompile Include="RagDollConstraint.cpp">
      <Filter>Source Files</Filter>
    </ClCompile>
    <ClCompile Include="RandomSparksFX.cpp">
      <Filter>Source Files</Filter>
    </ClCompile>
    <ClCompile Include="..\..\Shared\SaveLoadMgr.cpp">
      <Filter>Source Files</Filter>
    </ClCompile>
    <ClCompile Include="ScatterFX.cpp">
      <Filter>Source Files</Filter>
    </ClCompile>
    <ClCompile Include="..\..\Shared\ScmdConsole.cpp">
      <Filter>Source Files</Filter>
    </ClCompile>
    <ClCompile Include="ScmdConsoleDriver_CShell.cpp">
      <Filter>Source Files</Filter>
    </ClCompile>
    <ClCompile Include="ScreenMgr.cpp">
      <Filter>Source Files</Filter>
    </ClCompile>
    <ClCompile Include="ScreenPostload.cpp">
      <Filter>Source Files</Filter>
    </ClCompile>
    <ClCompile Include="ScreenPreload.cpp">
      <Filter>Source Files</Filter>
    </ClCompile>
    <ClCompile Include="ScreenSpriteMgr.cpp">
      <Filter>Source Files</Filter>
    </ClCompile>
    <ClCompile Include="ScreenTintMgr.cpp">
      <Filter>Source Files</Filter>
    </ClCompile>
    <ClCompile Include="Searcher.cpp">
      <Filter>Source Files</Filter>
    </ClCompile>
    <ClCompile Include="..\..\Shared\SearchItemMgr.cpp">
      <Filter>Source Files</Filter>
    </ClCompile>
    <ClCompile Include="SearchLightFX.cpp">
      <Filter>Source Files</Filter>
    </ClCompile>
    <ClCompile Include="SFXMgr.cpp">
      <Filter>Source Files</Filter>
    </ClCompile>
    <ClCompile Include="..\..\Shared\SharedFXStructs.cpp">
      <Filter>Source Files</Filter>
    </ClCompile>
    <ClCompile Include="..\..\Shared\SharedMission.cpp">
      <Filter>Source Files</Filter>
    </ClCompile>
    <ClCompile Include="..\..\Shared\SharedScoring.cpp">
      <Filter>Source Files</Filter>
    </ClCompile>
    <ClCompile Include="ShellCasingFX.cpp">
      <Filter>Source Files</Filter>
    </ClCompile>
    <ClCompile Include="SkillControl.cpp">
      <Filter>Source Files</Filter>
    </ClCompile>
    <ClCompile Include="..\..\Shared\SkillsButeMgr.cpp">
      <Filter>Source Files</Filter>
    </ClCompile>
    <ClCompile Include="SmokeFX.cpp">
      <Filter>Source Files</Filter>
    </ClCompile>
    <ClCompile Include="SnowFX.cpp">
      <Filter>Source Files</Filter>
    </ClCompile>
    <ClCompile Include="..\..\Shared\SoundButeMgr.cpp">
      <Filter>Source Files</Filter>
    </ClCompile>
    <ClCompile Include="..\..\Shared\SoundFilterMgr.cpp">
      <Filter>Source Files</Filter>
    </ClCompile>
    <ClCompile Include="SoundFX.cpp">
      <Filter>Source Files</Filter>
    </ClCompile>
    <ClCompile Include="..\..\Shared\SoundMgr.cpp">
      <Filter>Source Files</Filter>
    </ClCompile>
    <ClCompile Include="Sparam.cpp">
      <Filter>Source Files</Filter>
    </ClCompile>
    <ClCompile Include="SpecialFXList.cpp">
      <Filter>Source Files</Filter>
    </ClCompile>
    <ClCompile Include="sprinklesfx.cpp">
      <Filter>Source Files</Filter>
    </ClCompile>
    <ClCompile Include="..\..\Shared\stacktrace.cpp">
      <Filter>Source Files</Filter>
    </ClCompile>
    <ClCompile Include="StdAfx.cpp">
      <Filter>Source Files</Filter>
    </ClCompile>
    <ClCompile Include="SteamFX.cpp">
      <Filter>Source Files</Filter>
    </ClCompile>
    <ClCompile Include="..\..\Shared\SurfaceFunctions.cpp">
      <Filter>Source Files</Filter>
    </ClCompile>
    <ClCompile Include="..\..\Shared\SurfaceMgr.cpp">
      <Filter>Source Files</Filter>
    </ClCompile>
    <ClCompile Include="TargetMgr.cpp">
      <Filter>Source Files</Filter>
    </ClCompile>
    <ClCompile Include="..\..\Shared\TeamMgr.cpp">
      <Filter>Source Files</Filter>
    </ClCompile>
    <ClCompile Include="..\..\Shared\TemplateList.cpp">
      <Filter>Source Files</Filter>
    </ClCompile>
    <ClCompile Include="TextureFXMgr.cpp">
      <Filter>Source Files</Filter>
    </ClCompile>
    <ClCompile Include="TimedText.cpp">
      <Filter>Source Files</Filter>
    </ClCompile>
    <ClCompile Include="TracerFX.cpp">
      <Filter>Source Files</Filter>
    </ClCompile>
    <ClCompile Include="..\..\Shared\TrackedNode.cpp">
      <Filter>Source Files</Filter>
    </ClCompile>
    <ClCompile Include="..\..\Shared\TrackedNodeContext.cpp">
      <Filter>Source Files</Filter>
    </ClCompile>
    <ClCompile Include="..\..\Shared\TrackedNodeControlFn.cpp">
      <Filter>Source Files</Filter>
    </ClCompile>
    <ClCompile Include="..\..\Shared\TrackedNodeMgr.cpp">
      <Filter>Source Files</Filter>
    </ClCompile>
    <ClCompile Include="TransitionFXMgr.cpp">
      <Filter>Source Files</Filter>
    </ClCompile>
    <ClCompile Include="TriggerFX.cpp">
      <Filter>Source Files</Filter>
    </ClCompile>
    <ClCompile Include="..\..\Shared\TriggerTypeMgr.cpp">
      <Filter>Source Files</Filter>
    </ClCompile>
    <ClCompile Include="..\..\Shared\UberAssert.cpp">
      <Filter>Source Files</Filter>
    </ClCompile>
    <ClCompile Include="VehicleMgr.cpp">
      <Filter>Source Files</Filter>
    </ClCompile>
    <ClCompile Include="..\..\Shared\VersionMgr.cpp">
      <Filter>Source Files</Filter>
    </ClCompile>
    <ClCompile Include="VisionModeMgr.cpp">
      <Filter>Source Files</Filter>
    </ClCompile>
    <ClCompile Include="VKDefs.cpp">
      <Filter>Source Files</Filter>
    </ClCompile>
    <ClCompile Include="..\..\Shared\WaveFn.cpp">
      <Filter>Source Files</Filter>
    </ClCompile>
    <ClCompile Include="WeaponChooser.cpp">
      <Filter>Source Files</Filter>
    </ClCompile>
    <ClCompile Include="WeaponFX.cpp">
      <Filter>Source Files</Filter>
    </ClCompile>
    <ClCompile Include="..\..\Shared\WeaponMgr.cpp">
      <Filter>Source Files</Filter>
    </ClCompile>
    <ClCompile Include="WeatherFX.cpp">
      <Filter>Source Files</Filter>
    </ClCompile>
    <ClCompile Include="..\..\Shared\WinUtil.cpp">
      <Filter>Source Files</Filter>
    </ClCompile>
  </ItemGroup>
  <ItemGroup>
    <ClInclude Include="ActivateObjectFX.h">
      <Filter>Header Files</Filter>
    </ClInclude>
    <ClInclude Include="..\..\Shared\ActivateTypeMgr.h">
      <Filter>Header Files</Filter>
    </ClInclude>
    <ClInclude Include="..\..\Shared\ActivationData.h">
      <Filter>Header Files</Filter>
    </ClInclude>
    <ClInclude Include="BaseLineSystemFX.h">
      <Filter>Header Files</Filter>
    </ClInclude>
    <ClInclude Include="BaseMenu.h">
      <Filter>Header Files</Filter>
    </ClInclude>
    <ClInclude Include="BaseParticleSystemFX.h">
      <Filter>Header Files</Filter>
    </ClInclude>
    <ClInclude Include="BasePolyDrawFX.h">
      <Filter>Header Files</Filter>
    </ClInclude>
    <ClInclude Include="BaseScaleFX.h">
      <Filter>Header Files</Filter>
    </ClInclude>
    <ClInclude Include="BaseScreen.h">
      <Filter>Header Files</Filter>
    </ClInclude>
    <ClInclude Include="BeamFX.h">
      <Filter>Header Files</Filter>
    </ClInclude>
    <ClInclude Include="BodyFX.h">
      <Filter>Header Files</Filter>
    </ClInclude>
    <ClInclude Include="BulletTrailFX.h">
      <Filter>Header Files</Filter>
    </ClInclude>
    <ClInclude Include="CameraFX.h">
      <Filter>Header Files</Filter>
    </ClInclude>
    <ClInclude Include="CameraOffsetMgr.h">
      <Filter>Header Files</Filter>
    </ClInclude>
    <ClInclude Include="ChainedFX.h">
      <Filter>Header Files</Filter>
    </ClInclude>
    <ClInclude Include="CharacterFX.h">
      <Filter>Header Files</Filter>
    </ClInclude>
    <ClInclude Include="CheatMgr.h">
      <Filter>Header Files</Filter>
    </ClInclude>
    <ClInclude Include="client_physics.h">
      <Filter>Header Files</Filter>
    </ClInclude>
    <ClInclude Include="ClientButeMgr.h">
      <Filter>Header Files</Filter>
    </ClInclude>
    <ClInclude Include="ClientFXDB.h">
      <Filter>Header Files</Filter>
    </ClInclude>
    <ClInclude Include="ClientFXMgr.h">
      <Filter>Header Files</Filter>
    </ClInclude>
    <ClInclude Include="ClientInfoMgr.h">
      <Filter>Header Files</Filter>
    </ClInclude>
    <ClInclude Include="ClientMultiplayerMgr.h">
      <Filter>Header Files</Filter>
    </ClInclude>
    <ClInclude Include="ClientSaveLoadMgr.h">
      <Filter>Header Files</Filter>
    </ClInclude>
    <ClInclude Include="..\..\Shared\ClientServerShared.h">
      <Filter>Header Files</Filter>
    </ClInclude>
    <ClInclude Include="ClientSoundMgr.h">
      <Filter>Header Files</Filter>
    </ClInclude>
    <ClInclude Include="ClientTrackedNodeContext.h">
      <Filter>Header Files</Filter>
    </ClInclude>
    <ClInclude Include="ClientTrackedNodeMgr.h">
      <Filter>Header Files</Filter>
    </ClInclude>
    <ClInclude Include="ClientUtilities.h">
      <Filter>Header Files</Filter>
    </ClInclude>
    <ClInclude Include="ClientWeapon.h">
      <Filter>Header Files</Filter>
    </ClInclude>
    <ClInclude Include="ClientWeaponAllocator.h">
      <Filter>Header Files</Filter>
    </ClInclude>
    <ClInclude Include="ClientWeaponBase.h">
      <Filter>Header Files</Filter>
    </ClInclude>
    <ClInclude Include="ClientWeaponMgr.h">
      <Filter>Header Files</Filter>
    </ClInclude>
    <ClInclude Include="ClientWeaponNone.h">
      <Filter>Header Files</Filter>
    </ClInclude>
    <ClInclude Include="ClientWeaponUtils.h">
      <Filter>Header Files</Filter>
    </ClInclude>
    <ClInclude Include="CMoveMgr.h">
      <Filter>Header Files</Filter>
    </ClInclude>
    <ClInclude Include="..\..\Shared\CRC32.h">
      <Filter>Header Files</Filter>
    </ClInclude>
    <ClInclude Include="Credits.h">
      <Filter>Header Files</Filter>
    </ClInclude>
    <ClInclude Include="CursorMgr.h">
      <Filter>Header Files</Filter>
    </ClInclude>
    <ClInclude Include="DamageFXMgr.h">
      <Filter>Header Files</Filter>
    </ClInclude>
    <ClInclude Include="DeathFX.h">
      <Filter>Header Files</Filter>
    </ClInclude>
    <ClInclude Include="DebrisFX.h">
      <Filter>Header Files</Filter>
    </ClInclude>
    <ClInclude Include="DebugLineFX.h">
      <Filter>Header Files</Filter>
    </ClInclude>
    <ClInclude Include="DoomsdayPieceFX.h">
      <Filter>Header Files</Filter>
    </ClInclude>
    <ClInclude Include="DynamicLightFX.h">
      <Filter>Header Files</Filter>
    </ClInclude>
    <ClInclude Include="ExplosionFX.h">
      <Filter>Header Files</Filter>
    </ClInclude>
    <ClInclude Include="FastList.h">
      <Filter>Header Files</Filter>
    </ClInclude>
    <ClInclude Include="FireFX.h">
      <Filter>Header Files</Filter>
    </ClInclude>
    <ClInclude Include="FlashLight.h">
      <Filter>Header Files</Filter>
    </ClInclude>
    <ClInclude Include="FullScreenTint.h">
      <Filter>Header Files</Filter>
    </ClInclude>
    <ClInclude Include="GadgetDisabler.h">
      <Filter>Header Files</Filter>
    </ClInclude>
    <ClInclude Include="GadgetTargetFX.h">
      <Filter>Header Files</Filter>
    </ClInclude>
    <ClInclude Include="GameButes.h">
      <Filter>Header Files</Filter>
    </ClInclude>
    <ClInclude Include="GameClientShell.h">
      <Filter>Header Files</Filter>
    </ClInclude>
    <ClInclude Include="GameSettings.h">
      <Filter>Header Files</Filter>
    </ClInclude>
    <ClInclude Include="GibFX.h">
      <Filter>Header Files</Filter>
    </ClInclude>
    <ClInclude Include="GlobalClientMgr.h">
      <Filter>Header Files</Filter>
    </ClInclude>
    <ClInclude Include="HeadBobMgr.h">
      <Filter>Header Files</Filter>
    </ClInclude>
    <ClInclude Include="HitBox.h">
      <Filter>Header Files</Filter>
    </ClInclude>
    <ClInclude Include="HUDBar.h">
      <Filter>Header Files</Filter>
    </ClInclude>
    <ClInclude Include="HUDChatInput.h">
      <Filter>Header Files</Filter>
    </ClInclude>
    <ClInclude Include="HUDDamage.h">
      <Filter>Header Files</Filter>
    </ClInclude>
    <ClInclude Include="HUDDecision.h">
      <Filter>Header Files</Filter>
    </ClInclude>
    <ClInclude Include="HUDDisplayMeter.h">
      <Filter>Header Files</Filter>
    </ClInclude>
    <ClInclude Include="HUDDistance.h">
      <Filter>Header Files</Filter>
    </ClInclude>
    <ClInclude Include="..\TO2\HUDHealth.h">
      <Filter>Header Files</Filter>
    </ClInclude>
    <ClInclude Include="HUDItem.h">
      <Filter>Header Files</Filter>
    </ClInclude>
    <ClInclude Include="HUDMessage.h">
      <Filter>Header Files</Filter>
    </ClInclude>
    <ClInclude Include="HUDMessageQueue.h">
      <Filter>Header Files</Filter>
    </ClInclude>
    <ClInclude Include="HUDMeter.h">
      <Filter>Header Files</Filter>
    </ClInclude>
    <ClInclude Include="HUDMgr.h">
      <Filter>Header Files</Filter>
    </ClInclude>
    <ClInclude Include="HUDMissionText.h">
      <Filter>Header Files</Filter>
    </ClInclude>
    <ClInclude Include="HUDPaused.h">
      <Filter>Header Files</Filter>
    </ClInclude>
    <ClInclude Include="HUDPopup.h">
      <Filter>Header Files</Filter>
    </ClInclude>
    <ClInclude Include="HUDRadar.h">
      <Filter>Header Files</Filter>
    </ClInclude>
    <ClInclude Include="HUDScores.h">
      <Filter>Header Files</Filter>
    </ClInclude>
    <ClInclude Include="HUDSubtitles.h">
      <Filter>Header Files</Filter>
    </ClInclude>
    <ClInclude Include="HUDTransmission.h">
      <Filter>Header Files</Filter>
    </ClInclude>
    <ClInclude Include="..\..\..\Engine\sdk\inc\iltbaseclass.h">
      <Filter>Header Files</Filter>
    </ClInclude>
    <ClInclude Include="..\..\Shared\ImpactType.h">
      <Filter>Header Files</Filter>
    </ClInclude>
    <ClInclude Include="IntelItemList.h">
      <Filter>Header Files</Filter>
    </ClInclude>
    <ClInclude Include="InterfaceMgr.h">
      <Filter>Header Files</Filter>
    </ClInclude>
    <ClInclude Include="InterfaceResMgr.h">
      <Filter>Header Files</Filter>
    </ClInclude>
    <ClInclude Include="InterfaceSurfMgr.h">
      <Filter>Header Files</Filter>
    </ClInclude>
    <ClInclude Include="InterfaceTimer.h">
      <Filter>Header Files</Filter>
    </ClInclude>
    <ClInclude Include="IpMgr.h">
      <Filter>Header Files</Filter>
    </ClInclude>
    <ClInclude Include="JumpVolumeFX.h">
      <Filter>Header Files</Filter>
    </ClInclude>
    <ClInclude Include="..\..\Shared\KeyMgr.h">
      <Filter>Header Files</Filter>
    </ClInclude>
    <ClInclude Include="LaserBeam.h">
      <Filter>Header Files</Filter>
    </ClInclude>
    <ClInclude Include="LaserTriggerFX.h">
      <Filter>Header Files</Filter>
    </ClInclude>
    <ClInclude Include="LayoutMgr.h">
      <Filter>Header Files</Filter>
    </ClInclude>
    <ClInclude Include="LeanMgr.h">
      <Filter>Header Files</Filter>
    </ClInclude>
    <ClInclude Include="LensFlareFX.h">
      <Filter>Header Files</Filter>
    </ClInclude>
    <ClInclude Include="LightFX.h">
      <Filter>Header Files</Filter>
    </ClInclude>
    <ClInclude Include="LightGroupFX.h">
      <Filter>Header Files</Filter>
    </ClInclude>
    <ClInclude Include="LightningFX.h">
      <Filter>Header Files</Filter>
    </ClInclude>
    <ClInclude Include="LightScaleMgr.h">
      <Filter>Header Files</Filter>
    </ClInclude>
    <ClInclude Include="LineSystemFX.h">
      <Filter>Header Files</Filter>
    </ClInclude>
    <ClInclude Include="LoadingScreen.h">
      <Filter>Header Files</Filter>
    </ClInclude>
    <ClInclude Include="..\..\..\Engine\sdk\inc\LTEulerAngles.h">
      <Filter>Header Files</Filter>
    </ClInclude>
    <ClInclude Include="..\..\..\Engine\sdk\inc\ltmodule.h">
      <Filter>Header Files</Filter>
    </ClInclude>
    <ClInclude Include="MarkSFX.h">
      <Filter>Header Files</Filter>
    </ClInclude>
    <ClInclude Include="MenuEnum.h">
      <Filter>Header Files</Filter>
    </ClInclude>
    <ClInclude Include="MenuIntel.h">
      <Filter>Header Files</Filter>
    </ClInclude>
    <ClInclude Include="MenuInventory.h">
      <Filter>Header Files</Filter>
    </ClInclude>
    <ClInclude Include="MenuKeys.h">
      <Filter>Header Files</Filter>
    </ClInclude>
    <ClInclude Include="MenuMgr.h">
      <Filter>Header Files</Filter>
    </ClInclude>
    <ClInclude Include="MenuMission.h">
      <Filter>Header Files</Filter>
    </ClInclude>
    <ClInclude Include="MenuPlayer.h">
      <Filter>Header Files</Filter>
    </ClInclude>
    <ClInclude Include="MenuSystem.h">
      <Filter>Header Files</Filter>
    </ClInclude>
    <ClInclude Include="MessageBox.h">
      <Filter>Header Files</Filter>
    </ClInclude>
    <ClInclude Include="MineFX.h">
      <Filter>Header Files</Filter>
    </ClInclude>
    <ClInclude Include="..\..\Shared\MissionButeMgr.h">
      <Filter>Header Files</Filter>
    </ClInclude>
    <ClInclude Include="MissionMgr.h">
      <Filter>Header Files</Filter>
    </ClInclude>
    <ClInclude Include="Music.h">
      <Filter>Header Files</Filter>
    </ClInclude>
    <ClInclude Include="MuzzleFlashFX.h">
      <Filter>Header Files</Filter>
    </ClInclude>
    <ClInclude Include="MuzzleFlashParticleFX.h">
      <Filter>Header Files</Filter>
    </ClInclude>
    <ClInclude Include="NodeController.h">
      <Filter>Header Files</Filter>
    </ClInclude>
    <ClInclude Include="NodeLinesFX.h">
      <Filter>Header Files</Filter>
    </ClInclude>
    <ClInclude Include="ObjectiveControl.h">
      <Filter>Header Files</Filter>
    </ClInclude>
    <ClInclude Include="ObjSpriteFX.h">
      <Filter>Header Files</Filter>
    </ClInclude>
    <ClInclude Include="Overlays.h">
      <Filter>Header Files</Filter>
    </ClInclude>
    <ClInclude Include="ParticleExplosionFX.h">
      <Filter>Header Files</Filter>
    </ClInclude>
    <ClInclude Include="ParticleShowerFX.h">
      <Filter>Header Files</Filter>
    </ClInclude>
    <ClInclude Include="ParticleSystemFX.h">
      <Filter>Header Files</Filter>
    </ClInclude>
    <ClInclude Include="ParticleTrailFX.h">
      <Filter>Header Files</Filter>
    </ClInclude>
    <ClInclude Include="ParticleTrailSegmentFX.h">
      <Filter>Header Files</Filter>
    </ClInclude>
    <ClInclude Include="PerformanceEnum.h">
      <Filter>Header Files</Filter>
    </ClInclude>
    <ClInclude Include="PerformanceMgr.h">
      <Filter>Header Files</Filter>
    </ClInclude>
    <ClInclude Include="PerformanceTest.h">
      <Filter>Header Files</Filter>
    </ClInclude>
    <ClInclude Include="PickupItemFX.h">
      <Filter>Header Files</Filter>
    </ClInclude>
    <ClInclude Include="plasma.h">
      <Filter>Header Files</Filter>
    </ClInclude>
    <ClInclude Include="PlayerCamera.h">
      <Filter>Header Files</Filter>
    </ClInclude>
    <ClInclude Include="PlayerLureFX.h">
      <Filter>Header Files</Filter>
    </ClInclude>
    <ClInclude Include="PlayerMgr.h">
      <Filter>Header Files</Filter>
    </ClInclude>
    <ClInclude Include="PlayerSoundFX.h">
      <Filter>Header Files</Filter>
    </ClInclude>
    <ClInclude Include="PlayerStats.h">
      <Filter>Header Files</Filter>
    </ClInclude>
    <ClInclude Include="PlayerVehicleFX.h">
      <Filter>Header Files</Filter>
    </ClInclude>
    <ClInclude Include="PlayerViewAttachmentMgr.h">
      <Filter>Header Files</Filter>
    </ClInclude>
    <ClInclude Include="PolyDebrisFX.h">
      <Filter>Header Files</Filter>
    </ClInclude>
    <ClInclude Include="PolyGridFX.h">
      <Filter>Header Files</Filter>
    </ClInclude>
    <ClInclude Include="PolyLineFX.h">
      <Filter>Header Files</Filter>
    </ClInclude>
    <ClInclude Include="PopupMgr.h">
      <Filter>Header Files</Filter>
    </ClInclude>
    <ClInclude Include="PopupText.h">
      <Filter>Header Files</Filter>
    </ClInclude>
    <ClInclude Include="ProfileMgr.h">
      <Filter>Header Files</Filter>
    </ClInclude>
    <ClInclude Include="..\..\Shared\ProfileUtils.h">
      <Filter>Header Files</Filter>
    </ClInclude>
    <ClInclude Include="ProjectileFX.h">
      <Filter>Header Files</Filter>
    </ClInclude>
    <ClInclude Include="PVFXMgr.h">
      <Filter>Header Files</Filter>
    </ClInclude>
    <ClInclude Include="RadarObjectFX.h">
      <Filter>Header Files</Filter>
    </ClInclude>
    <ClInclude Include="..\..\Shared\RadarTypeMgr.h">
      <Filter>Header Files</Filter>
    </ClInclude>
    <ClInclude Include="RagDoll.h">
      <Filter>Header Files</Filter>
    </ClInclude>
    <ClInclude Include="RagDollConstraint.h">
      <Filter>Header Files</Filter>
    </ClInclude>
    <ClInclude Include="RagDollNode.h">
      <Filter>Header Files</Filter>
    </ClInclude>
    <ClInclude Include="RandomSparksFX.h">
      <Filter>Header Files</Filter>
    </ClInclude>
    <ClInclude Include="resource.h">
      <Filter>Header Files</Filter>
    </ClInclude>
    <ClInclude Include="..\..\Shared\SaveLoadMgr.h">
      <Filter>Header Files</Filter>
    </ClInclude>
    <ClInclude Include="ScatterFX.h">
      <Filter>Header Files</Filter>
    </ClInclude>
    <ClInclude Include="..\..\Shared\ScmdConsole.h">
      <Filter>Header Files</Filter>
    </ClInclude>
    <ClInclude Include="ScmdConsoleDriver_CShell.h">
      <Filter>Header Files</Filter>
    </ClInclude>
    <ClInclude Include="..\..\Shared\ScmdShared.h">
      <Filter>Header Files</Filter>
    </ClInclude>
    <ClInclude Include="ScreenCommands.h">
      <Filter>Header Files</Filter>
    </ClInclude>
    <ClInclude Include="ScreenEnum.h">
      <Filter>Header Files</Filter>
    </ClInclude>
    <ClInclude Include="ScreenMgr.h">
      <Filter>Header Files</Filter>
    </ClInclude>
    <ClInclude Include="ScreenPostload.h">
      <Filter>Header Files</Filter>
    </ClInclude>
    <ClInclude Include="ScreenPreload.h">
      <Filter>Header Files</Filter>
    </ClInclude>
    <ClInclude Include="ScreenSpriteMgr.h">
      <Filter>Header Files</Filter>
    </ClInclude>
    <ClInclude Include="ScreenTintMgr.h">
      <Filter>Header Files</Filter>
    </ClInclude>
    <ClInclude Include="Searcher.h">
      <Filter>Header Files</Filter>
    </ClInclude>
    <ClInclude Include="..\..\Shared\SearchItemMgr.h">
      <Filter>Header Files</Filter>
    </ClInclude>
    <ClInclude Include="SearchLightFX.h">
      <Filter>Header Files</Filter>
    </ClInclude>
    <ClInclude Include="SFXMgr.h">
      <Filter>Header Files</Filter>
    </ClInclude>
    <ClInclude Include="SharedDefs.h">
      <Filter>Header Files</Filter>
    </ClInclude>
    <ClInclude Include="..\..\Shared\SharedMission.h">
      <Filter>Header Files</Filter>
    </ClInclude>
    <ClInclude Include="..\..\Shared\SharedScoring.h">
      <Filter>Header Files</Filter>
    </ClInclude>
    <ClInclude Include="ShellCasingFX.h">
      <Filter>Header Files</Filter>
    </ClInclude>
    <ClInclude Include="SkillControl.h">
      <Filter>Header Files</Filter>
    </ClInclude>
    <ClInclude Include="SmokeFX.h">
      <Filter>Header Files</Filter>
    </ClInclude>
    <ClInclude Include="SnowFX.h">
      <Filter>Header Files</Filter>
    </ClInclude>
    <ClInclude Include="SoundFX.h">
      <Filter>Header Files</Filter>
    </ClInclude>
    <ClInclude Include="Sparam.h">
      <Filter>Header Files</Filter>
    </ClInclude>
    <ClInclude Include="SpecialFX.h">
      <Filter>Header Files</Filter>
    </ClInclude>
    <ClInclude Include="SpecialFXList.h">
      <Filter>Header Files</Filter>
    </ClInclude>
    <ClInclude Include="sprinklesfx.h">
      <Filter>Header Files</Filter>
    </ClInclude>
    <ClInclude Include="stack.h">
      <Filter>Header Files</Filter>
    </ClInclude>
    <ClInclude Include="StandardCreator.h">
      <Filter>Header Files</Filter>
    </ClInclude>
    <ClInclude Include="StdAfx.h">
      <Filter>Header Files</Filter>
    </ClInclude>
    <ClInclude Include="SteamFX.h">
      <Filter>Header Files</Filter>
    </ClInclude>
    <ClInclude Include="SystemDependant.h">
      <Filter>Header Files</Filter>
    </ClInclude>
    <ClInclude Include="TargetMgr.h">
      <Filter>Header Files</Filter>
    </ClInclude>
    <ClInclude Include="..\..\Shared\TeamMgr.h">
      <Filter>Header Files</Filter>
    </ClInclude>
    <ClInclude Include="TextureFXMgr.h">
      <Filter>Header Files</Filter>
    </ClInclude>
    <ClInclude Include="TimedText.h">
      <Filter>Header Files</Filter>
    </ClInclude>
    <ClInclude Include="TracerFX.h">
      <Filter>Header Files</Filter>
    </ClInclude>
    <ClInclude Include="..\..\Shared\TrackedNodeContext.h">
      <Filter>Header Files</Filter>
    </ClInclude>
    <ClInclude Include="TriggerFX.h">
      <Filter>Header Files</Filter>
    </ClInclude>
    <ClInclude Include="..\..\Shared\TriggerTypeMgr.h">
      <Filter>Header Files</Filter>
    </ClInclude>
    <ClInclude Include="..\..\Shared\UberAssert.h">
      <Filter>Header Files</Filter>
    </ClInclude>
    <ClInclude Include="VarTrack.h">
      <Filter>Header Files</Filter>
    </ClInclude>
    <ClInclude Include="VehicleMgr.h">
      <Filter>Header Files</Filter>
    </ClInclude>
    <ClInclude Include="VisionModeMgr.h">
      <Filter>Header Files</Filter>
    </ClInclude>
    <ClInclude Include="VKDefs.h">
      <Filter>Header Files</Filter>
    </ClInclude>
    <ClInclude Include="VolumeBrushFX.h">
      <Filter>Header Files</Filter>
    </ClInclude>
    <ClInclude Include="..\..\Shared\WaveFn.h">
      <Filter>Header Files</Filter>
    </ClInclude>
    <ClInclude Include="WeaponChooser.h">
      <Filter>Header Files</Filter>
    </ClInclude>
    <ClInclude Include="WeaponFX.h">
      <Filter>Header Files</Filter>
    </ClInclude>
    <ClInclude Include="WeaponStringDefs.h">
      <Filter>Header Files</Filter>
    </ClInclude>
    <ClInclude Include="WeatherFX.h">
      <Filter>Header Files</Filter>
    </ClInclude>
    <ClInclude Include="..\..\Shared\WinUtil.h">
      <Filter>Header Files</Filter>
    </ClInclude>
  </ItemGroup>
</Project>