<?xml version="1.0" encoding="utf-8"?>
<Project ToolsVersion="4.0" xmlns="http://schemas.microsoft.com/developer/msbuild/2003">
  <ItemGroup>
    <Filter Include="Source Files">
      <UniqueIdentifier>{6ddddb2b-b78c-413e-9ff5-8be4edfb63ba}</UniqueIdentifier>
      <Extensions>cpp;c;cxx;rc;def;r;odl;idl;hpj;bat</Extensions>
    </Filter>
    <Filter Include="Header Files">
      <UniqueIdentifier>{280f1cea-5fa7-495a-85a7-94fb36dba2c1}</UniqueIdentifier>
      <Extensions>h;hpp;hxx;hm;inl</Extensions>
    </Filter>
  </ItemGroup>
  <ItemGroup>
    <ClCompile Include="abstractio.cpp">
      <Filter>Source Files</Filter>
    </ClCompile>
    <ClCompile Include="dynarray.cpp">
      <Filter>Source Files</Filter>
    </ClCompile>
    <ClCompile Include="fileio.cpp">
      <Filter>Source Files</Filter>
    </ClCompile>
    <ClCompile Include="goodlinklist.cpp">
      <Filter>Source Files</Filter>
    </ClCompile>
    <ClCompile Include="helpers.cpp">
      <Filter>Source Files</Filter>
    </ClCompile>
    <ClCompile Include="l_allocator.cpp">
      <Filter>Source Files</Filter>
    </ClCompile>
    <ClCompile Include="linklist.cpp">
      <Filter>Source Files</Filter>
    </ClCompile>
    <ClCompile Include="lithexception.cpp">
      <Filter>Source Files</Filter>
    </ClCompile>
    <ClCompile Include="memory.cpp">
      <Filter>Source Files</Filter>
    </ClCompile>
    <ClCompile Include="memoryio.cpp">
      <Filter>Source Files</Filter>
    </ClCompile>
    <ClCompile Include="stringholder.cpp">
      <Filter>Source Files</Filter>
    </ClCompile>
    <ClCompile Include="struct_bank.cpp">
      <Filter>Source Files</Filter>
    </ClCompile>
    <ClCompile Include="zfstream.cpp">
      <Filter>Source Files</Filter>
    </ClCompile>
  </ItemGroup>
  <ItemGroup>
    <ClInclude Include="abstractio.h">
      <Filter>Header Files</Filter>
    </ClInclude>
    <ClInclude Include="copy_lists.h">
      <Filter>Header Files</Filter>
    </ClInclude>
    <ClInclude Include="dynarray.h">
      <Filter>Header Files</Filter>
    </ClInclude>
    <ClInclude Include="fastlinklist.h">
      <Filter>Header Files</Filter>
    </ClInclude>
    <ClInclude Include="fileio.h">
      <Filter>Header Files</Filter>
    </ClInclude>
    <ClInclude Include="genhash.h">
      <Filter>Header Files</Filter>
    </ClInclude>
    <ClInclude Include="genlist.h">
      <Filter>Header Files</Filter>
    </ClInclude>
    <ClInclude Include="glink.h">
      <Filter>Header Files</Filter>
    </ClInclude>
    <ClInclude Include="goodlinklist.h">
      <Filter>Header Files</Filter>
    </ClInclude>
    <ClInclude Include="helpers.h">
      <Filter>Header Files</Filter>
    </ClInclude>
    <ClInclude Include="l_allocator.h">
      <Filter>Header Files</Filter>
    </ClInclude>
    <ClInclude Include="linklist.h">
      <Filter>Header Files</Filter>
    </ClInclude>
    <ClInclude Include="lithexception.h">
      <Filter>Header Files</Filter>
    </ClInclude>
    <ClInclude Include="memory.h">
      <Filter>Header Files</Filter>
    </ClInclude>
    <ClInclude Include="memoryio.h">
      <Filter>Header Files</Filter>
    </ClInclude>
    <ClInclude Include="morect.h">
      <Filter>Header Files</Filter>
    </ClInclude>
    <ClInclude Include="multilinklist.h">
      <Filter>Header Files</Filter>
    </ClInclude>
    <ClInclude Include="object_bank.h">
      <Filter>Header Files</Filter>
    </ClInclude>
    <ClInclude Include="stdafx.h">
      <Filter>Header Files</Filter>
    </ClInclude>
    <ClInclude Include="stdlith.h">
      <Filter>Header Files</Filter>
    </ClInclude>
    <ClInclude Include="stdlithdefs.h">
      <Filter>Header Files</Filter>
    </ClInclude>
    <ClInclude Include="stringholder.h">
      <Filter>Header Files</Filter>
    </ClInclude>
    <ClInclude Include="struct_bank.h">
      <Filter>Header Files</Filter>
    </ClInclude>
    <ClInclude Include="zfstream.h">
      <Filter>Header Files</Filter>
    </ClInclude>
  </ItemGroup>
</Project>