<?xml version="1.0" encoding="utf-8"?>
<Project ToolsVersion="4.0" xmlns="http://schemas.microsoft.com/developer/msbuild/2003">
  <ItemGroup>
    <Filter Include="Source Files">
      <UniqueIdentifier>{7af0246d-b016-4b17-a4ba-9d5ead091c11}</UniqueIdentifier>
      <Extensions>cpp;c;cxx;rc;def;r;odl;idl;hpj;bat</Extensions>
    </Filter>
    <Filter Include="Header Files">
      <UniqueIdentifier>{7efdf739-6742-4ece-95c5-1c3254b34219}</UniqueIdentifier>
      <Extensions>h;hpp;hxx;hm;inl</Extensions>
    </Filter>
  </ItemGroup>
  <ItemGroup>
    <ClCompile Include="basehash.cpp">
      <Filter>Source Files</Filter>
    </ClCompile>
    <ClCompile Include="baselist.cpp">
      <Filter>Source Files</Filter>
    </ClCompile>
    <ClCompile Include="baselistcounter.cpp">
      <Filter>Source Files</Filter>
    </ClCompile>
    <ClCompile Include="dprintf.cpp">
      <Filter>Source Files</Filter>
    </ClCompile>
    <ClCompile Include="lith.cpp">
      <Filter>Source Files</Filter>
    </ClCompile>
    <ClCompile Include="lithbaselist.cpp">
      <Filter>Source Files</Filter>
    </ClCompile>
    <ClCompile Include="lithchunkallocator.cpp">
      <Filter>Source Files</Filter>
    </ClCompile>
    <ClCompile Include="lithsimpary.cpp">
      <Filter>Source Files</Filter>
    </ClCompile>
    <ClCompile Include="lithsimparystat.cpp">
      <Filter>Source Files</Filter>
    </ClCompile>
    <ClCompile Include="virtlist.cpp">
      <Filter>Source Files</Filter>
    </ClCompile>
  </ItemGroup>
  <ItemGroup>
    <ClInclude Include="basehash.h">
      <Filter>Header Files</Filter>
    </ClInclude>
    <ClInclude Include="baselist.h">
      <Filter>Header Files</Filter>
    </ClInclude>
    <ClInclude Include="baselistcounter.h">
      <Filter>Header Files</Filter>
    </ClInclude>
    <ClInclude Include="dprintf.h">
      <Filter>Header Files</Filter>
    </ClInclude>
    <ClInclude Include="lith.h">
      <Filter>Header Files</Filter>
    </ClInclude>
    <ClInclude Include="lithbaselist.h">
      <Filter>Header Files</Filter>
    </ClInclude>
    <ClInclude Include="lithchunkallocator.h">
      <Filter>Header Files</Filter>
    </ClInclude>
    <ClInclude Include="lithsimpary.h">
      <Filter>Header Files</Filter>
    </ClInclude>
    <ClInclude Include="lithsimparystat.h">
      <Filter>Header Files</Filter>
    </ClInclude>
    <ClInclude Include="lithtmpl.h">
      <Filter>Header Files</Filter>
    </ClInclude>
    <ClInclude Include="lithtypes.h">
      <Filter>Header Files</Filter>
    </ClInclude>
    <ClInclude Include="virtlist.h">
      <Filter>Header Files</Filter>
    </ClInclude>
  </ItemGroup>
</Project>