<?xml version="1.0" encoding="utf-8"?>
<Project ToolsVersion="4.0" xmlns="http://schemas.microsoft.com/developer/msbuild/2003">
  <ItemGroup>
    <Filter Include="Source Files">
      <UniqueIdentifier>{157ac3a9-2e52-455f-b570-93e27f023b8f}</UniqueIdentifier>
      <Extensions>cpp;c;cxx;rc;def;r;odl;idl;hpj;bat</Extensions>
    </Filter>
    <Filter Include="Source Files\Win32">
      <UniqueIdentifier>{a27dfa87-7edd-4ad1-b686-76ffd1bcb1ac}</UniqueIdentifier>
    </Filter>
    <Filter Include="Source Files\Linux">
      <UniqueIdentifier>{519c1d94-3d18-4026-a065-f38bdda3a2dc}</UniqueIdentifier>
    </Filter>
    <Filter Include="Header Files">
      <UniqueIdentifier>{15a2b47e-13ee-4402-bc03-92630aabef2c}</UniqueIdentifier>
      <Extensions>h</Extensions>
    </Filter>
    <Filter Include="Header Files\Win32">
      <UniqueIdentifier>{625d1b3d-af79-49a7-bcb9-8fd1bbc63152}</UniqueIdentifier>
    </Filter>
    <Filter Include="Header Files\Linux">
      <UniqueIdentifier>{3587c454-b649-4df4-9f88-e26623f34869}</UniqueIdentifier>
    </Filter>
    <Filter Include="Modules">
      <UniqueIdentifier>{0e408f0f-7d8b-470e-b470-39768fb8e8d7}</UniqueIdentifier>
    </Filter>
    <Filter Include="Modules\World">
      <UniqueIdentifier>{0d8ac6e2-b54a-4714-a030-fa1426060a7d}</UniqueIdentifier>
    </Filter>
    <Filter Include="Modules\Game Interfaces">
      <UniqueIdentifier>{e59c4900-1b4f-4762-9c86-88c9a4385124}</UniqueIdentifier>
    </Filter>
    <Filter Include="Modules\Game Interfaces\ILTModel">
      <UniqueIdentifier>{2ed196f3-76f5-4390-a2be-033684f73f20}</UniqueIdentifier>
    </Filter>
    <Filter Include="Modules\Game Interfaces\ILTCommon">
      <UniqueIdentifier>{ee11c5b9-c39e-4666-9971-85ab3f1c15c9}</UniqueIdentifier>
    </Filter>
    <Filter Include="Modules\Game Interfaces\ILTSoundMgr">
      <UniqueIdentifier>{ca2ba2c5-f830-409c-80eb-1c9970ccd09c}</UniqueIdentifier>
    </Filter>
    <Filter Include="Modules\Game Interfaces\ILTTransform">
      <UniqueIdentifier>{c1b1c0e0-2875-4b89-8cec-4d0a2158298e}</UniqueIdentifier>
    </Filter>
    <Filter Include="Modules\Game Interfaces\ILTPhysics">
      <UniqueIdentifier>{ba190dd6-6e78-4e9f-9edd-0a2cd414f7e5}</UniqueIdentifier>
    </Filter>
  </ItemGroup>
  <ItemGroup>
    <ClCompile Include="..\..\model\src\animtracker.cpp">
      <Filter>Source Files</Filter>
    </ClCompile>
    <ClCompile Include="..\..\shared\src\bdefs.cpp">
      <Filter>Source Files</Filter>
    </ClCompile>
    <ClCompile Include="..\..\kernel\src\sys\win\bindmgr.cpp">
      <Filter>Source Files</Filter>
    </ClCompile>
    <ClCompile Include="..\..\shared\src\classbind.cpp">
      <Filter>Source Files</Filter>
    </ClCompile>
    <ClCompile Include="..\..\server\src\classmgr.cpp">
      <Filter>Source Files</Filter>
    </ClCompile>
    <ClCompile Include="..\..\shared\src\collision.cpp">
      <Filter>Source Files</Filter>
    </ClCompile>
    <ClCompile Include="..\..\shared\src\compress.cpp">
      <Filter>Source Files</Filter>
    </ClCompile>
    <ClCompile Include="..\..\shared\src\concommand.cpp">
      <Filter>Source Files</Filter>
    </ClCompile>
    <ClCompile Include="..\..\shared\src\conparse.cpp">
      <Filter>Source Files</Filter>
    </ClCompile>
    <ClCompile Include="..\..\model\src\sys\d3d\d3d_model_load.cpp">
      <Filter>Source Files</Filter>
    </ClCompile>
    <ClCompile Include="..\..\world\src\de_mainworld.cpp">
      <Filter>Source Files</Filter>
    </ClCompile>
    <ClCompile Include="..\..\world\src\de_nodes.cpp">
      <Filter>Source Files</Filter>
    </ClCompile>
    <ClCompile Include="..\..\world\src\de_objects.cpp">
      <Filter>Source Files</Filter>
    </ClCompile>
    <ClCompile Include="..\..\kernel\src\debugging.cpp">
      <Filter>Source Files</Filter>
    </ClCompile>
    <ClCompile Include="..\..\shared\src\dhashtable.cpp">
      <Filter>Source Files</Filter>
    </ClCompile>
    <ClCompile Include="..\..\kernel\src\sys\win\dutil.cpp">
      <Filter>Source Files</Filter>
    </ClCompile>
    <ClCompile Include="..\..\shared\src\engine_vars.cpp">
      <Filter>Source Files</Filter>
    </ClCompile>
    <ClCompile Include="..\..\shared\src\findobj.cpp">
      <Filter>Source Files</Filter>
    </ClCompile>
    <ClCompile Include="..\..\shared\src\ftserv.cpp">
      <Filter>Source Files</Filter>
    </ClCompile>
    <ClCompile Include="..\..\world\src\fullintersectline.cpp">
      <Filter>Source Files</Filter>
    </ClCompile>
    <ClCompile Include="..\..\server\src\game_serialize.cpp">
      <Filter>Source Files</Filter>
    </ClCompile>
    <ClCompile Include="..\..\shared\src\gamemath.cpp">
      <Filter>Source Files</Filter>
    </ClCompile>
    <ClCompile Include="..\..\shared\src\genericprop_setup.cpp">
      <Filter>Source Files</Filter>
    </ClCompile>
    <ClCompile Include="..\..\shared\src\genltstream.cpp">
      <Filter>Source Files</Filter>
    </ClCompile>
    <ClCompile Include="..\..\shared\src\geometry.cpp">
      <Filter>Source Files</Filter>
    </ClCompile>
    <ClCompile Include="..\..\shared\src\geomroutines.cpp">
      <Filter>Source Files</Filter>
    </ClCompile>
    <ClCompile Include="..\..\shared\src\impl_common.cpp">
      <Filter>Source Files</Filter>
    </ClCompile>
    <ClCompile Include="..\..\server\src\interlink.cpp">
      <Filter>Source Files</Filter>
    </ClCompile>
    <ClCompile Include="..\..\world\src\intersect_line.cpp">
      <Filter>Source Files</Filter>
    </ClCompile>
    <ClCompile Include="..\..\world\src\intersectsweptsphere.cpp">
      <Filter>Source Files</Filter>
    </ClCompile>
    <ClCompile Include="..\..\shared\src\leech.cpp">
      <Filter>Source Files</Filter>
    </ClCompile>
    <ClCompile Include="..\..\world\src\light_table.cpp">
      <Filter>Source Files</Filter>
    </ClCompile>
    <ClCompile Include="..\..\shared\src\lightmap_planes.cpp">
      <Filter>Source Files</Filter>
    </ClCompile>
    <ClCompile Include="..\..\kernel\net\src\localdriver.cpp">
      <Filter>Source Files</Filter>
    </ClCompile>
    <ClCompile Include="..\..\shared\src\ltmessage.cpp">
      <Filter>Source Files</Filter>
    </ClCompile>
    <ClCompile Include="..\..\server\src\ltmessage_server.cpp">
      <Filter>Source Files</Filter>
    </ClCompile>
    <ClCompile Include="..\..\..\sdk\inc\ltmodule.cpp">
      <Filter>Source Files</Filter>
    </ClCompile>
    <ClCompile Include="..\..\..\sdk\inc\ltobjref.cpp">
      <Filter>Source Files</Filter>
    </ClCompile>
    <ClCompile Include="..\..\..\sdk\inc\ltquatbase.cpp">
      <Filter>Source Files</Filter>
    </ClCompile>
    <ClCompile Include="..\..\shared\src\lttimer.cpp">
      <Filter>Source Files</Filter>
    </ClCompile>
    <ClCompile Include="..\..\model\src\model.cpp">
      <Filter>Source Files</Filter>
    </ClCompile>
    <ClCompile Include="..\..\model\src\model_load.cpp">
      <Filter>Source Files</Filter>
    </ClCompile>
    <ClCompile Include="..\..\model\src\modelallocations.cpp">
      <Filter>Source Files</Filter>
    </ClCompile>
    <ClCompile Include="..\..\shared\src\motion.cpp">
      <Filter>Source Files</Filter>
    </ClCompile>
    <ClCompile Include="..\..\shared\src\moveobject.cpp">
      <Filter>Source Files</Filter>
    </ClCompile>
    <ClCompile Include="..\..\shared\src\moveplayer.cpp">
      <Filter>Source Files</Filter>
    </ClCompile>
    <ClCompile Include="..\..\kernel\net\src\netmgr.cpp">
      <Filter>Source Files</Filter>
    </ClCompile>
    <ClCompile Include="..\..\shared\src\nexus.cpp">
      <Filter>Source Files</Filter>
    </ClCompile>
    <ClCompile Include="..\..\shared\src\objectmgr.cpp">
      <Filter>Source Files</Filter>
    </ClCompile>
    <ClCompile Include="..\..\kernel\net\src\packet.cpp">
      <Filter>Source Files</Filter>
    </ClCompile>
    <ClCompile Include="..\..\shared\src\parse_world_info.cpp">
      <Filter>Source Files</Filter>
    </ClCompile>
    <ClCompile Include="..\..\shared\src\ratetracker.cpp">
      <Filter>Source Files</Filter>
    </ClCompile>
    <ClCompile Include="..\..\server\src\s_client.cpp">
      <Filter>Source Files</Filter>
    </ClCompile>
    <ClCompile Include="..\..\server\src\s_concommand.cpp">
      <Filter>Source Files</Filter>
    </ClCompile>
    <ClCompile Include="..\..\server\src\s_intersect.cpp">
      <Filter>Source Files</Filter>
    </ClCompile>
    <ClCompile Include="..\..\server\src\s_net.cpp">
      <Filter>Source Files</Filter>
    </ClCompile>
    <ClCompile Include="..\..\server\src\s_object.cpp">
      <Filter>Source Files</Filter>
    </ClCompile>
    <ClCompile Include="..\..\server\src\server_consolestate.cpp">
      <Filter>Source Files</Filter>
    </ClCompile>
    <ClCompile Include="..\..\server\src\server_extradata.cpp">
      <Filter>Source Files</Filter>
    </ClCompile>
    <ClCompile Include="..\..\server\src\server_filemgr.cpp">
      <Filter>Source Files</Filter>
    </ClCompile>
    <ClCompile Include="..\..\kernel\src\server_interface.cpp">
      <Filter>Source Files</Filter>
    </ClCompile>
    <ClCompile Include="..\..\server\src\server_loaderthread.cpp">
      <Filter>Source Files</Filter>
    </ClCompile>
    <ClCompile Include="..\..\server\src\serverde_impl.cpp">
      <Filter>Source Files</Filter>
    </ClCompile>
    <ClCompile Include="..\..\server\src\serverevent.cpp">
      <Filter>Source Files</Filter>
    </ClCompile>
    <ClCompile Include="..\..\server\src\servermgr.cpp">
      <Filter>Source Files</Filter>
    </ClCompile>
    <ClCompile Include="..\..\server\src\sloaderthread.cpp">
      <Filter>Source Files</Filter>
    </ClCompile>
    <ClCompile Include="..\..\server\src\smoveabstract.cpp">
      <Filter>Source Files</Filter>
    </ClCompile>
    <ClCompile Include="..\..\sound\src\sounddata.cpp">
      <Filter>Source Files</Filter>
    </ClCompile>
    <ClCompile Include="..\..\server\src\soundtrack.cpp">
      <Filter>Source Files</Filter>
    </ClCompile>
    <ClCompile Include="..\..\shared\src\spritecontrolimpl.cpp">
      <Filter>Source Files</Filter>
    </ClCompile>
    <ClCompile Include="..\..\shared\src\stacktrace.cpp">
      <Filter>Source Files</Filter>
    </ClCompile>
    <ClCompile Include="..\..\shared\src\stdlterror.cpp">
      <Filter>Source Files</Filter>
    </ClCompile>
    <ClCompile Include="..\..\kernel\src\sys\win\stringmgr.cpp">
      <Filter>Source Files</Filter>
    </ClCompile>
    <ClCompile Include="..\..\shared\src\strtools.cpp">
      <Filter>Source Files</Filter>
    </ClCompile>
    <ClCompile Include="..\..\model\src\transformmaker.cpp">
      <Filter>Source Files</Filter>
    </ClCompile>
    <ClCompile Include="..\..\kernel\net\src\sys\win\udpdriver.cpp">
      <Filter>Source Files</Filter>
    </ClCompile>
    <ClCompile Include="..\..\sound\src\wave.cpp">
      <Filter>Source Files</Filter>
    </ClCompile>
    <ClCompile Include="..\..\world\src\world_blind_object_data.cpp">
      <Filter>Source Files</Filter>
    </ClCompile>
    <ClCompile Include="..\..\world\src\world_blocker_data.cpp">
      <Filter>Source Files</Filter>
    </ClCompile>
    <ClCompile Include="..\..\world\src\world_blocker_math.cpp">
      <Filter>Source Files</Filter>
    </ClCompile>
    <ClCompile Include="..\..\world\src\world_particle_blocker_data.cpp">
      <Filter>Source Files</Filter>
    </ClCompile>
    <ClCompile Include="..\..\world\src\world_tree.cpp">
      <Filter>Source Files</Filter>
    </ClCompile>
    <ClCompile Include="..\..\kernel\src\sys\win\counter.cpp">
      <Filter>Source Files\Win32</Filter>
    </ClCompile>
    <ClCompile Include="..\..\kernel\io\src\sys\win\de_file.cpp">
      <Filter>Source Files\Win32</Filter>
    </ClCompile>
    <ClCompile Include="..\..\kernel\mem\src\sys\win\de_memory.cpp">
      <Filter>Source Files\Win32</Filter>
    </ClCompile>
    <ClCompile Include="..\..\kernel\src\sys\win\dsys_interface.cpp">
      <Filter>Source Files\Win32</Filter>
    </ClCompile>
    <ClCompile Include="..\..\kernel\src\sys\win\lthread.cpp">
      <Filter>Source Files\Win32</Filter>
    </ClCompile>
    <ClCompile Include="..\..\kernel\src\sys\win\ltlibraryloader.cpp">
      <Filter>Source Files\Win32</Filter>
    </ClCompile>
    <ClCompile Include="..\..\kernel\src\sys\win\ltthread.cpp">
      <Filter>Source Files\Win32</Filter>
    </ClCompile>
    <ClCompile Include="..\..\kernel\src\sys\win\streamsim.cpp">
      <Filter>Source Files\Win32</Filter>
    </ClCompile>
    <ClCompile Include="..\..\kernel\src\sys\win\systeminfo.cpp">
      <Filter>Source Files\Win32</Filter>
    </ClCompile>
    <ClCompile Include="..\..\kernel\src\sys\win\timemgr.cpp">
      <Filter>Source Files\Win32</Filter>
    </ClCompile>
    <ClCompile Include="..\..\kernel\src\sys\linux\counter.cpp">
      <Filter>Source Files\Linux</Filter>
    </ClCompile>
    <ClCompile Include="..\..\kernel\mem\src\sys\linux\de_memory.cpp">
      <Filter>Source Files\Linux</Filter>
    </ClCompile>
    <ClCompile Include="..\..\kernel\net\src\sys\linux\linux_ltthread.cpp">
      <Filter>Source Files\Linux</Filter>
    </ClCompile>
    <ClCompile Include="..\..\kernel\src\sys\linux\linuxdsys.cpp">
      <Filter>Source Files\Linux</Filter>
    </ClCompile>
    <ClCompile Include="..\..\kernel\io\src\sys\linux\linuxfile.cpp">
      <Filter>Source Files\Linux</Filter>
    </ClCompile>
    <ClCompile Include="..\..\kernel\src\sys\linux\lthread.cpp">
      <Filter>Source Files\Linux</Filter>
    </ClCompile>
    <ClCompile Include="..\..\kernel\src\sys\linux\ltlibraryloader.cpp">
      <Filter>Source Files\Linux</Filter>
    </ClCompile>
    <ClCompile Include="..\..\kernel\src\sys\linux\ltthread.cpp">
      <Filter>Source Files\Linux</Filter>
    </ClCompile>
    <ClCompile Include="..\..\kernel\src\sys\linux\streamsim.cpp">
      <Filter>Source Files\Linux</Filter>
    </ClCompile>
    <ClCompile Include="..\..\kernel\src\sys\linux\timemgr.cpp">
      <Filter>Source Files\Linux</Filter>
    </ClCompile>
    <ClCompile Include="..\..\shared\src\interface_linkage.cpp">
      <Filter>Modules</Filter>
    </ClCompile>
    <ClCompile Include="..\..\server\src\world_server_bsp.cpp">
      <Filter>Modules\World</Filter>
    </ClCompile>
    <ClCompile Include="..\..\world\src\world_shared_bsp.cpp">
      <Filter>Modules\World</Filter>
    </ClCompile>
    <ClCompile Include="..\..\shared\src\modellt_impl.cpp">
      <Filter>Modules\Game Interfaces\ILTModel</Filter>
    </ClCompile>
    <ClCompile Include="..\..\server\src\server_iltmodel.cpp">
      <Filter>Modules\Game Interfaces\ILTModel</Filter>
    </ClCompile>
    <ClCompile Include="..\..\server\src\server_iltcommon.cpp">
      <Filter>Modules\Game Interfaces\ILTCommon</Filter>
    </ClCompile>
    <ClCompile Include="..\..\shared\src\shared_iltcommon.cpp">
      <Filter>Modules\Game Interfaces\ILTCommon</Filter>
    </ClCompile>
    <ClCompile Include="..\..\server\src\server_iltsoundmgr.cpp">
      <Filter>Modules\Game Interfaces\ILTSoundMgr</Filter>
    </ClCompile>
    <ClCompile Include="..\..\shared\src\transformlt_impl.cpp">
      <Filter>Modules\Game Interfaces\ILTTransform</Filter>
    </ClCompile>
    <ClCompile Include="..\..\server\src\server_iltphysics.cpp">
      <Filter>Modules\Game Interfaces\ILTPhysics</Filter>
    </ClCompile>
    <ClCompile Include="..\..\shared\src\shared_iltphysics.cpp">
      <Filter>Modules\Game Interfaces\ILTPhysics</Filter>
    </ClCompile>
  </ItemGroup>
  <ItemGroup>
    <None Include="server.def">
      <Filter>Source Files</Filter>
    </None>
  </ItemGroup>
  <ItemGroup>
    <ResourceCompile Include="server.rc">
      <Filter>Source Files</Filter>
    </ResourceCompile>
  </ItemGroup>
  <ItemGroup>
    <ClInclude Include="..\..\..\sdk\inc\physics\aabb.h">
      <Filter>Header Files</Filter>
    </ClInclude>
    <ClInclude Include="..\..\..\sdk\inc\physics\aabb_tree.h">
      <Filter>Header Files</Filter>
    </ClInclude>
    <ClInclude Include="..\..\model\src\animtracker.h">
      <Filter>Header Files</Filter>
    </ClInclude>
    <ClInclude Include="..\..\kernel\src\sys\win\appresource.h">
      <Filter>Header Files</Filter>
    </ClInclude>
    <ClInclude Include="..\..\shared\src\bdefs.h">
      <Filter>Header Files</Filter>
    </ClInclude>
    <ClInclude Include="..\..\kernel\src\sys\win\bindmgr.h">
      <Filter>Header Files</Filter>
    </ClInclude>
    <ClInclude Include="..\..\shared\src\build_options.h">
      <Filter>Header Files</Filter>
    </ClInclude>
    <ClInclude Include="..\..\shared\src\classbind.h">
      <Filter>Header Files</Filter>
    </ClInclude>
    <ClInclude Include="..\..\server\src\classmgr.h">
      <Filter>Header Files</Filter>
    </ClInclude>
    <ClInclude Include="..\..\client\src\client_filemgr.h">
      <Filter>Header Files</Filter>
    </ClInclude>
    <ClInclude Include="..\..\shared\src\clienthack.h">
      <Filter>Header Files</Filter>
    </ClInclude>
    <ClInclude Include="..\..\client\src\clientmgr.h">
      <Filter>Header Files</Filter>
    </ClInclude>
    <ClInclude Include="..\..\client\src\clientshell.h">
      <Filter>Header Files</Filter>
    </ClInclude>
    <ClInclude Include="..\..\shared\src\collision.h">
      <Filter>Header Files</Filter>
    </ClInclude>
    <ClInclude Include="..\..\..\sdk\inc\physics\collision_data.h">
      <Filter>Header Files</Filter>
    </ClInclude>
    <ClInclude Include="..\..\..\sdk\inc\physics\collision_mgr.h">
      <Filter>Header Files</Filter>
    </ClInclude>
    <ClInclude Include="..\..\..\sdk\inc\physics\collision_object.h">
      <Filter>Header Files</Filter>
    </ClInclude>
    <ClInclude Include="..\..\shared\src\concommand.h">
      <Filter>Header Files</Filter>
    </ClInclude>
    <ClInclude Include="..\..\shared\src\conparse.h">
      <Filter>Header Files</Filter>
    </ClInclude>
    <ClInclude Include="..\..\client\src\console.h">
      <Filter>Header Files</Filter>
    </ClInclude>
    <ClInclude Include="..\..\..\sdk\inc\physics\coordinate_frame.h">
      <Filter>Header Files</Filter>
    </ClInclude>
    <ClInclude Include="..\..\shared\src\sys\win\d3dddstructs.h">
      <Filter>Header Files</Filter>
    </ClInclude>
    <ClInclude Include="..\..\world\src\de_mainworld.h">
      <Filter>Header Files</Filter>
    </ClInclude>
    <ClInclude Include="..\..\kernel\mem\src\de_memory.h">
      <Filter>Header Files</Filter>
    </ClInclude>
    <ClInclude Include="..\..\world\src\de_objects.h">
      <Filter>Header Files</Filter>
    </ClInclude>
    <ClInclude Include="..\..\world\src\de_sprite.h">
      <Filter>Header Files</Filter>
    </ClInclude>
    <ClInclude Include="..\..\world\src\de_world.h">
      <Filter>Header Files</Filter>
    </ClInclude>
    <ClInclude Include="..\..\shared\src\DebugGeometry.h">
      <Filter>Header Files</Filter>
    </ClInclude>
    <ClInclude Include="..\..\shared\src\dhashtable.h">
      <Filter>Header Files</Filter>
    </ClInclude>
    <ClInclude Include="..\..\kernel\src\dsys.h">
      <Filter>Header Files</Filter>
    </ClInclude>
    <ClInclude Include="..\..\shared\src\dtxmgr.h">
      <Filter>Header Files</Filter>
    </ClInclude>
    <ClInclude Include="..\..\kernel\src\sys\win\dutil.h">
      <Filter>Header Files</Filter>
    </ClInclude>
    <ClInclude Include="..\..\shared\src\ftbase.h">
      <Filter>Header Files</Filter>
    </ClInclude>
    <ClInclude Include="..\..\shared\src\ftserv.h">
      <Filter>Header Files</Filter>
    </ClInclude>
    <ClInclude Include="..\..\world\src\fullintersectline.h">
      <Filter>Header Files</Filter>
    </ClInclude>
    <ClInclude Include="..\..\server\src\game_serialize.h">
      <Filter>Header Files</Filter>
    </ClInclude>
    <ClInclude Include="..\..\shared\src\gamemath.h">
      <Filter>Header Files</Filter>
    </ClInclude>
    <ClInclude Include="..\..\shared\src\genericprop_setup.h">
      <Filter>Header Files</Filter>
    </ClInclude>
    <ClInclude Include="..\..\shared\src\genltstream.h">
      <Filter>Header Files</Filter>
    </ClInclude>
    <ClInclude Include="..\..\shared\src\geometry.h">
      <Filter>Header Files</Filter>
    </ClInclude>
    <ClInclude Include="..\..\shared\src\geomroutines.h">
      <Filter>Header Files</Filter>
    </ClInclude>
    <ClInclude Include="..\..\..\sdk\inc\iaggregate.h">
      <Filter>Header Files</Filter>
    </ClInclude>
    <ClInclude Include="..\..\..\sdk\inc\iclientshell.h">
      <Filter>Header Files</Filter>
    </ClInclude>
    <ClInclude Include="..\..\..\sdk\inc\iltbenchmark.h">
      <Filter>Header Files</Filter>
    </ClInclude>
    <ClInclude Include="..\..\..\sdk\inc\iltclient.h">
      <Filter>Header Files</Filter>
    </ClInclude>
    <ClInclude Include="..\..\..\sdk\inc\iltcsbase.h">
      <Filter>Header Files</Filter>
    </ClInclude>
    <ClInclude Include="..\..\..\sdk\inc\iltdirectmusic.h">
      <Filter>Header Files</Filter>
    </ClInclude>
    <ClInclude Include="..\..\..\sdk\inc\iltdrawprim.h">
      <Filter>Header Files</Filter>
    </ClInclude>
    <ClInclude Include="..\..\..\sdk\inc\iltinfo.h">
      <Filter>Header Files</Filter>
    </ClInclude>
    <ClInclude Include="..\..\..\sdk\inc\iltmessage.h">
      <Filter>Header Files</Filter>
    </ClInclude>
    <ClInclude Include="..\..\..\sdk\inc\iltrefcount.h">
      <Filter>Header Files</Filter>
    </ClInclude>
    <ClInclude Include="..\..\..\sdk\inc\iltserver.h">
      <Filter>Header Files</Filter>
    </ClInclude>
    <ClInclude Include="..\..\sound\src\iltsound.h">
      <Filter>Header Files</Filter>
    </ClInclude>
    <ClInclude Include="..\..\..\sdk\inc\iltspritecontrol.h">
      <Filter>Header Files</Filter>
    </ClInclude>
    <ClInclude Include="..\..\..\sdk\inc\iltstream.h">
      <Filter>Header Files</Filter>
    </ClInclude>
    <ClInclude Include="..\..\..\sdk\inc\ilttexinterface.h">
      <Filter>Header Files</Filter>
    </ClInclude>
    <ClInclude Include="..\..\shared\src\impl_common.h">
      <Filter>Header Files</Filter>
    </ClInclude>
    <ClInclude Include="..\..\server\src\interlink.h">
      <Filter>Header Files</Filter>
    </ClInclude>
    <ClInclude Include="..\..\world\src\intersect_line.h">
      <Filter>Header Files</Filter>
    </ClInclude>
    <ClInclude Include="..\..\..\sdk\inc\iservershell.h">
      <Filter>Header Files</Filter>
    </ClInclude>
    <ClInclude Include="..\..\kernel\src\ithread.h">
      <Filter>Header Files</Filter>
    </ClInclude>
    <ClInclude Include="..\..\world\src\light_table.h">
      <Filter>Header Files</Filter>
    </ClInclude>
    <ClInclude Include="..\..\shared\src\lightmap_planes.h">
      <Filter>Header Files</Filter>
    </ClInclude>
    <ClInclude Include="..\..\shared\src\listqueue.h">
      <Filter>Header Files</Filter>
    </ClInclude>
    <ClInclude Include="..\..\..\sdk\inc\lithtech.h">
      <Filter>Header Files</Filter>
    </ClInclude>
    <ClInclude Include="..\..\world\src\loadstatus.h">
      <Filter>Header Files</Filter>
    </ClInclude>
    <ClInclude Include="..\..\kernel\net\src\localdriver.h">
      <Filter>Header Files</Filter>
    </ClInclude>
    <ClInclude Include="..\..\..\sdk\inc\ltanimtracker.h">
      <Filter>Header Files</Filter>
    </ClInclude>
    <ClInclude Include="..\..\..\sdk\inc\ltassert.h">
      <Filter>Header Files</Filter>
    </ClInclude>
    <ClInclude Include="..\..\model\src\ltb.h">
      <Filter>Header Files</Filter>
    </ClInclude>
    <ClInclude Include="..\..\..\sdk\inc\ltbasedefs.h">
      <Filter>Header Files</Filter>
    </ClInclude>
    <ClInclude Include="..\..\..\sdk\inc\ltbasetypes.h">
      <Filter>Header Files</Filter>
    </ClInclude>
    <ClInclude Include="..\..\..\sdk\inc\ltcodes.h">
      <Filter>Header Files</Filter>
    </ClInclude>
    <ClInclude Include="..\..\..\sdk\inc\ltengineobjects.h">
      <Filter>Header Files</Filter>
    </ClInclude>
    <ClInclude Include="..\..\..\sdk\inc\ltinteger.h">
      <Filter>Header Files</Filter>
    </ClInclude>
    <ClInclude Include="..\..\..\sdk\inc\ltlink.h">
      <Filter>Header Files</Filter>
    </ClInclude>
    <ClInclude Include="..\..\..\sdk\inc\ltmatrix.h">
      <Filter>Header Files</Filter>
    </ClInclude>
    <ClInclude Include="..\..\shared\src\ltmessage.h">
      <Filter>Header Files</Filter>
    </ClInclude>
    <ClInclude Include="..\..\server\src\ltmessage_server.h">
      <Filter>Header Files</Filter>
    </ClInclude>
    <ClInclude Include="..\..\..\sdk\inc\ltmodule.h">
      <Filter>Header Files</Filter>
    </ClInclude>
    <ClInclude Include="..\..\..\sdk\inc\ltplane.h">
      <Filter>Header Files</Filter>
    </ClInclude>
    <ClInclude Include="..\..\..\sdk\inc\ltpvalue.h">
      <Filter>Header Files</Filter>
    </ClInclude>
    <ClInclude Include="..\..\..\sdk\inc\ltquatbase.h">
      <Filter>Header Files</Filter>
    </ClInclude>
    <ClInclude Include="..\..\..\sdk\inc\ltrect.h">
      <Filter>Header Files</Filter>
    </ClInclude>
    <ClInclude Include="..\..\..\sdk\inc\ltrenderstyle.h">
      <Filter>Header Files</Filter>
    </ClInclude>
    <ClInclude Include="..\..\..\sdk\inc\ltserverobj.h">
      <Filter>Header Files</Filter>
    </ClInclude>
    <ClInclude Include="..\..\shared\src\lttimer.h">
      <Filter>Header Files</Filter>
    </ClInclude>
    <ClInclude Include="..\..\..\sdk\inc\ltvector.h">
      <Filter>Header Files</Filter>
    </ClInclude>
    <ClInclude Include="..\..\..\sdk\inc\physics\math_phys.h">
      <Filter>Header Files</Filter>
    </ClInclude>
    <ClInclude Include="..\..\..\sdk\inc\physics\matrix.h">
      <Filter>Header Files</Filter>
    </ClInclude>
    <ClInclude Include="..\..\model\src\model.h">
      <Filter>Header Files</Filter>
    </ClInclude>
    <ClInclude Include="..\..\model\src\model_ops.h">
      <Filter>Header Files</Filter>
    </ClInclude>
    <ClInclude Include="..\..\model\src\modelallocations.h">
      <Filter>Header Files</Filter>
    </ClInclude>
    <ClInclude Include="..\..\shared\src\motion.h">
      <Filter>Header Files</Filter>
    </ClInclude>
    <ClInclude Include="..\..\shared\src\moveobject.h">
      <Filter>Header Files</Filter>
    </ClInclude>
    <ClInclude Include="..\..\shared\src\moveplayer.h">
      <Filter>Header Files</Filter>
    </ClInclude>
    <ClInclude Include="..\..\shared\src\musicmgr.h">
      <Filter>Header Files</Filter>
    </ClInclude>
    <ClInclude Include="..\..\kernel\net\src\netmgr.h">
      <Filter>Header Files</Filter>
    </ClInclude>
    <ClInclude Include="..\..\shared\src\nexus.h">
      <Filter>Header Files</Filter>
    </ClInclude>
    <ClInclude Include="..\..\shared\src\objectmgr.h">
      <Filter>Header Files</Filter>
    </ClInclude>
    <ClInclude Include="..\..\shared\src\packetdefs.h">
      <Filter>Header Files</Filter>
    </ClInclude>
    <ClInclude Include="..\..\shared\src\parse_world_info.h">
      <Filter>Header Files</Filter>
    </ClInclude>
    <ClInclude Include="..\..\shared\src\pixelformat.h">
      <Filter>Header Files</Filter>
    </ClInclude>
    <ClInclude Include="..\..\client\src\predict.h">
      <Filter>Header Files</Filter>
    </ClInclude>
    <ClInclude Include="..\..\..\sdk\inc\physics\quaternion.h">
      <Filter>Header Files</Filter>
    </ClInclude>
    <ClInclude Include="..\..\shared\src\ratetracker.h">
      <Filter>Header Files</Filter>
    </ClInclude>
    <ClInclude Include="..\..\shared\src\refobj.h">
      <Filter>Header Files</Filter>
    </ClInclude>
    <ClInclude Include="..\..\kernel\src\sys\win\render.h">
      <Filter>Header Files</Filter>
    </ClInclude>
    <ClInclude Include="..\..\shared\src\renderinfostruct.h">
      <Filter>Header Files</Filter>
    </ClInclude>
    <ClInclude Include="..\..\shared\src\RenderObject.h">
      <Filter>Header Files</Filter>
    </ClInclude>
    <ClInclude Include="..\..\shared\src\sys\win\renderstruct.h">
      <Filter>Header Files</Filter>
    </ClInclude>
    <ClInclude Include="Resource.h">
      <Filter>Header Files</Filter>
    </ClInclude>
    <ClInclude Include="..\..\..\libs\rezmgr\rezfile.h">
      <Filter>Header Files</Filter>
    </ClInclude>
    <ClInclude Include="..\..\..\libs\rezmgr\rezhash.h">
      <Filter>Header Files</Filter>
    </ClInclude>
    <ClInclude Include="..\..\..\libs\rezmgr\rezmgr.h">
      <Filter>Header Files</Filter>
    </ClInclude>
    <ClInclude Include="..\..\..\libs\rezmgr\reztypes.h">
      <Filter>Header Files</Filter>
    </ClInclude>
    <ClInclude Include="..\..\server\src\s_client.h">
      <Filter>Header Files</Filter>
    </ClInclude>
    <ClInclude Include="..\..\server\src\s_concommand.h">
      <Filter>Header Files</Filter>
    </ClInclude>
    <ClInclude Include="..\..\server\src\s_net.h">
      <Filter>Header Files</Filter>
    </ClInclude>
    <ClInclude Include="..\..\server\src\s_object.h">
      <Filter>Header Files</Filter>
    </ClInclude>
    <ClInclude Include="..\..\server\src\server_consolestate.h">
      <Filter>Header Files</Filter>
    </ClInclude>
    <ClInclude Include="..\..\server\src\server_extradata.h">
      <Filter>Header Files</Filter>
    </ClInclude>
    <ClInclude Include="..\..\server\src\server_filemgr.h">
      <Filter>Header Files</Filter>
    </ClInclude>
    <ClInclude Include="..\..\..\sdk\inc\server_interface.h">
      <Filter>Header Files</Filter>
    </ClInclude>
    <ClInclude Include="..\..\server\src\server_loaderthread.h">
      <Filter>Header Files</Filter>
    </ClInclude>
    <ClInclude Include="..\..\server\src\serverde_impl.h">
      <Filter>Header Files</Filter>
    </ClInclude>
    <ClInclude Include="..\..\server\src\serverevent.h">
      <Filter>Header Files</Filter>
    </ClInclude>
    <ClInclude Include="..\..\server\src\serverexception.h">
      <Filter>Header Files</Filter>
    </ClInclude>
    <ClInclude Include="..\..\server\src\servermgr.h">
      <Filter>Header Files</Filter>
    </ClInclude>
    <ClInclude Include="..\..\server\src\serverobj.h">
      <Filter>Header Files</Filter>
    </ClInclude>
    <ClInclude Include="..\..\client\src\setupobject.h">
      <Filter>Header Files</Filter>
    </ClInclude>
    <ClInclude Include="..\..\shared\src\sys\win\shellbind.h">
      <Filter>Header Files</Filter>
    </ClInclude>
    <ClInclude Include="..\..\server\src\sloaderthread.h">
      <Filter>Header Files</Filter>
    </ClInclude>
    <ClInclude Include="..\..\server\src\smoveabstract.h">
      <Filter>Header Files</Filter>
    </ClInclude>
    <ClInclude Include="..\..\sound\src\soundbuffer.h">
      <Filter>Header Files</Filter>
    </ClInclude>
    <ClInclude Include="..\..\sound\src\sounddata.h">
      <Filter>Header Files</Filter>
    </ClInclude>
    <ClInclude Include="..\..\sound\src\soundinstance.h">
      <Filter>Header Files</Filter>
    </ClInclude>
    <ClInclude Include="..\..\server\src\soundtrack.h">
      <Filter>Header Files</Filter>
    </ClInclude>
    <ClInclude Include="..\..\shared\src\stacktrace.h">
      <Filter>Header Files</Filter>
    </ClInclude>
    <ClInclude Include="..\..\shared\src\staticfifo.h">
      <Filter>Header Files</Filter>
    </ClInclude>
    <ClInclude Include="..\..\shared\src\stdlterror.h">
      <Filter>Header Files</Filter>
    </ClInclude>
    <ClInclude Include="..\..\kernel\src\sys\win\stringmgr.h">
      <Filter>Header Files</Filter>
    </ClInclude>
    <ClInclude Include="..\..\kernel\src\syscounter.h">
      <Filter>Header Files</Filter>
    </ClInclude>
    <ClInclude Include="..\..\shared\src\sysddstructs.h">
      <Filter>Header Files</Filter>
    </ClInclude>
    <ClInclude Include="..\..\kernel\io\src\sysfile.h">
      <Filter>Header Files</Filter>
    </ClInclude>
    <ClInclude Include="..\..\kernel\src\syslibraryloader.h">
      <Filter>Header Files</Filter>
    </ClInclude>
    <ClInclude Include="..\..\kernel\src\syslthread.h">
      <Filter>Header Files</Filter>
    </ClInclude>
    <ClInclude Include="..\..\kernel\net\src\syssocket.h">
      <Filter>Header Files</Filter>
    </ClInclude>
    <ClInclude Include="..\..\kernel\src\sysstreamsim.h">
      <Filter>Header Files</Filter>
    </ClInclude>
    <ClInclude Include="..\..\kernel\src\systhread.h">
      <Filter>Header Files</Filter>
    </ClInclude>
    <ClInclude Include="..\..\kernel\src\systimer.h">
      <Filter>Header Files</Filter>
    </ClInclude>
    <ClInclude Include="..\..\kernel\net\src\sysudpdriver.h">
      <Filter>Header Files</Filter>
    </ClInclude>
    <ClInclude Include="..\..\kernel\net\src\sysudpthread.h">
      <Filter>Header Files</Filter>
    </ClInclude>
    <ClInclude Include="..\..\model\src\transformmaker.h">
      <Filter>Header Files</Filter>
    </ClInclude>
    <ClInclude Include="..\..\..\sdk\inc\physics\triangle.h">
      <Filter>Header Files</Filter>
    </ClInclude>
    <ClInclude Include="..\..\kernel\net\src\sys\win\udpdriver.h">
      <Filter>Header Files</Filter>
    </ClInclude>
    <ClInclude Include="..\..\..\sdk\inc\physics\vector.h">
      <Filter>Header Files</Filter>
    </ClInclude>
    <ClInclude Include="..\..\shared\src\version_info.h">
      <Filter>Header Files</Filter>
    </ClInclude>
    <ClInclude Include="..\..\kernel\src\sys\win\version_resource.h">
      <Filter>Header Files</Filter>
    </ClInclude>
    <ClInclude Include="..\..\world\src\visit_pvs.h">
      <Filter>Header Files</Filter>
    </ClInclude>
    <ClInclude Include="..\..\sound\src\wave.h">
      <Filter>Header Files</Filter>
    </ClInclude>
    <ClInclude Include="..\..\world\src\world_blind_object_data.h">
      <Filter>Header Files</Filter>
    </ClInclude>
    <ClInclude Include="..\..\world\src\world_blocker_data.h">
      <Filter>Header Files</Filter>
    </ClInclude>
    <ClInclude Include="..\..\world\src\world_client.h">
      <Filter>Header Files</Filter>
    </ClInclude>
    <ClInclude Include="..\..\world\src\world_client_bsp.h">
      <Filter>Header Files</Filter>
    </ClInclude>
    <ClInclude Include="..\..\world\src\world_particle_blocker_data.h">
      <Filter>Header Files</Filter>
    </ClInclude>
    <ClInclude Include="..\..\world\src\world_tree.h">
      <Filter>Header Files</Filter>
    </ClInclude>
    <ClInclude Include="..\..\world\src\worldtreehelper.h">
      <Filter>Header Files</Filter>
    </ClInclude>
    <ClInclude Include="..\..\kernel\src\sys\win\counter.h">
      <Filter>Header Files\Win32</Filter>
    </ClInclude>
    <ClInclude Include="..\..\kernel\io\src\sys\win\de_file.h">
      <Filter>Header Files\Win32</Filter>
    </ClInclude>
    <ClInclude Include="..\..\kernel\src\sys\win\dsys_interface.h">
      <Filter>Header Files\Win32</Filter>
    </ClInclude>
    <ClInclude Include="..\..\kernel\src\sys\win\lthread.h">
      <Filter>Header Files\Win32</Filter>
    </ClInclude>
    <ClInclude Include="..\..\kernel\src\sys\win\ltthread.h">
      <Filter>Header Files\Win32</Filter>
    </ClInclude>
    <ClInclude Include="..\..\kernel\src\sys\win\streamsim.h">
      <Filter>Header Files\Win32</Filter>
    </ClInclude>
    <ClInclude Include="..\..\kernel\src\syssysteminfo.h">
      <Filter>Header Files\Win32</Filter>
    </ClInclude>
    <ClInclude Include="..\..\kernel\src\sys\win\timemgr.h">
      <Filter>Header Files\Win32</Filter>
    </ClInclude>
    <ClInclude Include="..\..\kernel\net\src\sys\win\win32_ltthread.h">
      <Filter>Header Files\Win32</Filter>
    </ClInclude>
    <ClInclude Include="..\..\kernel\net\src\sys\win\win32_ltthreadevent.h">
      <Filter>Header Files\Win32</Filter>
    </ClInclude>
    <ClInclude Include="..\..\kernel\net\src\sys\linux\linux_ltthread.h">
      <Filter>Header Files\Linux</Filter>
    </ClInclude>
    <ClInclude Include="..\..\kernel\net\src\sys\linux\linux_ltthreadevent.h">
      <Filter>Header Files\Linux</Filter>
    </ClInclude>
    <ClInclude Include="..\..\world\src\world_interface.h">
      <Filter>Modules\World</Filter>
    </ClInclude>
    <ClInclude Include="..\..\world\src\world_server.h">
      <Filter>Modules\World</Filter>
    </ClInclude>
    <ClInclude Include="..\..\world\src\world_server_bsp.h">
      <Filter>Modules\World</Filter>
    </ClInclude>
    <ClInclude Include="..\..\world\src\world_shared_bsp.h">
      <Filter>Modules\World</Filter>
    </ClInclude>
    <ClInclude Include="..\..\..\sdk\inc\iltmodel.h">
      <Filter>Modules\Game Interfaces\ILTModel</Filter>
    </ClInclude>
    <ClInclude Include="..\..\..\sdk\inc\iltcommon.h">
      <Filter>Modules\Game Interfaces\ILTCommon</Filter>
    </ClInclude>
    <ClInclude Include="..\..\shared\src\shared_iltcommon.h">
      <Filter>Modules\Game Interfaces\ILTCommon</Filter>
    </ClInclude>
    <ClInclude Include="..\..\..\sdk\inc\iltsoundmgr.h">
      <Filter>Modules\Game Interfaces\ILTSoundMgr</Filter>
    </ClInclude>
    <ClInclude Include="..\..\..\sdk\inc\ilttransform.h">
      <Filter>Modules\Game Interfaces\ILTTransform</Filter>
    </ClInclude>
    <ClInclude Include="..\..\..\sdk\inc\iltphysics.h">
      <Filter>Modules\Game Interfaces\ILTPhysics</Filter>
    </ClInclude>
  </ItemGroup>
  <ItemGroup>
    <CustomBuild Include="..\..\kernel\src\sys\linux\counter.h">
      <Filter>Header Files\Linux</Filter>
    </CustomBuild>
    <CustomBuild Include="..\..\kernel\src\sys\linux\linuxdsys.h">
      <Filter>Header Files\Linux</Filter>
    </CustomBuild>
    <CustomBuild Include="..\..\kernel\io\src\sys\linux\linuxfile.h">
      <Filter>Header Files\Linux</Filter>
    </CustomBuild>
    <CustomBuild Include="..\..\kernel\src\sys\linux\lthread.h">
      <Filter>Header Files\Linux</Filter>
    </CustomBuild>
    <CustomBuild Include="..\..\kernel\src\sys\linux\ltthread.h">
      <Filter>Header Files\Linux</Filter>
    </CustomBuild>
    <CustomBuild Include="..\..\kernel\src\sys\linux\streamsim.h">
      <Filter>Header Files\Linux</Filter>
    </CustomBuild>
    <CustomBuild Include="..\..\kernel\src\sys\linux\timemgr.h">
      <Filter>Header Files\Linux</Filter>
    </CustomBuild>
  </ItemGroup>
</Project>