<?xml version="1.0" encoding="utf-8"?>
<Project ToolsVersion="4.0" xmlns="http://schemas.microsoft.com/developer/msbuild/2003">
  <ItemGroup>
    <Filter Include="Source Files">
      <UniqueIdentifier>{e142fd35-bf62-43b9-a9d1-4d9407b8d34c}</UniqueIdentifier>
      <Extensions>cpp;c;cxx;rc;def;r;odl;idl;hpj;bat</Extensions>
    </Filter>
    <Filter Include="Source Files\shadows">
      <UniqueIdentifier>{ca666b24-eb37-4226-ad50-01d8dc5d749f}</UniqueIdentifier>
    </Filter>
    <Filter Include="Source Files\shadows\Shadow Headers">
      <UniqueIdentifier>{eb868fa3-9b00-4d7c-84c5-d9b1e719a87d}</UniqueIdentifier>
    </Filter>
    <Filter Include="Source Files\Texture Script Source">
      <UniqueIdentifier>{f75e5636-2798-49f0-ba2a-fbd8c4ad3992}</UniqueIdentifier>
      <Extensions>*.cpp</Extensions>
    </Filter>
    <Filter Include="Header Files">
      <UniqueIdentifier>{13ca27ac-abf6-44c0-a59d-db518fadfa10}</UniqueIdentifier>
      <Extensions>h;hpp;hxx;hm;inl</Extensions>
    </Filter>
  </ItemGroup>
  <ItemGroup>
    <ClCompile Include="3d_ops.cpp">
      <Filter>Source Files</Filter>
    </ClCompile>
    <ClCompile Include="AABB.cpp">
      <Filter>Source Files</Filter>
    </ClCompile>
    <ClCompile Include="common_draw.cpp">
      <Filter>Source Files</Filter>
    </ClCompile>
    <ClCompile Include="common_init.cpp">
      <Filter>Source Files</Filter>
    </ClCompile>
    <ClCompile Include="common_stuff.cpp">
      <Filter>Source Files</Filter>
    </ClCompile>
    <ClCompile Include="d3d_device.cpp">
      <Filter>Source Files</Filter>
    </ClCompile>
    <ClCompile Include="d3d_device_wrapper.cpp">
      <Filter>Source Files</Filter>
    </ClCompile>
    <ClCompile Include="d3d_draw.cpp">
      <Filter>Source Files</Filter>
    </ClCompile>
    <ClCompile Include="d3d_drawsky.cpp">
      <Filter>Source Files</Filter>
    </ClCompile>
    <ClCompile Include="d3d_init.cpp">
      <Filter>Source Files</Filter>
    </ClCompile>
    <ClCompile Include="d3d_optimizedsurface.cpp">
      <Filter>Source Files</Filter>
    </ClCompile>
    <ClCompile Include="d3d_renderblock.cpp">
      <Filter>Source Files</Filter>
    </ClCompile>
    <ClCompile Include="d3d_rendershader_dynamiclight.cpp">
      <Filter>Source Files</Filter>
    </ClCompile>
    <ClCompile Include="d3d_rendershader_glow.cpp">
      <Filter>Source Files</Filter>
    </ClCompile>
    <ClCompile Include="d3d_rendershader_gouraud.cpp">
      <Filter>Source Files</Filter>
    </ClCompile>
    <ClCompile Include="d3d_rendershader_gouraud_fullbright.cpp">
      <Filter>Source Files</Filter>
    </ClCompile>
    <ClCompile Include="d3d_rendershader_lightmap.cpp">
      <Filter>Source Files</Filter>
    </ClCompile>
    <ClCompile Include="d3d_renderstatemgr.cpp">
      <Filter>Source Files</Filter>
    </ClCompile>
    <ClCompile Include="d3d_renderstyle.cpp">
      <Filter>Source Files</Filter>
    </ClCompile>
    <ClCompile Include="d3d_renderstyleinterface.cpp">
      <Filter>Source Files</Filter>
    </ClCompile>
    <ClCompile Include="d3d_renderworld.cpp">
      <Filter>Source Files</Filter>
    </ClCompile>
    <ClCompile Include="d3d_renderworld_occluder.cpp">
      <Filter>Source Files</Filter>
    </ClCompile>
    <ClCompile Include="d3d_shell.cpp">
      <Filter>Source Files</Filter>
    </ClCompile>
    <ClCompile Include="d3d_surface.cpp">
      <Filter>Source Files</Filter>
    </ClCompile>
    <ClCompile Include="d3d_texture.cpp">
      <Filter>Source Files</Filter>
    </ClCompile>
    <ClCompile Include="d3d_utils.cpp">
      <Filter>Source Files</Filter>
    </ClCompile>
    <ClCompile Include="d3d_viewparams.cpp">
      <Filter>Source Files</Filter>
    </ClCompile>
    <ClCompile Include="d3dmeshrendobj_rigid.cpp">
      <Filter>Source Files</Filter>
    </ClCompile>
    <ClCompile Include="d3dmeshrendobj_skel.cpp">
      <Filter>Source Files</Filter>
    </ClCompile>
    <ClCompile Include="d3dmeshrendobj_vertanim.cpp">
      <Filter>Source Files</Filter>
    </ClCompile>
    <ClCompile Include="devicelightlist.cpp">
      <Filter>Source Files</Filter>
    </ClCompile>
    <ClCompile Include="dirtyrect.cpp">
      <Filter>Source Files</Filter>
    </ClCompile>
    <ClCompile Include="draw_canvas.cpp">
      <Filter>Source Files</Filter>
    </ClCompile>
    <ClCompile Include="drawlight.cpp">
      <Filter>Source Files</Filter>
    </ClCompile>
    <ClCompile Include="drawlinesystem.cpp">
      <Filter>Source Files</Filter>
    </ClCompile>
    <ClCompile Include="drawmodel.cpp">
      <Filter>Source Files</Filter>
    </ClCompile>
    <ClCompile Include="drawobjects.cpp">
      <Filter>Source Files</Filter>
    </ClCompile>
    <ClCompile Include="drawparticles.cpp">
      <Filter>Source Files</Filter>
    </ClCompile>
    <ClCompile Include="drawparticles_A.cpp">
      <Filter>Source Files</Filter>
    </ClCompile>
    <ClCompile Include="drawpolygrid.cpp">
      <Filter>Source Files</Filter>
    </ClCompile>
    <ClCompile Include="drawsky.cpp">
      <Filter>Source Files</Filter>
    </ClCompile>
    <ClCompile Include="drawsprite.cpp">
      <Filter>Source Files</Filter>
    </ClCompile>
    <ClCompile Include="drawvolumeeffects.cpp">
      <Filter>Source Files</Filter>
    </ClCompile>
    <ClCompile Include="drawworldmodel.cpp">
      <Filter>Source Files</Filter>
    </ClCompile>
    <ClCompile Include="LTEffectImpl.cpp">
      <Filter>Source Files</Filter>
    </ClCompile>
    <ClCompile Include="LTEffectInclude.cpp">
      <Filter>Source Files</Filter>
    </ClCompile>
    <ClCompile Include="lteffectshadermgr.cpp">
      <Filter>Source Files</Filter>
    </ClCompile>
    <ClCompile Include="ltpixelshadermgr.cpp">
      <Filter>Source Files</Filter>
    </ClCompile>
    <ClCompile Include="LTShaderDeviceStateImp.cpp">
      <Filter>Source Files</Filter>
    </ClCompile>
    <ClCompile Include="ltvertexshadermgr.cpp">
      <Filter>Source Files</Filter>
    </ClCompile>
    <ClCompile Include="memstats_world.cpp">
      <Filter>Source Files</Filter>
    </ClCompile>
    <ClCompile Include="modeldebug.cpp">
      <Filter>Source Files</Filter>
    </ClCompile>
    <ClCompile Include="objectgroupmgr.cpp">
      <Filter>Source Files</Filter>
    </ClCompile>
    <ClCompile Include="precompile.cpp">
      <Filter>Source Files</Filter>
    </ClCompile>
    <ClCompile Include="relevantlightlist.cpp">
      <Filter>Source Files</Filter>
    </ClCompile>
    <ClCompile Include="rendererconsolevars.cpp">
      <Filter>Source Files</Filter>
    </ClCompile>
    <ClCompile Include="rendererframestats.cpp">
      <Filter>Source Files</Filter>
    </ClCompile>
    <ClCompile Include="renderlight.cpp">
      <Filter>Source Files</Filter>
    </ClCompile>
    <ClCompile Include="rendermodelinfolist.cpp">
      <Filter>Source Files</Filter>
    </ClCompile>
    <ClCompile Include="rendermodelpiecelist.cpp">
      <Filter>Source Files</Filter>
    </ClCompile>
    <ClCompile Include="rendershadowlist.cpp">
      <Filter>Source Files</Filter>
    </ClCompile>
    <ClCompile Include="renderstylelookuptables.cpp">
      <Filter>Source Files</Filter>
    </ClCompile>
    <ClCompile Include="renderstylemap.cpp">
      <Filter>Source Files</Filter>
    </ClCompile>
    <ClCompile Include="rendertarget.cpp">
      <Filter>Source Files</Filter>
    </ClCompile>
    <ClCompile Include="rendertargetmgr.cpp">
      <Filter>Source Files</Filter>
    </ClCompile>
    <ClCompile Include="screenglowmgr.cpp">
      <Filter>Source Files</Filter>
    </ClCompile>
    <ClCompile Include="setupmodel.cpp">
      <Filter>Source Files</Filter>
    </ClCompile>
    <ClCompile Include="setuptouchinglights.cpp">
      <Filter>Source Files</Filter>
    </ClCompile>
    <ClCompile Include="tagnodes.cpp">
      <Filter>Source Files</Filter>
    </ClCompile>
    <ClCompile Include="VertexBufferController.cpp">
      <Filter>Source Files</Filter>
    </ClCompile>
    <ClCompile Include="..\shadows\d3dshadowtexture.cpp">
      <Filter>Source Files\shadows</Filter>
    </ClCompile>
    <ClCompile Include="modelshadowshader.cpp">
      <Filter>Source Files\shadows</Filter>
    </ClCompile>
    <ClCompile Include="texturescriptinstance.cpp">
      <Filter>Source Files\Texture Script Source</Filter>
    </ClCompile>
    <ClCompile Include="texturescriptinterpreter.cpp">
      <Filter>Source Files\Texture Script Source</Filter>
    </ClCompile>
    <ClCompile Include="texturescriptmgr.cpp">
      <Filter>Source Files\Texture Script Source</Filter>
    </ClCompile>
    <ClCompile Include="texturescriptvarmgr.cpp">
      <Filter>Source Files\Texture Script Source</Filter>
    </ClCompile>
  </ItemGroup>
  <ItemGroup>
    <ResourceCompile Include="d3drender.rc">
      <Filter>Source Files</Filter>
    </ResourceCompile>
  </ItemGroup>
  <ItemGroup>
    <ClInclude Include="..\shadows\d3dshadowtexture.h">
      <Filter>Source Files\shadows\Shadow Headers</Filter>
    </ClInclude>
    <ClInclude Include="iaggregateshader.h">
      <Filter>Source Files\shadows\Shadow Headers</Filter>
    </ClInclude>
    <ClInclude Include="modelshadowshader.h">
      <Filter>Source Files\shadows\Shadow Headers</Filter>
    </ClInclude>
    <ClInclude Include="texturescriptdefs.h">
      <Filter>Source Files\Texture Script Source</Filter>
    </ClInclude>
    <ClInclude Include="texturescriptevaluator.h">
      <Filter>Source Files\Texture Script Source</Filter>
    </ClInclude>
    <ClInclude Include="texturescriptinstance.h">
      <Filter>Source Files\Texture Script Source</Filter>
    </ClInclude>
    <ClInclude Include="texturescriptinterpreter.h">
      <Filter>Source Files\Texture Script Source</Filter>
    </ClInclude>
    <ClInclude Include="texturescriptmgr.h">
      <Filter>Source Files\Texture Script Source</Filter>
    </ClInclude>
    <ClInclude Include="texturescriptvarmgr.h">
      <Filter>Source Files\Texture Script Source</Filter>
    </ClInclude>
    <ClInclude Include="3d_ops.h">
      <Filter>Header Files</Filter>
    </ClInclude>
    <ClInclude Include="AABB.h">
      <Filter>Header Files</Filter>
    </ClInclude>
    <ClInclude Include="..\..\..\..\model\src\animtracker.h">
      <Filter>Header Files</Filter>
    </ClInclude>
    <ClInclude Include="..\..\..\..\shared\src\bdefs.h">
      <Filter>Header Files</Filter>
    </ClInclude>
    <ClInclude Include="..\..\..\..\client\src\client_formatmgr.h">
      <Filter>Header Files</Filter>
    </ClInclude>
    <ClInclude Include="clipline.h">
      <Filter>Header Files</Filter>
    </ClInclude>
    <ClInclude Include="..\..\..\..\shared\src\colorops.h">
      <Filter>Header Files</Filter>
    </ClInclude>
    <ClInclude Include="common_draw.h">
      <Filter>Header Files</Filter>
    </ClInclude>
    <ClInclude Include="common_init.h">
      <Filter>Header Files</Filter>
    </ClInclude>
    <ClInclude Include="common_stuff.h">
      <Filter>Header Files</Filter>
    </ClInclude>
    <ClInclude Include="..\..\..\..\shared\src\conparse.h">
      <Filter>Header Files</Filter>
    </ClInclude>
    <ClInclude Include="..\..\..\..\kernel\src\sys\win\counter.h">
      <Filter>Header Files</Filter>
    </ClInclude>
    <ClInclude Include="d3d_convar.h">
      <Filter>Header Files</Filter>
    </ClInclude>
    <ClInclude Include="d3d_defs.h">
      <Filter>Header Files</Filter>
    </ClInclude>
    <ClInclude Include="d3d_device.h">
      <Filter>Header Files</Filter>
    </ClInclude>
    <ClInclude Include="d3d_device_wrapper.h">
      <Filter>Header Files</Filter>
    </ClInclude>
    <ClInclude Include="d3d_draw.h">
      <Filter>Header Files</Filter>
    </ClInclude>
    <ClInclude Include="d3d_init.h">
      <Filter>Header Files</Filter>
    </ClInclude>
    <ClInclude Include="d3d_renderblock.h">
      <Filter>Header Files</Filter>
    </ClInclude>
    <ClInclude Include="d3d_rendershader.h">
      <Filter>Header Files</Filter>
    </ClInclude>
    <ClInclude Include="d3d_rendershader_base.h">
      <Filter>Header Files</Filter>
    </ClInclude>
    <ClInclude Include="d3d_rendershader_default.h">
      <Filter>Header Files</Filter>
    </ClInclude>
    <ClInclude Include="d3d_rendershader_dynamiclight.h">
      <Filter>Header Files</Filter>
    </ClInclude>
    <ClInclude Include="d3d_rendershader_glow.h">
      <Filter>Header Files</Filter>
    </ClInclude>
    <ClInclude Include="d3d_rendershader_gouraud.h">
      <Filter>Header Files</Filter>
    </ClInclude>
    <ClInclude Include="d3d_rendershader_gouraud_fullbright.h">
      <Filter>Header Files</Filter>
    </ClInclude>
    <ClInclude Include="d3d_rendershader_lightmap.h">
      <Filter>Header Files</Filter>
    </ClInclude>
    <ClInclude Include="d3d_renderstatemgr.h">
      <Filter>Header Files</Filter>
    </ClInclude>
    <ClInclude Include="d3d_renderstyle.h">
      <Filter>Header Files</Filter>
    </ClInclude>
    <ClInclude Include="d3d_renderstyleinterface.h">
      <Filter>Header Files</Filter>
    </ClInclude>
    <ClInclude Include="d3d_renderworld.h">
      <Filter>Header Files</Filter>
    </ClInclude>
    <ClInclude Include="d3d_renderworld_occluder.h">
      <Filter>Header Files</Filter>
    </ClInclude>
    <ClInclude Include="d3d_shell.h">
      <Filter>Header Files</Filter>
    </ClInclude>
    <ClInclude Include="d3d_surface.h">
      <Filter>Header Files</Filter>
    </ClInclude>
    <ClInclude Include="d3d_texture.h">
      <Filter>Header Files</Filter>
    </ClInclude>
    <ClInclude Include="d3d_utils.h">
      <Filter>Header Files</Filter>
    </ClInclude>
    <ClInclude Include="d3d_viewparams.h">
      <Filter>Header Files</Filter>
    </ClInclude>
    <ClInclude Include="..\..\..\..\shared\src\sys\win\d3dddstructs.h">
      <Filter>Header Files</Filter>
    </ClInclude>
    <ClInclude Include="d3dmeshrendobj_rigid.h">
      <Filter>Header Files</Filter>
    </ClInclude>
    <ClInclude Include="d3dmeshrendobj_skel.h">
      <Filter>Header Files</Filter>
    </ClInclude>
    <ClInclude Include="d3dmeshrendobj_vertanim.h">
      <Filter>Header Files</Filter>
    </ClInclude>
    <ClInclude Include="..\..\..\..\world\src\de_mainworld.h">
      <Filter>Header Files</Filter>
    </ClInclude>
    <ClInclude Include="..\..\..\..\kernel\mem\src\de_memory.h">
      <Filter>Header Files</Filter>
    </ClInclude>
    <ClInclude Include="..\..\..\..\world\src\de_objects.h">
      <Filter>Header Files</Filter>
    </ClInclude>
    <ClInclude Include="..\..\..\..\world\src\de_sprite.h">
      <Filter>Header Files</Filter>
    </ClInclude>
    <ClInclude Include="..\..\..\..\world\src\de_world.h">
      <Filter>Header Files</Filter>
    </ClInclude>
    <ClInclude Include="..\..\..\..\shared\src\DebugGeometry.h">
      <Filter>Header Files</Filter>
    </ClInclude>
    <ClInclude Include="devicelightlist.h">
      <Filter>Header Files</Filter>
    </ClInclude>
    <ClInclude Include="dirtyrect.h">
      <Filter>Header Files</Filter>
    </ClInclude>
    <ClInclude Include="draw_canvas.h">
      <Filter>Header Files</Filter>
    </ClInclude>
    <ClInclude Include="drawlight.h">
      <Filter>Header Files</Filter>
    </ClInclude>
    <ClInclude Include="drawobjects.h">
      <Filter>Header Files</Filter>
    </ClInclude>
    <ClInclude Include="drawsky.h">
      <Filter>Header Files</Filter>
    </ClInclude>
    <ClInclude Include="drawworldmodel.h">
      <Filter>Header Files</Filter>
    </ClInclude>
    <ClInclude Include="..\..\..\..\kernel\src\dsys.h">
      <Filter>Header Files</Filter>
    </ClInclude>
    <ClInclude Include="..\..\..\..\kernel\src\sys\win\dsys_interface.h">
      <Filter>Header Files</Filter>
    </ClInclude>
    <ClInclude Include="..\..\..\..\shared\src\dtxmgr.h">
      <Filter>Header Files</Filter>
    </ClInclude>
    <ClInclude Include="FixedPoint.h">
      <Filter>Header Files</Filter>
    </ClInclude>
    <ClInclude Include="..\..\..\..\world\src\fullintersectline.h">
      <Filter>Header Files</Filter>
    </ClInclude>
    <ClInclude Include="..\..\..\..\shared\src\gamemath.h">
      <Filter>Header Files</Filter>
    </ClInclude>
    <ClInclude Include="..\..\..\..\shared\src\geometry.h">
      <Filter>Header Files</Filter>
    </ClInclude>
    <ClInclude Include="..\..\..\..\shared\src\geomroutines.h">
      <Filter>Header Files</Filter>
    </ClInclude>
    <ClInclude Include="..\..\..\..\..\sdk\inc\iclientshell.h">
      <Filter>Header Files</Filter>
    </ClInclude>
    <ClInclude Include="..\..\..\..\..\sdk\inc\iltbenchmark.h">
      <Filter>Header Files</Filter>
    </ClInclude>
    <ClInclude Include="..\..\..\..\..\sdk\inc\iltclient.h">
      <Filter>Header Files</Filter>
    </ClInclude>
    <ClInclude Include="..\..\..\..\..\sdk\inc\iltcommon.h">
      <Filter>Header Files</Filter>
    </ClInclude>
    <ClInclude Include="..\..\..\..\..\sdk\inc\iltcsbase.h">
      <Filter>Header Files</Filter>
    </ClInclude>
    <ClInclude Include="..\..\..\..\..\sdk\inc\iltdirectmusic.h">
      <Filter>Header Files</Filter>
    </ClInclude>
    <ClInclude Include="..\..\..\..\..\sdk\inc\iltdrawprim.h">
      <Filter>Header Files</Filter>
    </ClInclude>
    <ClInclude Include="..\..\..\..\..\sdk\inc\iltinfo.h">
      <Filter>Header Files</Filter>
    </ClInclude>
    <ClInclude Include="..\..\..\..\..\sdk\inc\iltmath.h">
      <Filter>Header Files</Filter>
    </ClInclude>
    <ClInclude Include="..\..\..\..\..\sdk\inc\iltrenderstyles.h">
      <Filter>Header Files</Filter>
    </ClInclude>
    <ClInclude Include="..\..\..\..\..\sdk\inc\iltsoundmgr.h">
      <Filter>Header Files</Filter>
    </ClInclude>
    <ClInclude Include="..\..\..\..\..\sdk\inc\iltspritecontrol.h">
      <Filter>Header Files</Filter>
    </ClInclude>
    <ClInclude Include="..\..\..\..\..\sdk\inc\iltstream.h">
      <Filter>Header Files</Filter>
    </ClInclude>
    <ClInclude Include="..\..\..\..\..\sdk\inc\ilttexinterface.h">
      <Filter>Header Files</Filter>
    </ClInclude>
    <ClInclude Include="..\..\..\..\kernel\src\sys\win\interface_helpers.h">
      <Filter>Header Files</Filter>
    </ClInclude>
    <ClInclude Include="..\..\..\..\world\src\intersect_line.h">
      <Filter>Header Files</Filter>
    </ClInclude>
    <ClInclude Include="..\..\..\..\world\src\light_table.h">
      <Filter>Header Files</Filter>
    </ClInclude>
    <ClInclude Include="..\..\..\..\shared\src\lightmap_compress.h">
      <Filter>Header Files</Filter>
    </ClInclude>
    <ClInclude Include="..\..\..\..\..\sdk\inc\lithtech.h">
      <Filter>Header Files</Filter>
    </ClInclude>
    <ClInclude Include="..\..\..\..\..\sdk\inc\ltanimtracker.h">
      <Filter>Header Files</Filter>
    </ClInclude>
    <ClInclude Include="..\..\..\..\..\sdk\inc\ltassert.h">
      <Filter>Header Files</Filter>
    </ClInclude>
    <ClInclude Include="..\..\..\..\model\src\ltb.h">
      <Filter>Header Files</Filter>
    </ClInclude>
    <ClInclude Include="..\..\..\..\..\sdk\inc\ltbasedefs.h">
      <Filter>Header Files</Filter>
    </ClInclude>
    <ClInclude Include="..\..\..\..\..\sdk\inc\ltbasetypes.h">
      <Filter>Header Files</Filter>
    </ClInclude>
    <ClInclude Include="..\..\..\..\..\sdk\inc\ltcodes.h">
      <Filter>Header Files</Filter>
    </ClInclude>
    <ClInclude Include="LTEffectImpl.h">
      <Filter>Header Files</Filter>
    </ClInclude>
    <ClInclude Include="LTEffectInclude.h">
      <Filter>Header Files</Filter>
    </ClInclude>
    <ClInclude Include="lteffectshadermgr.h">
      <Filter>Header Files</Filter>
    </ClInclude>
    <ClInclude Include="..\..\..\..\kernel\src\sys\win\lthread.h">
      <Filter>Header Files</Filter>
    </ClInclude>
    <ClInclude Include="..\..\..\..\..\sdk\inc\ltinteger.h">
      <Filter>Header Files</Filter>
    </ClInclude>
    <ClInclude Include="..\..\..\..\..\sdk\inc\ltlink.h">
      <Filter>Header Files</Filter>
    </ClInclude>
    <ClInclude Include="..\..\..\..\..\sdk\inc\ltmatrix.h">
      <Filter>Header Files</Filter>
    </ClInclude>
    <ClInclude Include="..\..\..\..\..\sdk\inc\ltmodule.h">
      <Filter>Header Files</Filter>
    </ClInclude>
    <ClInclude Include="ltpixelshadermgr.h">
      <Filter>Header Files</Filter>
    </ClInclude>
    <ClInclude Include="..\..\..\..\..\sdk\inc\ltplane.h">
      <Filter>Header Files</Filter>
    </ClInclude>
    <ClInclude Include="..\..\..\..\..\sdk\inc\ltpvalue.h">
      <Filter>Header Files</Filter>
    </ClInclude>
    <ClInclude Include="..\..\..\..\..\sdk\inc\ltquatbase.h">
      <Filter>Header Files</Filter>
    </ClInclude>
    <ClInclude Include="..\..\..\..\..\sdk\inc\ltrect.h">
      <Filter>Header Files</Filter>
    </ClInclude>
    <ClInclude Include="..\..\..\..\..\sdk\inc\ltrenderstyle.h">
      <Filter>Header Files</Filter>
    </ClInclude>
    <ClInclude Include="..\..\..\..\..\sdk\inc\ltrotation.h">
      <Filter>Header Files</Filter>
    </ClInclude>
    <ClInclude Include="LTShaderDeviceStateImp.h">
      <Filter>Header Files</Filter>
    </ClInclude>
    <ClInclude Include="..\..\..\..\..\sdk\inc\ltvector.h">
      <Filter>Header Files</Filter>
    </ClInclude>
    <ClInclude Include="ltvertexshadermgr.h">
      <Filter>Header Files</Filter>
    </ClInclude>
    <ClInclude Include="memstats_world.h">
      <Filter>Header Files</Filter>
    </ClInclude>
    <ClInclude Include="..\..\..\..\model\src\model.h">
      <Filter>Header Files</Filter>
    </ClInclude>
    <ClInclude Include="..\..\..\..\model\src\model_ops.h">
      <Filter>Header Files</Filter>
    </ClInclude>
    <ClInclude Include="..\..\..\..\model\src\modelallocations.h">
      <Filter>Header Files</Filter>
    </ClInclude>
    <ClInclude Include="modeldebug.h">
      <Filter>Header Files</Filter>
    </ClInclude>
    <ClInclude Include="..\..\..\..\shared\src\nexus.h">
      <Filter>Header Files</Filter>
    </ClInclude>
    <ClInclude Include="objectgroupmgr.h">
      <Filter>Header Files</Filter>
    </ClInclude>
    <ClInclude Include="..\..\..\..\shared\src\objectmgr.h">
      <Filter>Header Files</Filter>
    </ClInclude>
    <ClInclude Include="..\..\..\..\shared\src\pixelformat.h">
      <Filter>Header Files</Filter>
    </ClInclude>
    <ClInclude Include="polyclip.h">
      <Filter>Header Files</Filter>
    </ClInclude>
    <ClInclude Include="precompile.h">
      <Filter>Header Files</Filter>
    </ClInclude>
    <ClInclude Include="relevantlightlist.h">
      <Filter>Header Files</Filter>
    </ClInclude>
    <ClInclude Include="..\..\..\..\kernel\src\sys\win\render.h">
      <Filter>Header Files</Filter>
    </ClInclude>
    <ClInclude Include="rendererconsolevars.h">
      <Filter>Header Files</Filter>
    </ClInclude>
    <ClInclude Include="rendererframestats.h">
      <Filter>Header Files</Filter>
    </ClInclude>
    <ClInclude Include="..\..\..\..\shared\src\renderinfostruct.h">
      <Filter>Header Files</Filter>
    </ClInclude>
    <ClInclude Include="renderlight.h">
      <Filter>Header Files</Filter>
    </ClInclude>
    <ClInclude Include="rendermodelinfolist.h">
      <Filter>Header Files</Filter>
    </ClInclude>
    <ClInclude Include="rendermodelpiecelist.h">
      <Filter>Header Files</Filter>
    </ClInclude>
    <ClInclude Include="..\..\..\..\shared\src\RenderObject.h">
      <Filter>Header Files</Filter>
    </ClInclude>
    <ClInclude Include="rendershadowlist.h">
      <Filter>Header Files</Filter>
    </ClInclude>
    <ClInclude Include="..\..\..\..\shared\src\sys\win\renderstruct.h">
      <Filter>Header Files</Filter>
    </ClInclude>
    <ClInclude Include="renderstylelookuptables.h">
      <Filter>Header Files</Filter>
    </ClInclude>
    <ClInclude Include="renderstylemap.h">
      <Filter>Header Files</Filter>
    </ClInclude>
    <ClInclude Include="rendertarget.h">
      <Filter>Header Files</Filter>
    </ClInclude>
    <ClInclude Include="rendertargetmgr.h">
      <Filter>Header Files</Filter>
    </ClInclude>
    <ClInclude Include="screenglowmgr.h">
      <Filter>Header Files</Filter>
    </ClInclude>
    <ClInclude Include="setupmodel.h">
      <Filter>Header Files</Filter>
    </ClInclude>
    <ClInclude Include="setuptouchinglights.h">
      <Filter>Header Files</Filter>
    </ClInclude>
    <ClInclude Include="SimD_Utilities.h">
      <Filter>Header Files</Filter>
    </ClInclude>
    <ClInclude Include="..\..\..\..\kernel\src\syscounter.h">
      <Filter>Header Files</Filter>
    </ClInclude>
    <ClInclude Include="..\..\..\..\shared\src\sysddstructs.h">
      <Filter>Header Files</Filter>
    </ClInclude>
    <ClInclude Include="tagnodes.h">
      <Filter>Header Files</Filter>
    </ClInclude>
    <ClInclude Include="..\..\..\..\model\src\transformmaker.h">
      <Filter>Header Files</Filter>
    </ClInclude>
    <ClInclude Include="..\..\..\..\shared\src\version_info.h">
      <Filter>Header Files</Filter>
    </ClInclude>
    <ClInclude Include="VertexBufferController.h">
      <Filter>Header Files</Filter>
    </ClInclude>
    <ClInclude Include="..\..\..\..\world\src\visit_pvs.h">
      <Filter>Header Files</Filter>
    </ClInclude>
    <ClInclude Include="..\..\..\..\world\src\world_tree.h">
      <Filter>Header Files</Filter>
    </ClInclude>
    <ClInclude Include="..\..\..\..\world\src\worldtreehelper.h">
      <Filter>Header Files</Filter>
    </ClInclude>
  </ItemGroup>
</Project>