Microsoft Visual Studio Solution File, Format Version 8.00
Project("{8BC9CEB8-8B4A-11D0-8D11-00A0C91BC942}") = "Lib_ZLib", "zlib\Lib_ZLib.vcproj", "{9E355C8A-E922-42DE-9FBF-076DB71B7630}"
	ProjectSection(ProjectDependencies) = postProject
	EndProjectSection
EndProject
Project("{8BC9CEB8-8B4A-11D0-8D11-00A0C91BC942}") = "Lib_StdLith", "stdlith\Lib_StdLith.vcproj", "{1B1401D4-CC33-4113-B220-73146A036DB7}"
	ProjectSection(ProjectDependencies) = postProject
	EndProjectSection
EndProject
Project("{8BC9CEB8-8B4A-11D0-8D11-00A0C91BC942}") = "Lib_Lith", "lith\Lib_Lith.vcproj", "{6A124F5D-D9D0-49E2-B771-6CB6B8B1D1A3}"
	ProjectSection(ProjectDependencies) = postProject
	EndProjectSection
EndProject
Project("{8BC9CEB8-8B4A-11D0-8D11-00A0C91BC942}") = "regmgr32", "RegMgr32\regmgr32.vcproj", "{03CB6BF6-A11E-4EB4-A657-A6F49DFF77E8}"
	ProjectSection(ProjectDependencies) = postProject
	EndProjectSection
EndProject
Project("{8BC9CEB8-8B4A-11D0-8D11-00A0C91BC942}") = "RegMgr", "RegMgr\regmgr60.vcproj", "{018E8B44-4293-40EE-9B3F-7F8C57688251}"
	ProjectSection(ProjectDependencies) = postProject
	EndProjectSection
EndProject
Project("{8BC9CEB8-8B4A-11D0-8D11-00A0C91BC942}") = "MFCStub", "MFCStub\MFCStub60.vcproj", "{718F7FCE-F855-4BE4-8E85-D4DAF492A15D}"
	ProjectSection(ProjectDependencies) = postProject
	EndProjectSection
EndProject
Project("{8BC9CEB8-8B4A-11D0-8D11-00A0C91BC942}") = "GenRegMgr", "genregmgr\genregmgr60.vcproj", "{60C8731A-316E-42C5-9B1C-DAF207F3698B}"
	ProjectSection(ProjectDependencies) = postProject
	EndProjectSection
EndProject
Project("{8BC9CEB8-8B4A-11D0-8D11-00A0C91BC942}") = "DibMgr", "dibmgr\dibmgr60.vcproj", "{784F6D25-4289-4460-B82D-83A59E81D53C}"
	ProjectSection(ProjectDependencies) = postProject
	EndProjectSection
EndProject
Project("{8BC9CEB8-8B4A-11D0-8D11-00A0C91BC942}") = "CryptMgr", "CryptMgr\cryptmgr.vcproj", "{4D71855A-6759-4D91-A3E5-C7B71A816477}"
	ProjectSection(ProjectDependencies) = postProject
	EndProjectSection
EndProject
Project("{8BC9CEB8-8B4A-11D0-8D11-00A0C91BC942}") = "ButeMgr", "ButeMgr\ButeMgr.vcproj", "{CDF189C8-F63C-4B4B-9050-634535DA1A7D}"
	ProjectSection(ProjectDependencies) = postProject
	EndProjectSection
EndProject
Project("{8BC9CEB8-8B4A-11D0-8D11-00A0C91BC942}") = "MfcDlls", "MfcDlls.vcproj", "{A0BA00E5-D661-49B6-B1F0-C595185CF954}"
	ProjectSection(ProjectDependencies) = postProject
	EndProjectSection
EndProject
Project("{8BC9CEB8-8B4A-11D0-8D11-00A0C91BC942}") = "Lib_StackTracer", "StackTracer\Lib_StackTracer.vcproj", "{9E7F7E8A-846B-4E67-BCCF-5888CF4BFB0C}"
	ProjectSection(ProjectDependencies) = postProject
	EndProjectSection
EndProject
Global
	GlobalSection(SolutionConfiguration) = preSolution
		Debug = Debug
		Debug MFC DLL = Debug MFC DLL
		Final = Final
		Final MFC DLL = Final MFC DLL
		Release = Release
		Release MFC DLL = Release MFC DLL
	EndGlobalSection
	GlobalSection(ProjectConfiguration) = postSolution
		{9E355C8A-E922-42DE-9FBF-076DB71B7630}.Debug.ActiveCfg = Debug|Win32
		{9E355C8A-E922-42DE-9FBF-076DB71B7630}.Debug.Build.0 = Debug|Win32
		{9E355C8A-E922-42DE-9FBF-076DB71B7630}.Debug MFC DLL.ActiveCfg = Debug|Win32
		{9E355C8A-E922-42DE-9FBF-076DB71B7630}.Debug MFC DLL.Build.0 = Debug|Win32
		{9E355C8A-E922-42DE-9FBF-076DB71B7630}.Final.ActiveCfg = Final|Win32
		{9E355C8A-E922-42DE-9FBF-076DB71B7630}.Final.Build.0 = Final|Win32
		{9E355C8A-E922-42DE-9FBF-076DB71B7630}.Final MFC DLL.ActiveCfg = Final|Win32
		{9E355C8A-E922-42DE-9FBF-076DB71B7630}.Final MFC DLL.Build.0 = Final|Win32
		{9E355C8A-E922-42DE-9FBF-076DB71B7630}.Release.ActiveCfg = Release|Win32
		{9E355C8A-E922-42DE-9FBF-076DB71B7630}.Release.Build.0 = Release|Win32
		{9E355C8A-E922-42DE-9FBF-076DB71B7630}.Release MFC DLL.ActiveCfg = Release|Win32
		{9E355C8A-E922-42DE-9FBF-076DB71B7630}.Release MFC DLL.Build.0 = Release|Win32
		{1B1401D4-CC33-4113-B220-73146A036DB7}.Debug.ActiveCfg = Debug|Win32
		{1B1401D4-CC33-4113-B220-73146A036DB7}.Debug.Build.0 = Debug|Win32
		{1B1401D4-CC33-4113-B220-73146A036DB7}.Debug MFC DLL.ActiveCfg = Debug|Win32
		{1B1401D4-CC33-4113-B220-73146A036DB7}.Debug MFC DLL.Build.0 = Debug|Win32
		{1B1401D4-CC33-4113-B220-73146A036DB7}.Final.ActiveCfg = Final|Win32
		{1B1401D4-CC33-4113-B220-73146A036DB7}.Final.Build.0 = Final|Win32
		{1B1401D4-CC33-4113-B220-73146A036DB7}.Final MFC DLL.ActiveCfg = Final|Win32
		{1B1401D4-CC33-4113-B220-73146A036DB7}.Final MFC DLL.Build.0 = Final|Win32
		{1B1401D4-CC33-4113-B220-73146A036DB7}.Release.ActiveCfg = Release|Win32
		{1B1401D4-CC33-4113-B220-73146A036DB7}.Release.Build.0 = Release|Win32
		{1B1401D4-CC33-4113-B220-73146A036DB7}.Release MFC DLL.ActiveCfg = Release|Win32
		{1B1401D4-CC33-4113-B220-73146A036DB7}.Release MFC DLL.Build.0 = Release|Win32
		{6A124F5D-D9D0-49E2-B771-6CB6B8B1D1A3}.Debug.ActiveCfg = Debug|Win32
		{6A124F5D-D9D0-49E2-B771-6CB6B8B1D1A3}.Debug.Build.0 = Debug|Win32
		{6A124F5D-D9D0-49E2-B771-6CB6B8B1D1A3}.Debug MFC DLL.ActiveCfg = Debug|Win32
		{6A124F5D-D9D0-49E2-B771-6CB6B8B1D1A3}.Debug MFC DLL.Build.0 = Debug|Win32
		{6A124F5D-D9D0-49E2-B771-6CB6B8B1D1A3}.Final.ActiveCfg = Final|Win32
		{6A124F5D-D9D0-49E2-B771-6CB6B8B1D1A3}.Final.Build.0 = Final|Win32
		{6A124F5D-D9D0-49E2-B771-6CB6B8B1D1A3}.Final MFC DLL.ActiveCfg = Final|Win32
		{6A124F5D-D9D0-49E2-B771-6CB6B8B1D1A3}.Final MFC DLL.Build.0 = Final|Win32
		{6A124F5D-D9D0-49E2-B771-6CB6B8B1D1A3}.Release.ActiveCfg = Release|Win32
		{6A124F5D-D9D0-49E2-B771-6CB6B8B1D1A3}.Release.Build.0 = Release|Win32
		{6A124F5D-D9D0-49E2-B771-6CB6B8B1D1A3}.Release MFC DLL.ActiveCfg = Release|Win32
		{6A124F5D-D9D0-49E2-B771-6CB6B8B1D1A3}.Release MFC DLL.Build.0 = Release|Win32
		{03CB6BF6-A11E-4EB4-A657-A6F49DFF77E8}.Debug.ActiveCfg = Debug|Win32
		{03CB6BF6-A11E-4EB4-A657-A6F49DFF77E8}.Debug.Build.0 = Debug|Win32
		{03CB6BF6-A11E-4EB4-A657-A6F49DFF77E8}.Debug MFC DLL.ActiveCfg = Debug|Win32
		{03CB6BF6-A11E-4EB4-A657-A6F49DFF77E8}.Debug MFC DLL.Build.0 = Debug|Win32
		{03CB6BF6-A11E-4EB4-A657-A6F49DFF77E8}.Final.ActiveCfg = Final|Win32
		{03CB6BF6-A11E-4EB4-A657-A6F49DFF77E8}.Final.Build.0 = Final|Win32
		{03CB6BF6-A11E-4EB4-A657-A6F49DFF77E8}.Final MFC DLL.ActiveCfg = Final|Win32
		{03CB6BF6-A11E-4EB4-A657-A6F49DFF77E8}.Final MFC DLL.Build.0 = Final|Win32
		{03CB6BF6-A11E-4EB4-A657-A6F49DFF77E8}.Release.ActiveCfg = Release|Win32
		{03CB6BF6-A11E-4EB4-A657-A6F49DFF77E8}.Release.Build.0 = Release|Win32
		{03CB6BF6-A11E-4EB4-A657-A6F49DFF77E8}.Release MFC DLL.ActiveCfg = Release|Win32
		{03CB6BF6-A11E-4EB4-A657-A6F49DFF77E8}.Release MFC DLL.Build.0 = Release|Win32
		{018E8B44-4293-40EE-9B3F-7F8C57688251}.Debug.ActiveCfg = Debug|Win32
		{018E8B44-4293-40EE-9B3F-7F8C57688251}.Debug.Build.0 = Debug|Win32
		{018E8B44-4293-40EE-9B3F-7F8C57688251}.Debug MFC DLL.ActiveCfg = Debug|Win32
		{018E8B44-4293-40EE-9B3F-7F8C57688251}.Debug MFC DLL.Build.0 = Debug|Win32
		{018E8B44-4293-40EE-9B3F-7F8C57688251}.Final.ActiveCfg = Final|Win32
		{018E8B44-4293-40EE-9B3F-7F8C57688251}.Final.Build.0 = Final|Win32
		{018E8B44-4293-40EE-9B3F-7F8C57688251}.Final MFC DLL.ActiveCfg = Final|Win32
		{018E8B44-4293-40EE-9B3F-7F8C57688251}.Final MFC DLL.Build.0 = Final|Win32
		{018E8B44-4293-40EE-9B3F-7F8C57688251}.Release.ActiveCfg = Release|Win32
		{018E8B44-4293-40EE-9B3F-7F8C57688251}.Release.Build.0 = Release|Win32
		{018E8B44-4293-40EE-9B3F-7F8C57688251}.Release MFC DLL.ActiveCfg = Release|Win32
		{018E8B44-4293-40EE-9B3F-7F8C57688251}.Release MFC DLL.Build.0 = Release|Win32
		{718F7FCE-F855-4BE4-8E85-D4DAF492A15D}.Debug.ActiveCfg = Debug|Win32
		{718F7FCE-F855-4BE4-8E85-D4DAF492A15D}.Debug.Build.0 = Debug|Win32
		{718F7FCE-F855-4BE4-8E85-D4DAF492A15D}.Debug MFC DLL.ActiveCfg = Debug|Win32
		{718F7FCE-F855-4BE4-8E85-D4DAF492A15D}.Debug MFC DLL.Build.0 = Debug|Win32
		{718F7FCE-F855-4BE4-8E85-D4DAF492A15D}.Final.ActiveCfg = Final|Win32
		{718F7FCE-F855-4BE4-8E85-D4DAF492A15D}.Final.Build.0 = Final|Win32
		{718F7FCE-F855-4BE4-8E85-D4DAF492A15D}.Final MFC DLL.ActiveCfg = Final|Win32
		{718F7FCE-F855-4BE4-8E85-D4DAF492A15D}.Final MFC DLL.Build.0 = Final|Win32
		{718F7FCE-F855-4BE4-8E85-D4DAF492A15D}.Release.ActiveCfg = Release|Win32
		{718F7FCE-F855-4BE4-8E85-D4DAF492A15D}.Release.Build.0 = Release|Win32
		{718F7FCE-F855-4BE4-8E85-D4DAF492A15D}.Release MFC DLL.ActiveCfg = Release|Win32
		{718F7FCE-F855-4BE4-8E85-D4DAF492A15D}.Release MFC DLL.Build.0 = Release|Win32
		{60C8731A-316E-42C5-9B1C-DAF207F3698B}.Debug.ActiveCfg = Debug|Win32
		{60C8731A-316E-42C5-9B1C-DAF207F3698B}.Debug.Build.0 = Debug|Win32
		{60C8731A-316E-42C5-9B1C-DAF207F3698B}.Debug MFC DLL.ActiveCfg = Debug|Win32
		{60C8731A-316E-42C5-9B1C-DAF207F3698B}.Debug MFC DLL.Build.0 = Debug|Win32
		{60C8731A-316E-42C5-9B1C-DAF207F3698B}.Final.ActiveCfg = Release|Win32
		{60C8731A-316E-42C5-9B1C-DAF207F3698B}.Final.Build.0 = Release|Win32
		{60C8731A-316E-42C5-9B1C-DAF207F3698B}.Final MFC DLL.ActiveCfg = Release|Win32
		{60C8731A-316E-42C5-9B1C-DAF207F3698B}.Final MFC DLL.Build.0 = Release|Win32
		{60C8731A-316E-42C5-9B1C-DAF207F3698B}.Release.ActiveCfg = Release|Win32
		{60C8731A-316E-42C5-9B1C-DAF207F3698B}.Release.Build.0 = Release|Win32
		{60C8731A-316E-42C5-9B1C-DAF207F3698B}.Release MFC DLL.ActiveCfg = Release|Win32
		{60C8731A-316E-42C5-9B1C-DAF207F3698B}.Release MFC DLL.Build.0 = Release|Win32
		{784F6D25-4289-4460-B82D-83A59E81D53C}.Debug.ActiveCfg = Debug|Win32
		{784F6D25-4289-4460-B82D-83A59E81D53C}.Debug.Build.0 = Debug|Win32
		{784F6D25-4289-4460-B82D-83A59E81D53C}.Debug MFC DLL.ActiveCfg = Debug MFC DLL|Win32
		{784F6D25-4289-4460-B82D-83A59E81D53C}.Debug MFC DLL.Build.0 = Debug MFC DLL|Win32
		{784F6D25-4289-4460-B82D-83A59E81D53C}.Final.ActiveCfg = Release|Win32
		{784F6D25-4289-4460-B82D-83A59E81D53C}.Final.Build.0 = Release|Win32
		{784F6D25-4289-4460-B82D-83A59E81D53C}.Final MFC DLL.ActiveCfg = Release|Win32
		{784F6D25-4289-4460-B82D-83A59E81D53C}.Final MFC DLL.Build.0 = Release|Win32
		{784F6D25-4289-4460-B82D-83A59E81D53C}.Release.ActiveCfg = Release|Win32
		{784F6D25-4289-4460-B82D-83A59E81D53C}.Release.Build.0 = Release|Win32
		{784F6D25-4289-4460-B82D-83A59E81D53C}.Release MFC DLL.ActiveCfg = Release MFC DLL|Win32
		{784F6D25-4289-4460-B82D-83A59E81D53C}.Release MFC DLL.Build.0 = Release MFC DLL|Win32
		{4D71855A-6759-4D91-A3E5-C7B71A816477}.Debug.ActiveCfg = Debug|Win32
		{4D71855A-6759-4D91-A3E5-C7B71A816477}.Debug.Build.0 = Debug|Win32
		{4D71855A-6759-4D91-A3E5-C7B71A816477}.Debug MFC DLL.ActiveCfg = Debug MFC DLL|Win32
		{4D71855A-6759-4D91-A3E5-C7B71A816477}.Debug MFC DLL.Build.0 = Debug MFC DLL|Win32
		{4D71855A-6759-4D91-A3E5-C7B71A816477}.Final.ActiveCfg = Final|Win32
		{4D71855A-6759-4D91-A3E5-C7B71A816477}.Final.Build.0 = Final|Win32
		{4D71855A-6759-4D91-A3E5-C7B71A816477}.Final MFC DLL.ActiveCfg = Final MFC DLL|Win32
		{4D71855A-6759-4D91-A3E5-C7B71A816477}.Final MFC DLL.Build.0 = Final MFC DLL|Win32
		{4D71855A-6759-4D91-A3E5-C7B71A816477}.Release.ActiveCfg = Release|Win32
		{4D71855A-6759-4D91-A3E5-C7B71A816477}.Release.Build.0 = Release|Win32
		{4D71855A-6759-4D91-A3E5-C7B71A816477}.Release MFC DLL.ActiveCfg = Release MFC DLL|Win32
		{4D71855A-6759-4D91-A3E5-C7B71A816477}.Release MFC DLL.Build.0 = Release MFC DLL|Win32
		{CDF189C8-F63C-4B4B-9050-634535DA1A7D}.Debug.ActiveCfg = Debug|Win32
		{CDF189C8-F63C-4B4B-9050-634535DA1A7D}.Debug.Build.0 = Debug|Win32
		{CDF189C8-F63C-4B4B-9050-634535DA1A7D}.Debug MFC DLL.ActiveCfg = Debug MFC DLL|Win32
		{CDF189C8-F63C-4B4B-9050-634535DA1A7D}.Debug MFC DLL.Build.0 = Debug MFC DLL|Win32
		{CDF189C8-F63C-4B4B-9050-634535DA1A7D}.Final.ActiveCfg = Final|Win32
		{CDF189C8-F63C-4B4B-9050-634535DA1A7D}.Final.Build.0 = Final|Win32
		{CDF189C8-F63C-4B4B-9050-634535DA1A7D}.Final MFC DLL.ActiveCfg = Final MFC DLL|Win32
		{CDF189C8-F63C-4B4B-9050-634535DA1A7D}.Final MFC DLL.Build.0 = Final MFC DLL|Win32
		{CDF189C8-F63C-4B4B-9050-634535DA1A7D}.Release.ActiveCfg = Release|Win32
		{CDF189C8-F63C-4B4B-9050-634535DA1A7D}.Release.Build.0 = Release|Win32
		{CDF189C8-F63C-4B4B-9050-634535DA1A7D}.Release MFC DLL.ActiveCfg = Release MFC DLL|Win32
		{CDF189C8-F63C-4B4B-9050-634535DA1A7D}.Release MFC DLL.Build.0 = Release MFC DLL|Win32
		{A0BA00E5-D661-49B6-B1F0-C595185CF954}.Debug.ActiveCfg = Debug|Win32
		{A0BA00E5-D661-49B6-B1F0-C595185CF954}.Debug.Build.0 = Debug|Win32
		{A0BA00E5-D661-49B6-B1F0-C595185CF954}.Debug MFC DLL.ActiveCfg = Debug|Win32
		{A0BA00E5-D661-49B6-B1F0-C595185CF954}.Debug MFC DLL.Build.0 = Debug|Win32
		{A0BA00E5-D661-49B6-B1F0-C595185CF954}.Final.ActiveCfg = Final|Win32
		{A0BA00E5-D661-49B6-B1F0-C595185CF954}.Final.Build.0 = Final|Win32
		{A0BA00E5-D661-49B6-B1F0-C595185CF954}.Final MFC DLL.ActiveCfg = Final|Win32
		{A0BA00E5-D661-49B6-B1F0-C595185CF954}.Final MFC DLL.Build.0 = Final|Win32
		{A0BA00E5-D661-49B6-B1F0-C595185CF954}.Release.ActiveCfg = Release|Win32
		{A0BA00E5-D661-49B6-B1F0-C595185CF954}.Release.Build.0 = Release|Win32
		{A0BA00E5-D661-49B6-B1F0-C595185CF954}.Release MFC DLL.ActiveCfg = Release|Win32
		{A0BA00E5-D661-49B6-B1F0-C595185CF954}.Release MFC DLL.Build.0 = Release|Win32
		{9E7F7E8A-846B-4E67-BCCF-5888CF4BFB0C}.Debug.ActiveCfg = Debug|Win32
		{9E7F7E8A-846B-4E67-BCCF-5888CF4BFB0C}.Debug.Build.0 = Debug|Win32
		{9E7F7E8A-846B-4E67-BCCF-5888CF4BFB0C}.Debug MFC DLL.ActiveCfg = Debug|Win32
		{9E7F7E8A-846B-4E67-BCCF-5888CF4BFB0C}.Debug MFC DLL.Build.0 = Debug|Win32
		{9E7F7E8A-846B-4E67-BCCF-5888CF4BFB0C}.Final.ActiveCfg = Final|Win32
		{9E7F7E8A-846B-4E67-BCCF-5888CF4BFB0C}.Final.Build.0 = Final|Win32
		{9E7F7E8A-846B-4E67-BCCF-5888CF4BFB0C}.Final MFC DLL.ActiveCfg = Release|Win32
		{9E7F7E8A-846B-4E67-BCCF-5888CF4BFB0C}.Final MFC DLL.Build.0 = Release|Win32
		{9E7F7E8A-846B-4E67-BCCF-5888CF4BFB0C}.Release.ActiveCfg = Release|Win32
		{9E7F7E8A-846B-4E67-BCCF-5888CF4BFB0C}.Release.Build.0 = Release|Win32
		{9E7F7E8A-846B-4E67-BCCF-5888CF4BFB0C}.Release MFC DLL.ActiveCfg = Release|Win32
		{9E7F7E8A-846B-4E67-BCCF-5888CF4BFB0C}.Release MFC DLL.Build.0 = Release|Win32
	EndGlobalSection
	GlobalSection(ExtensibilityGlobals) = postSolution
	EndGlobalSection
	GlobalSection(ExtensibilityAddIns) = postSolution
	EndGlobalSection
EndGlobal
