<?xml version="1.0" encoding="utf-8"?>
<Project ToolsVersion="4.0" xmlns="http://schemas.microsoft.com/developer/msbuild/2003">
  <ItemGroup>
    <Filter Include="Source Files">
      <UniqueIdentifier>{eb2da63c-f413-42e0-b145-b3093f8618ad}</UniqueIdentifier>
      <Extensions>cpp;c;cxx;rc;def;r;odl;idl;hpj;bat</Extensions>
    </Filter>
    <Filter Include="Header Files">
      <UniqueIdentifier>{7958cb09-1c25-42bb-a7e6-8baa4090efc2}</UniqueIdentifier>
      <Extensions>h;hpp;hxx;hm;inl</Extensions>
    </Filter>
  </ItemGroup>
  <ItemGroup>
    <ClCompile Include="ltmem.cpp">
      <Filter>Source Files</Filter>
    </ClCompile>
    <ClCompile Include="ltmemdebug.cpp">
      <Filter>Source Files</Filter>
    </ClCompile>
    <ClCompile Include="ltmemheap.cpp">
      <Filter>Source Files</Filter>
    </ClCompile>
    <ClCompile Include="ltmemstats.cpp">
      <Filter>Source Files</Filter>
    </ClCompile>
    <ClCompile Include="ltmemtrack.cpp">
      <Filter>Source Files</Filter>
    </ClCompile>
    <ClCompile Include="StdAfx.cpp">
      <Filter>Source Files</Filter>
    </ClCompile>
  </ItemGroup>
  <ItemGroup>
    <ClInclude Include="generalheap.h">
      <Filter>Header Files</Filter>
    </ClInclude>
    <ClInclude Include="generalheapgroup.h">
      <Filter>Header Files</Filter>
    </ClInclude>
    <ClInclude Include="lilfixedheap.h">
      <Filter>Header Files</Filter>
    </ClInclude>
    <ClInclude Include="lilfixedheapgroup.h">
      <Filter>Header Files</Filter>
    </ClInclude>
    <ClInclude Include="..\..\sdk\inc\ltmem.h">
      <Filter>Header Files</Filter>
    </ClInclude>
    <ClInclude Include="ltmemdebug.h">
      <Filter>Header Files</Filter>
    </ClInclude>
    <ClInclude Include="ltmemheap.h">
      <Filter>Header Files</Filter>
    </ClInclude>
    <ClInclude Include="ltmemtrack.h">
      <Filter>Header Files</Filter>
    </ClInclude>
    <ClInclude Include="StdAfx.h">
      <Filter>Header Files</Filter>
    </ClInclude>
  </ItemGroup>
  <ItemGroup>
    <Text Include="Readme.txt" />
  </ItemGroup>
</Project>